
Microsoft Visual Studio Solution File, Format Version 12.00
# Visual Studio Version 16
VisualStudioVersion = 16.0.29418.71
MinimumVisualStudioVersion = 10.0.40219.1
Project("{FAE04EC0-301F-11D3-BF4B-00C04F79EFBC}") = "Lesson_01.Exp_01", "Lesson_01\Lesson_01.Exp_01\Lesson_01.Exp_01.csproj", "{BDA32A96-7B37-4706-9ED8-5ABC2DAC54D8}"
EndProject
Project("{2150E333-8FDC-42A3-9474-1A3956D46DE8}") = "Lesson 01", "Lesson 01", "{4D96CB14-165A-4972-B0FE-ACEB4ED5B716}"
	ProjectSection(SolutionItems) = preProject
		Lesson_01.ReadMe.txt = Lesson_01.ReadMe.txt
	EndProjectSection
EndProject
Project("{FAE04EC0-301F-11D3-BF4B-00C04F79EFBC}") = "Lesson_01.Exp_02", "Lesson_01\Lesson_01.Exp_02\Lesson_01.Exp_02.csproj", "{5616876C-3B39-41E2-A118-9CC27E6267F6}"
EndProject
Project("{FAE04EC0-301F-11D3-BF4B-00C04F79EFBC}") = "Lesson_01.Exp_03", "Lesson_01\Lesson_01.Exp_03\Lesson_01.Exp_03.csproj", "{10AFFFF0-4700-4D0A-B32C-E40CE67C458B}"
EndProject
Project("{FAE04EC0-301F-11D3-BF4B-00C04F79EFBC}") = "Lesson_01.Exp_04", "Lesson_01\Lesson_01.Exp_04\Lesson_01.Exp_04.csproj", "{5DF7E56E-0638-4241-9957-3340287EF072}"
EndProject
Project("{FAE04EC0-301F-11D3-BF4B-00C04F79EFBC}") = "Lesson_01.Exp_05", "Lesson_01\Lesson_01.Exp_05\Lesson_01.Exp_05.csproj", "{57F4F46A-7D87-4BF6-AC1A-2D00FF9F62E5}"
EndProject
Project("{FAE04EC0-301F-11D3-BF4B-00C04F79EFBC}") = "Lesson_01.Exp_06", "Lesson_01\Lesson_01.Exp_06\Lesson_01.Exp_06.csproj", "{6425C642-536F-41F8-8D82-B269ACD0B673}"
EndProject
Project("{FAE04EC0-301F-11D3-BF4B-00C04F79EFBC}") = "Lesson_01.Exp_07", "Lesson_01\Lesson_01.Exp_07\Lesson_01.Exp_07.csproj", "{54D86C07-1FDB-4C70-B3D5-020298BD1AB1}"
EndProject
Project("{FAE04EC0-301F-11D3-BF4B-00C04F79EFBC}") = "Lesson_01.Exp_08", "Lesson_01\Lesson_01.Exp_08\Lesson_01.Exp_08.csproj", "{85F44CE6-F4D3-4E55-BA29-53C5DF691359}"
EndProject
Project("{FAE04EC0-301F-11D3-BF4B-00C04F79EFBC}") = "Lesson_01.Exp_09", "Lesson_01.Exp_09\Lesson_01.Exp_09.csproj", "{3DF4AB88-9CE7-4BA1-B8BF-738013FA111F}"
EndProject
Project("{FAE04EC0-301F-11D3-BF4B-00C04F79EFBC}") = "Lesson_01.Exp_10", "Lesson_01\Lesson_01.Exp_10\Lesson_01.Exp_10.csproj", "{FDEAF35E-FD92-49B4-BA81-2C90528A6AE0}"
EndProject
Project("{2150E333-8FDC-42A3-9474-1A3956D46DE8}") = "Lesson 02", "Lesson 02", "{7FDBD813-5885-4853-89AE-E3A6D5CED1CB}"
	ProjectSection(SolutionItems) = preProject
		Lesson_02.ReadMe.txt = Lesson_02.ReadMe.txt
	EndProjectSection
EndProject
Project("{FAE04EC0-301F-11D3-BF4B-00C04F79EFBC}") = "Lesson_02.Exp_01", "Lesson_02\Lesson_02.Exp_01\Lesson_02.Exp_01.csproj", "{9D2963D0-F5A8-4080-B8AB-E6E9F2EC13E4}"
EndProject
Project("{FAE04EC0-301F-11D3-BF4B-00C04F79EFBC}") = "Lesson_02.Exp_02", "Lesson_02\Lesson_02.Exp_02\Lesson_02.Exp_02.csproj", "{F17265DB-E9E2-49C4-8810-9119BB98164D}"
EndProject
Project("{FAE04EC0-301F-11D3-BF4B-00C04F79EFBC}") = "Lesson_02.Exp_03", "Lesson_02\Lesson_02.Exp_03\Lesson_02.Exp_03.csproj", "{2480F181-479C-4531-AADA-EC79D4FC00F7}"
EndProject
Project("{FAE04EC0-301F-11D3-BF4B-00C04F79EFBC}") = "Lesson_02.Exp_04", "Lesson_02\Lesson_02.Exp_04\Lesson_02.Exp_04.csproj", "{0F4F3A15-6DB0-4461-9390-98F64A045671}"
EndProject
Project("{FAE04EC0-301F-11D3-BF4B-00C04F79EFBC}") = "Lesson_02.Exp_05", "Lesson_02\Lesson_02.Exp_05\Lesson_02.Exp_05.csproj", "{BE555946-AF35-4F0F-8BC6-8CF4355D2056}"
EndProject
Project("{FAE04EC0-301F-11D3-BF4B-00C04F79EFBC}") = "Lesson_02.Exp_06", "Lesson_02\Lesson_02.Exp_06\Lesson_02.Exp_06.csproj", "{10157F24-6FAB-4429-BC64-711D70925B61}"
EndProject
Project("{FAE04EC0-301F-11D3-BF4B-00C04F79EFBC}") = "Lesson_02.Exp_07", "Lesson_02\Lesson_02.Exp_07\Lesson_02.Exp_07.csproj", "{EB9B33CF-3833-482B-9B3C-5787E51F3218}"
EndProject
Project("{FAE04EC0-301F-11D3-BF4B-00C04F79EFBC}") = "Lesson_02.Exp_08", "Lesson_02\Lesson_02.Exp_08\Lesson_02.Exp_08.csproj", "{CD5695C5-0EAA-46B2-B4A1-9C987A20A692}"
EndProject
Project("{FAE04EC0-301F-11D3-BF4B-00C04F79EFBC}") = "Lesson_02.Exp_09", "Lesson_02\Lesson_02.Exp_09\Lesson_02.Exp_09.csproj", "{F8A86EA8-5CF4-4088-B624-FC90D39FC9D6}"
EndProject
Project("{FAE04EC0-301F-11D3-BF4B-00C04F79EFBC}") = "Lesson_02.Exp_10", "Lesson_02\Lesson_02.Exp_10\Lesson_02.Exp_10.csproj", "{AB99DCA0-F816-4C75-B181-E23D94C9206B}"
EndProject
Project("{FAE04EC0-301F-11D3-BF4B-00C04F79EFBC}") = "Lesson_02.Exp_11", "Lesson_02\Lesson_02.Exp_11\Lesson_02.Exp_11.csproj", "{2781D74F-8840-4E02-84BF-C9C722DE7E4B}"
EndProject
Project("{FAE04EC0-301F-11D3-BF4B-00C04F79EFBC}") = "Lesson_02.Exp_12", "Lesson_02\Lesson_02.Exp_12\Lesson_02.Exp_12.csproj", "{09DCC6BC-EED5-4932-8FAE-DAD664B9CFF7}"
EndProject
Project("{FAE04EC0-301F-11D3-BF4B-00C04F79EFBC}") = "Lesson_02.Exp_13", "Lesson_02\Lesson_02.Exp_13\Lesson_02.Exp_13.csproj", "{8BC8B42F-13A0-43EA-A7AE-9FDDEF7F8289}"
EndProject
Project("{FAE04EC0-301F-11D3-BF4B-00C04F79EFBC}") = "Lesson_02.Exp_14", "Lesson_02\Lesson_02.Exp_14\Lesson_02.Exp_14.csproj", "{9467D21D-A03E-4CA1-B818-DDE9B4DD7820}"
EndProject
Project("{FAE04EC0-301F-11D3-BF4B-00C04F79EFBC}") = "Lesson_02.Exp_16", "Lesson_02\Lesson_02.Exp_16\Lesson_02.Exp_16.csproj", "{25E3C598-BAF8-4154-8C03-3830E2B62944}"
EndProject
Project("{FAE04EC0-301F-11D3-BF4B-00C04F79EFBC}") = "Lesson_02.Exp_15", "Lesson_02\Lesson_02.Exp_15\Lesson_02.Exp_15.csproj", "{BACF95A9-8F90-42B2-B82B-5BE49658B794}"
EndProject
Project("{FAE04EC0-301F-11D3-BF4B-00C04F79EFBC}") = "Lesson_02.Exp_17", "Lesson_02\Lesson_02.Exp_17\Lesson_02.Exp_17.csproj", "{5A1F6D15-0F27-429E-A393-F88F17F1397C}"
EndProject
Project("{FAE04EC0-301F-11D3-BF4B-00C04F79EFBC}") = "Lesson_02.Exp_18", "Lesson_02\Lesson_02.Exp_18\Lesson_02.Exp_18.csproj", "{C2A9308B-FB34-44F3-B5A8-CFAFA901AA67}"
EndProject
Project("{FAE04EC0-301F-11D3-BF4B-00C04F79EFBC}") = "Lesson_02.Exp_19", "Lesson_02\Lesson_02.Exp_19\Lesson_02.Exp_19.csproj", "{E05E70AB-3231-4DDC-BBD4-13CA376D9173}"
EndProject
Project("{FAE04EC0-301F-11D3-BF4B-00C04F79EFBC}") = "Lesson_02.Exp_20", "Lesson_02\Lesson_02.Exp_20\Lesson_02.Exp_20.csproj", "{5E110D08-B2EF-4EE5-B170-0D46D7ED590E}"
EndProject
Project("{FAE04EC0-301F-11D3-BF4B-00C04F79EFBC}") = "Lesson_02.Exp_21", "Lesson_02\Lesson_02.Exp_21\Lesson_02.Exp_21.csproj", "{5FD7BB5C-3F58-4084-88BE-19A9C3609D91}"
EndProject
Project("{FAE04EC0-301F-11D3-BF4B-00C04F79EFBC}") = "Lesson_02.Exp_22", "Lesson_02\Lesson_02.Exp_22\Lesson_02.Exp_22.csproj", "{41D0693F-2F26-4061-923F-0727FCAE67A0}"
EndProject
Project("{FAE04EC0-301F-11D3-BF4B-00C04F79EFBC}") = "Lesson_02.Exp_23", "Lesson_02\Lesson_02.Exp_23\Lesson_02.Exp_23.csproj", "{FE768091-38F9-4924-BB9B-9CB8F489AD9E}"
EndProject
Project("{FAE04EC0-301F-11D3-BF4B-00C04F79EFBC}") = "Lesson_02.Exp_24", "Lesson_02\Lesson_02.Exp_24\Lesson_02.Exp_24.csproj", "{D2B77C53-69E8-4FEC-BACE-F2DEB05BD7C8}"
EndProject
Project("{FAE04EC0-301F-11D3-BF4B-00C04F79EFBC}") = "Lesson_02.Exp_25", "Lesson_02\Lesson_02.Exp_25\Lesson_02.Exp_25.csproj", "{CA39755B-32BA-4451-BAAF-55523D337502}"
EndProject
Project("{FAE04EC0-301F-11D3-BF4B-00C04F79EFBC}") = "Lesson_02.Exp_26", "Lesson_02\Lesson_02.Exp_26\Lesson_02.Exp_26.csproj", "{38A28560-123C-4E3E-9258-31F81389ADE0}"
EndProject
Project("{9A19103F-16F7-4668-BE54-9A1E7A4F7556}") = "MyLib", "..\..\MyLib\MyLib.csproj", "{55570D4D-D7C2-4139-8406-8E19F4BF3710}"
EndProject
Global
	GlobalSection(SolutionConfigurationPlatforms) = preSolution
		Debug|Any CPU = Debug|Any CPU
		Release|Any CPU = Release|Any CPU
	EndGlobalSection
	GlobalSection(ProjectConfigurationPlatforms) = postSolution
		{BDA32A96-7B37-4706-9ED8-5ABC2DAC54D8}.Debug|Any CPU.ActiveCfg = Debug|Any CPU
		{BDA32A96-7B37-4706-9ED8-5ABC2DAC54D8}.Debug|Any CPU.Build.0 = Debug|Any CPU
		{BDA32A96-7B37-4706-9ED8-5ABC2DAC54D8}.Release|Any CPU.ActiveCfg = Release|Any CPU
		{BDA32A96-7B37-4706-9ED8-5ABC2DAC54D8}.Release|Any CPU.Build.0 = Release|Any CPU
		{5616876C-3B39-41E2-A118-9CC27E6267F6}.Debug|Any CPU.ActiveCfg = Debug|Any CPU
		{5616876C-3B39-41E2-A118-9CC27E6267F6}.Debug|Any CPU.Build.0 = Debug|Any CPU
		{5616876C-3B39-41E2-A118-9CC27E6267F6}.Release|Any CPU.ActiveCfg = Release|Any CPU
		{5616876C-3B39-41E2-A118-9CC27E6267F6}.Release|Any CPU.Build.0 = Release|Any CPU
		{10AFFFF0-4700-4D0A-B32C-E40CE67C458B}.Debug|Any CPU.ActiveCfg = Debug|Any CPU
		{10AFFFF0-4700-4D0A-B32C-E40CE67C458B}.Debug|Any CPU.Build.0 = Debug|Any CPU
		{10AFFFF0-4700-4D0A-B32C-E40CE67C458B}.Release|Any CPU.ActiveCfg = Release|Any CPU
		{10AFFFF0-4700-4D0A-B32C-E40CE67C458B}.Release|Any CPU.Build.0 = Release|Any CPU
		{5DF7E56E-0638-4241-9957-3340287EF072}.Debug|Any CPU.ActiveCfg = Debug|Any CPU
		{5DF7E56E-0638-4241-9957-3340287EF072}.Debug|Any CPU.Build.0 = Debug|Any CPU
		{5DF7E56E-0638-4241-9957-3340287EF072}.Release|Any CPU.ActiveCfg = Release|Any CPU
		{5DF7E56E-0638-4241-9957-3340287EF072}.Release|Any CPU.Build.0 = Release|Any CPU
		{57F4F46A-7D87-4BF6-AC1A-2D00FF9F62E5}.Debug|Any CPU.ActiveCfg = Debug|Any CPU
		{57F4F46A-7D87-4BF6-AC1A-2D00FF9F62E5}.Debug|Any CPU.Build.0 = Debug|Any CPU
		{57F4F46A-7D87-4BF6-AC1A-2D00FF9F62E5}.Release|Any CPU.ActiveCfg = Release|Any CPU
		{57F4F46A-7D87-4BF6-AC1A-2D00FF9F62E5}.Release|Any CPU.Build.0 = Release|Any CPU
		{6425C642-536F-41F8-8D82-B269ACD0B673}.Debug|Any CPU.ActiveCfg = Debug|Any CPU
		{6425C642-536F-41F8-8D82-B269ACD0B673}.Debug|Any CPU.Build.0 = Debug|Any CPU
		{6425C642-536F-41F8-8D82-B269ACD0B673}.Release|Any CPU.ActiveCfg = Release|Any CPU
		{6425C642-536F-41F8-8D82-B269ACD0B673}.Release|Any CPU.Build.0 = Release|Any CPU
		{54D86C07-1FDB-4C70-B3D5-020298BD1AB1}.Debug|Any CPU.ActiveCfg = Debug|Any CPU
		{54D86C07-1FDB-4C70-B3D5-020298BD1AB1}.Debug|Any CPU.Build.0 = Debug|Any CPU
		{54D86C07-1FDB-4C70-B3D5-020298BD1AB1}.Release|Any CPU.ActiveCfg = Release|Any CPU
		{54D86C07-1FDB-4C70-B3D5-020298BD1AB1}.Release|Any CPU.Build.0 = Release|Any CPU
		{85F44CE6-F4D3-4E55-BA29-53C5DF691359}.Debug|Any CPU.ActiveCfg = Debug|Any CPU
		{85F44CE6-F4D3-4E55-BA29-53C5DF691359}.Debug|Any CPU.Build.0 = Debug|Any CPU
		{85F44CE6-F4D3-4E55-BA29-53C5DF691359}.Release|Any CPU.ActiveCfg = Release|Any CPU
		{85F44CE6-F4D3-4E55-BA29-53C5DF691359}.Release|Any CPU.Build.0 = Release|Any CPU
		{3DF4AB88-9CE7-4BA1-B8BF-738013FA111F}.Debug|Any CPU.ActiveCfg = Debug|Any CPU
		{3DF4AB88-9CE7-4BA1-B8BF-738013FA111F}.Debug|Any CPU.Build.0 = Debug|Any CPU
		{3DF4AB88-9CE7-4BA1-B8BF-738013FA111F}.Release|Any CPU.ActiveCfg = Release|Any CPU
		{3DF4AB88-9CE7-4BA1-B8BF-738013FA111F}.Release|Any CPU.Build.0 = Release|Any CPU
		{FDEAF35E-FD92-49B4-BA81-2C90528A6AE0}.Debug|Any CPU.ActiveCfg = Debug|Any CPU
		{FDEAF35E-FD92-49B4-BA81-2C90528A6AE0}.Debug|Any CPU.Build.0 = Debug|Any CPU
		{FDEAF35E-FD92-49B4-BA81-2C90528A6AE0}.Release|Any CPU.ActiveCfg = Release|Any CPU
		{FDEAF35E-FD92-49B4-BA81-2C90528A6AE0}.Release|Any CPU.Build.0 = Release|Any CPU
		{9D2963D0-F5A8-4080-B8AB-E6E9F2EC13E4}.Debug|Any CPU.ActiveCfg = Debug|Any CPU
		{9D2963D0-F5A8-4080-B8AB-E6E9F2EC13E4}.Debug|Any CPU.Build.0 = Debug|Any CPU
		{9D2963D0-F5A8-4080-B8AB-E6E9F2EC13E4}.Release|Any CPU.ActiveCfg = Release|Any CPU
		{9D2963D0-F5A8-4080-B8AB-E6E9F2EC13E4}.Release|Any CPU.Build.0 = Release|Any CPU
		{F17265DB-E9E2-49C4-8810-9119BB98164D}.Debug|Any CPU.ActiveCfg = Debug|Any CPU
		{F17265DB-E9E2-49C4-8810-9119BB98164D}.Debug|Any CPU.Build.0 = Debug|Any CPU
		{F17265DB-E9E2-49C4-8810-9119BB98164D}.Release|Any CPU.ActiveCfg = Release|Any CPU
		{F17265DB-E9E2-49C4-8810-9119BB98164D}.Release|Any CPU.Build.0 = Release|Any CPU
		{2480F181-479C-4531-AADA-EC79D4FC00F7}.Debug|Any CPU.ActiveCfg = Debug|Any CPU
		{2480F181-479C-4531-AADA-EC79D4FC00F7}.Debug|Any CPU.Build.0 = Debug|Any CPU
		{2480F181-479C-4531-AADA-EC79D4FC00F7}.Release|Any CPU.ActiveCfg = Release|Any CPU
		{2480F181-479C-4531-AADA-EC79D4FC00F7}.Release|Any CPU.Build.0 = Release|Any CPU
		{0F4F3A15-6DB0-4461-9390-98F64A045671}.Debug|Any CPU.ActiveCfg = Debug|Any CPU
		{0F4F3A15-6DB0-4461-9390-98F64A045671}.Debug|Any CPU.Build.0 = Debug|Any CPU
		{0F4F3A15-6DB0-4461-9390-98F64A045671}.Release|Any CPU.ActiveCfg = Release|Any CPU
		{0F4F3A15-6DB0-4461-9390-98F64A045671}.Release|Any CPU.Build.0 = Release|Any CPU
		{BE555946-AF35-4F0F-8BC6-8CF4355D2056}.Debug|Any CPU.ActiveCfg = Debug|Any CPU
		{BE555946-AF35-4F0F-8BC6-8CF4355D2056}.Debug|Any CPU.Build.0 = Debug|Any CPU
		{BE555946-AF35-4F0F-8BC6-8CF4355D2056}.Release|Any CPU.ActiveCfg = Release|Any CPU
		{BE555946-AF35-4F0F-8BC6-8CF4355D2056}.Release|Any CPU.Build.0 = Release|Any CPU
		{10157F24-6FAB-4429-BC64-711D70925B61}.Debug|Any CPU.ActiveCfg = Debug|Any CPU
		{10157F24-6FAB-4429-BC64-711D70925B61}.Debug|Any CPU.Build.0 = Debug|Any CPU
		{10157F24-6FAB-4429-BC64-711D70925B61}.Release|Any CPU.ActiveCfg = Release|Any CPU
		{10157F24-6FAB-4429-BC64-711D70925B61}.Release|Any CPU.Build.0 = Release|Any CPU
		{EB9B33CF-3833-482B-9B3C-5787E51F3218}.Debug|Any CPU.ActiveCfg = Debug|Any CPU
		{EB9B33CF-3833-482B-9B3C-5787E51F3218}.Debug|Any CPU.Build.0 = Debug|Any CPU
		{EB9B33CF-3833-482B-9B3C-5787E51F3218}.Release|Any CPU.ActiveCfg = Release|Any CPU
		{EB9B33CF-3833-482B-9B3C-5787E51F3218}.Release|Any CPU.Build.0 = Release|Any CPU
		{CD5695C5-0EAA-46B2-B4A1-9C987A20A692}.Debug|Any CPU.ActiveCfg = Debug|Any CPU
		{CD5695C5-0EAA-46B2-B4A1-9C987A20A692}.Debug|Any CPU.Build.0 = Debug|Any CPU
		{CD5695C5-0EAA-46B2-B4A1-9C987A20A692}.Release|Any CPU.ActiveCfg = Release|Any CPU
		{CD5695C5-0EAA-46B2-B4A1-9C987A20A692}.Release|Any CPU.Build.0 = Release|Any CPU
		{F8A86EA8-5CF4-4088-B624-FC90D39FC9D6}.Debug|Any CPU.ActiveCfg = Debug|Any CPU
		{F8A86EA8-5CF4-4088-B624-FC90D39FC9D6}.Debug|Any CPU.Build.0 = Debug|Any CPU
		{F8A86EA8-5CF4-4088-B624-FC90D39FC9D6}.Release|Any CPU.ActiveCfg = Release|Any CPU
		{F8A86EA8-5CF4-4088-B624-FC90D39FC9D6}.Release|Any CPU.Build.0 = Release|Any CPU
		{AB99DCA0-F816-4C75-B181-E23D94C9206B}.Debug|Any CPU.ActiveCfg = Debug|Any CPU
		{AB99DCA0-F816-4C75-B181-E23D94C9206B}.Debug|Any CPU.Build.0 = Debug|Any CPU
		{AB99DCA0-F816-4C75-B181-E23D94C9206B}.Release|Any CPU.ActiveCfg = Release|Any CPU
		{AB99DCA0-F816-4C75-B181-E23D94C9206B}.Release|Any CPU.Build.0 = Release|Any CPU
		{2781D74F-8840-4E02-84BF-C9C722DE7E4B}.Debug|Any CPU.ActiveCfg = Debug|Any CPU
		{2781D74F-8840-4E02-84BF-C9C722DE7E4B}.Debug|Any CPU.Build.0 = Debug|Any CPU
		{2781D74F-8840-4E02-84BF-C9C722DE7E4B}.Release|Any CPU.ActiveCfg = Release|Any CPU
		{2781D74F-8840-4E02-84BF-C9C722DE7E4B}.Release|Any CPU.Build.0 = Release|Any CPU
		{09DCC6BC-EED5-4932-8FAE-DAD664B9CFF7}.Debug|Any CPU.ActiveCfg = Debug|Any CPU
		{09DCC6BC-EED5-4932-8FAE-DAD664B9CFF7}.Debug|Any CPU.Build.0 = Debug|Any CPU
		{09DCC6BC-EED5-4932-8FAE-DAD664B9CFF7}.Release|Any CPU.ActiveCfg = Release|Any CPU
		{09DCC6BC-EED5-4932-8FAE-DAD664B9CFF7}.Release|Any CPU.Build.0 = Release|Any CPU
		{8BC8B42F-13A0-43EA-A7AE-9FDDEF7F8289}.Debug|Any CPU.ActiveCfg = Debug|Any CPU
		{8BC8B42F-13A0-43EA-A7AE-9FDDEF7F8289}.Debug|Any CPU.Build.0 = Debug|Any CPU
		{8BC8B42F-13A0-43EA-A7AE-9FDDEF7F8289}.Release|Any CPU.ActiveCfg = Release|Any CPU
		{8BC8B42F-13A0-43EA-A7AE-9FDDEF7F8289}.Release|Any CPU.Build.0 = Release|Any CPU
		{9467D21D-A03E-4CA1-B818-DDE9B4DD7820}.Debug|Any CPU.ActiveCfg = Debug|Any CPU
		{9467D21D-A03E-4CA1-B818-DDE9B4DD7820}.Debug|Any CPU.Build.0 = Debug|Any CPU
		{9467D21D-A03E-4CA1-B818-DDE9B4DD7820}.Release|Any CPU.ActiveCfg = Release|Any CPU
		{9467D21D-A03E-4CA1-B818-DDE9B4DD7820}.Release|Any CPU.Build.0 = Release|Any CPU
		{25E3C598-BAF8-4154-8C03-3830E2B62944}.Debug|Any CPU.ActiveCfg = Debug|Any CPU
		{25E3C598-BAF8-4154-8C03-3830E2B62944}.Debug|Any CPU.Build.0 = Debug|Any CPU
		{25E3C598-BAF8-4154-8C03-3830E2B62944}.Release|Any CPU.ActiveCfg = Release|Any CPU
		{25E3C598-BAF8-4154-8C03-3830E2B62944}.Release|Any CPU.Build.0 = Release|Any CPU
		{BACF95A9-8F90-42B2-B82B-5BE49658B794}.Debug|Any CPU.ActiveCfg = Debug|Any CPU
		{BACF95A9-8F90-42B2-B82B-5BE49658B794}.Debug|Any CPU.Build.0 = Debug|Any CPU
		{BACF95A9-8F90-42B2-B82B-5BE49658B794}.Release|Any CPU.ActiveCfg = Release|Any CPU
		{BACF95A9-8F90-42B2-B82B-5BE49658B794}.Release|Any CPU.Build.0 = Release|Any CPU
		{5A1F6D15-0F27-429E-A393-F88F17F1397C}.Debug|Any CPU.ActiveCfg = Debug|Any CPU
		{5A1F6D15-0F27-429E-A393-F88F17F1397C}.Debug|Any CPU.Build.0 = Debug|Any CPU
		{5A1F6D15-0F27-429E-A393-F88F17F1397C}.Release|Any CPU.ActiveCfg = Release|Any CPU
		{5A1F6D15-0F27-429E-A393-F88F17F1397C}.Release|Any CPU.Build.0 = Release|Any CPU
		{C2A9308B-FB34-44F3-B5A8-CFAFA901AA67}.Debug|Any CPU.ActiveCfg = Debug|Any CPU
		{C2A9308B-FB34-44F3-B5A8-CFAFA901AA67}.Debug|Any CPU.Build.0 = Debug|Any CPU
		{C2A9308B-FB34-44F3-B5A8-CFAFA901AA67}.Release|Any CPU.ActiveCfg = Release|Any CPU
		{C2A9308B-FB34-44F3-B5A8-CFAFA901AA67}.Release|Any CPU.Build.0 = Release|Any CPU
		{E05E70AB-3231-4DDC-BBD4-13CA376D9173}.Debug|Any CPU.ActiveCfg = Debug|Any CPU
		{E05E70AB-3231-4DDC-BBD4-13CA376D9173}.Debug|Any CPU.Build.0 = Debug|Any CPU
		{E05E70AB-3231-4DDC-BBD4-13CA376D9173}.Release|Any CPU.ActiveCfg = Release|Any CPU
		{E05E70AB-3231-4DDC-BBD4-13CA376D9173}.Release|Any CPU.Build.0 = Release|Any CPU
		{5E110D08-B2EF-4EE5-B170-0D46D7ED590E}.Debug|Any CPU.ActiveCfg = Debug|Any CPU
		{5E110D08-B2EF-4EE5-B170-0D46D7ED590E}.Debug|Any CPU.Build.0 = Debug|Any CPU
		{5E110D08-B2EF-4EE5-B170-0D46D7ED590E}.Release|Any CPU.ActiveCfg = Release|Any CPU
		{5E110D08-B2EF-4EE5-B170-0D46D7ED590E}.Release|Any CPU.Build.0 = Release|Any CPU
		{5FD7BB5C-3F58-4084-88BE-19A9C3609D91}.Debug|Any CPU.ActiveCfg = Debug|Any CPU
		{5FD7BB5C-3F58-4084-88BE-19A9C3609D91}.Debug|Any CPU.Build.0 = Debug|Any CPU
		{5FD7BB5C-3F58-4084-88BE-19A9C3609D91}.Release|Any CPU.ActiveCfg = Release|Any CPU
		{5FD7BB5C-3F58-4084-88BE-19A9C3609D91}.Release|Any CPU.Build.0 = Release|Any CPU
		{41D0693F-2F26-4061-923F-0727FCAE67A0}.Debug|Any CPU.ActiveCfg = Debug|Any CPU
		{41D0693F-2F26-4061-923F-0727FCAE67A0}.Debug|Any CPU.Build.0 = Debug|Any CPU
		{41D0693F-2F26-4061-923F-0727FCAE67A0}.Release|Any CPU.ActiveCfg = Release|Any CPU
		{41D0693F-2F26-4061-923F-0727FCAE67A0}.Release|Any CPU.Build.0 = Release|Any CPU
		{FE768091-38F9-4924-BB9B-9CB8F489AD9E}.Debug|Any CPU.ActiveCfg = Debug|Any CPU
		{FE768091-38F9-4924-BB9B-9CB8F489AD9E}.Debug|Any CPU.Build.0 = Debug|Any CPU
		{FE768091-38F9-4924-BB9B-9CB8F489AD9E}.Release|Any CPU.ActiveCfg = Release|Any CPU
		{FE768091-38F9-4924-BB9B-9CB8F489AD9E}.Release|Any CPU.Build.0 = Release|Any CPU
		{D2B77C53-69E8-4FEC-BACE-F2DEB05BD7C8}.Debug|Any CPU.ActiveCfg = Debug|Any CPU
		{D2B77C53-69E8-4FEC-BACE-F2DEB05BD7C8}.Debug|Any CPU.Build.0 = Debug|Any CPU
		{D2B77C53-69E8-4FEC-BACE-F2DEB05BD7C8}.Release|Any CPU.ActiveCfg = Release|Any CPU
		{D2B77C53-69E8-4FEC-BACE-F2DEB05BD7C8}.Release|Any CPU.Build.0 = Release|Any CPU
		{CA39755B-32BA-4451-BAAF-55523D337502}.Debug|Any CPU.ActiveCfg = Debug|Any CPU
		{CA39755B-32BA-4451-BAAF-55523D337502}.Debug|Any CPU.Build.0 = Debug|Any CPU
		{CA39755B-32BA-4451-BAAF-55523D337502}.Release|Any CPU.ActiveCfg = Release|Any CPU
		{CA39755B-32BA-4451-BAAF-55523D337502}.Release|Any CPU.Build.0 = Release|Any CPU
		{38A28560-123C-4E3E-9258-31F81389ADE0}.Debug|Any CPU.ActiveCfg = Debug|Any CPU
		{38A28560-123C-4E3E-9258-31F81389ADE0}.Debug|Any CPU.Build.0 = Debug|Any CPU
		{38A28560-123C-4E3E-9258-31F81389ADE0}.Release|Any CPU.ActiveCfg = Release|Any CPU
		{38A28560-123C-4E3E-9258-31F81389ADE0}.Release|Any CPU.Build.0 = Release|Any CPU
		{55570D4D-D7C2-4139-8406-8E19F4BF3710}.Debug|Any CPU.ActiveCfg = Debug|Any CPU
		{55570D4D-D7C2-4139-8406-8E19F4BF3710}.Debug|Any CPU.Build.0 = Debug|Any CPU
		{55570D4D-D7C2-4139-8406-8E19F4BF3710}.Release|Any CPU.ActiveCfg = Release|Any CPU
		{55570D4D-D7C2-4139-8406-8E19F4BF3710}.Release|Any CPU.Build.0 = Release|Any CPU
	EndGlobalSection
	GlobalSection(SolutionProperties) = preSolution
		HideSolutionNode = FALSE
	EndGlobalSection
	GlobalSection(NestedProjects) = preSolution
		{BDA32A96-7B37-4706-9ED8-5ABC2DAC54D8} = {4D96CB14-165A-4972-B0FE-ACEB4ED5B716}
		{5616876C-3B39-41E2-A118-9CC27E6267F6} = {4D96CB14-165A-4972-B0FE-ACEB4ED5B716}
		{10AFFFF0-4700-4D0A-B32C-E40CE67C458B} = {4D96CB14-165A-4972-B0FE-ACEB4ED5B716}
		{5DF7E56E-0638-4241-9957-3340287EF072} = {4D96CB14-165A-4972-B0FE-ACEB4ED5B716}
		{57F4F46A-7D87-4BF6-AC1A-2D00FF9F62E5} = {4D96CB14-165A-4972-B0FE-ACEB4ED5B716}
		{6425C642-536F-41F8-8D82-B269ACD0B673} = {4D96CB14-165A-4972-B0FE-ACEB4ED5B716}
		{54D86C07-1FDB-4C70-B3D5-020298BD1AB1} = {4D96CB14-165A-4972-B0FE-ACEB4ED5B716}
		{85F44CE6-F4D3-4E55-BA29-53C5DF691359} = {4D96CB14-165A-4972-B0FE-ACEB4ED5B716}
		{3DF4AB88-9CE7-4BA1-B8BF-738013FA111F} = {4D96CB14-165A-4972-B0FE-ACEB4ED5B716}
		{FDEAF35E-FD92-49B4-BA81-2C90528A6AE0} = {4D96CB14-165A-4972-B0FE-ACEB4ED5B716}
		{9D2963D0-F5A8-4080-B8AB-E6E9F2EC13E4} = {7FDBD813-5885-4853-89AE-E3A6D5CED1CB}
		{F17265DB-E9E2-49C4-8810-9119BB98164D} = {7FDBD813-5885-4853-89AE-E3A6D5CED1CB}
		{2480F181-479C-4531-AADA-EC79D4FC00F7} = {7FDBD813-5885-4853-89AE-E3A6D5CED1CB}
		{0F4F3A15-6DB0-4461-9390-98F64A045671} = {7FDBD813-5885-4853-89AE-E3A6D5CED1CB}
		{BE555946-AF35-4F0F-8BC6-8CF4355D2056} = {7FDBD813-5885-4853-89AE-E3A6D5CED1CB}
		{10157F24-6FAB-4429-BC64-711D70925B61} = {7FDBD813-5885-4853-89AE-E3A6D5CED1CB}
		{EB9B33CF-3833-482B-9B3C-5787E51F3218} = {7FDBD813-5885-4853-89AE-E3A6D5CED1CB}
		{CD5695C5-0EAA-46B2-B4A1-9C987A20A692} = {7FDBD813-5885-4853-89AE-E3A6D5CED1CB}
		{F8A86EA8-5CF4-4088-B624-FC90D39FC9D6} = {7FDBD813-5885-4853-89AE-E3A6D5CED1CB}
		{AB99DCA0-F816-4C75-B181-E23D94C9206B} = {7FDBD813-5885-4853-89AE-E3A6D5CED1CB}
		{2781D74F-8840-4E02-84BF-C9C722DE7E4B} = {7FDBD813-5885-4853-89AE-E3A6D5CED1CB}
		{09DCC6BC-EED5-4932-8FAE-DAD664B9CFF7} = {7FDBD813-5885-4853-89AE-E3A6D5CED1CB}
		{8BC8B42F-13A0-43EA-A7AE-9FDDEF7F8289} = {7FDBD813-5885-4853-89AE-E3A6D5CED1CB}
		{9467D21D-A03E-4CA1-B818-DDE9B4DD7820} = {7FDBD813-5885-4853-89AE-E3A6D5CED1CB}
		{25E3C598-BAF8-4154-8C03-3830E2B62944} = {7FDBD813-5885-4853-89AE-E3A6D5CED1CB}
		{BACF95A9-8F90-42B2-B82B-5BE49658B794} = {7FDBD813-5885-4853-89AE-E3A6D5CED1CB}
		{5A1F6D15-0F27-429E-A393-F88F17F1397C} = {7FDBD813-5885-4853-89AE-E3A6D5CED1CB}
		{C2A9308B-FB34-44F3-B5A8-CFAFA901AA67} = {7FDBD813-5885-4853-89AE-E3A6D5CED1CB}
		{E05E70AB-3231-4DDC-BBD4-13CA376D9173} = {7FDBD813-5885-4853-89AE-E3A6D5CED1CB}
		{5E110D08-B2EF-4EE5-B170-0D46D7ED590E} = {7FDBD813-5885-4853-89AE-E3A6D5CED1CB}
		{5FD7BB5C-3F58-4084-88BE-19A9C3609D91} = {7FDBD813-5885-4853-89AE-E3A6D5CED1CB}
		{41D0693F-2F26-4061-923F-0727FCAE67A0} = {7FDBD813-5885-4853-89AE-E3A6D5CED1CB}
		{FE768091-38F9-4924-BB9B-9CB8F489AD9E} = {7FDBD813-5885-4853-89AE-E3A6D5CED1CB}
		{D2B77C53-69E8-4FEC-BACE-F2DEB05BD7C8} = {7FDBD813-5885-4853-89AE-E3A6D5CED1CB}
		{CA39755B-32BA-4451-BAAF-55523D337502} = {7FDBD813-5885-4853-89AE-E3A6D5CED1CB}
		{38A28560-123C-4E3E-9258-31F81389ADE0} = {7FDBD813-5885-4853-89AE-E3A6D5CED1CB}
	EndGlobalSection
	GlobalSection(ExtensibilityGlobals) = postSolution
		SolutionGuid = {9710C6C1-92D0-4B48-B992-1E1460169F64}
	EndGlobalSection
EndGlobal
