
Microsoft Visual Studio Solution File, Format Version 12.00
# Visual Studio Version 16
VisualStudioVersion = 16.0.29418.71
MinimumVisualStudioVersion = 10.0.40219.1
Project("{9A19103F-16F7-4668-BE54-9A1E7A4F7556}") = "MyLibraries", "..\..\MyLibraries\MyLibraries.csproj", "{8761BB15-2E7F-419B-80BB-46070F8BF466}"
EndProject
Project("{FAE04EC0-301F-11D3-BF4B-00C04F79EFBC}") = "Lesson_01.Exp_01", "Lesson_01\Lesson_01.Exp_01\Lesson_01.Exp_01.csproj", "{BDA32A96-7B37-4706-9ED8-5ABC2DAC54D8}"
EndProject
Project("{2150E333-8FDC-42A3-9474-1A3956D46DE8}") = "Lesson 01", "Lesson 01", "{4D96CB14-165A-4972-B0FE-ACEB4ED5B716}"
	ProjectSection(SolutionItems) = preProject
		Lesson_01.ReadMe.txt = Lesson_01.ReadMe.txt
	EndProjectSection
EndProject
Project("{FAE04EC0-301F-11D3-BF4B-00C04F79EFBC}") = "Lesson_01.Exp_02", "Lesson_01\Lesson_01.Exp_02\Lesson_01.Exp_02.csproj", "{5616876C-3B39-41E2-A118-9CC27E6267F6}"
EndProject
Project("{FAE04EC0-301F-11D3-BF4B-00C04F79EFBC}") = "Lesson_01.Exp_03", "Lesson_01\Lesson_01.Exp_03\Lesson_01.Exp_03.csproj", "{10AFFFF0-4700-4D0A-B32C-E40CE67C458B}"
EndProject
Project("{FAE04EC0-301F-11D3-BF4B-00C04F79EFBC}") = "Lesson_01.Exp_04", "Lesson_01\Lesson_01.Exp_04\Lesson_01.Exp_04.csproj", "{5DF7E56E-0638-4241-9957-3340287EF072}"
EndProject
Project("{FAE04EC0-301F-11D3-BF4B-00C04F79EFBC}") = "Lesson_01.Exp_05", "Lesson_01\Lesson_01.Exp_05\Lesson_01.Exp_05.csproj", "{57F4F46A-7D87-4BF6-AC1A-2D00FF9F62E5}"
EndProject
Project("{FAE04EC0-301F-11D3-BF4B-00C04F79EFBC}") = "Lesson_01.Exp_06", "Lesson_01\Lesson_01.Exp_06\Lesson_01.Exp_06.csproj", "{6425C642-536F-41F8-8D82-B269ACD0B673}"
EndProject
Project("{FAE04EC0-301F-11D3-BF4B-00C04F79EFBC}") = "Lesson_01.Exp_07", "Lesson_01\Lesson_01.Exp_07\Lesson_01.Exp_07.csproj", "{54D86C07-1FDB-4C70-B3D5-020298BD1AB1}"
EndProject
Project("{FAE04EC0-301F-11D3-BF4B-00C04F79EFBC}") = "Lesson_01.Exp_08", "Lesson_01\Lesson_01.Exp_08\Lesson_01.Exp_08.csproj", "{85F44CE6-F4D3-4E55-BA29-53C5DF691359}"
EndProject
Project("{FAE04EC0-301F-11D3-BF4B-00C04F79EFBC}") = "Lesson_01.Exp_10", "Lesson_01\Lesson_01.Exp_10\Lesson_01.Exp_10.csproj", "{FDEAF35E-FD92-49B4-BA81-2C90528A6AE0}"
EndProject
Project("{FAE04EC0-301F-11D3-BF4B-00C04F79EFBC}") = "Lesson_01.Exp_09", "Lesson_01\Lesson_01.Exp_09\Lesson_01.Exp_09.csproj", "{3DF4AB88-9CE7-4BA1-B8BF-738013FA111F}"
EndProject
Project("{FAE04EC0-301F-11D3-BF4B-00C04F79EFBC}") = "Lesson_01.Exp_11", "Lesson_01\Lesson_01.Exp_11\Lesson_01.Exp_11.csproj", "{605774C9-5E1D-4ADF-BA64-373E80E0C452}"
EndProject
Project("{FAE04EC0-301F-11D3-BF4B-00C04F79EFBC}") = "Lesson_01.Exp_12", "Lesson_01\Lesson_01.Exp_12\Lesson_01.Exp_12.csproj", "{F7D3B1DC-2CBC-4BEE-AAD8-1E1E89C63E2D}"
EndProject
Project("{FAE04EC0-301F-11D3-BF4B-00C04F79EFBC}") = "Lesson_01.Exp_13", "Lesson_01\Lesson_01.Exp_13\Lesson_01.Exp_13.csproj", "{77C4500E-6445-4EED-AFC5-1FAE13EC42D0}"
EndProject
Project("{FAE04EC0-301F-11D3-BF4B-00C04F79EFBC}") = "Lesson_01.Exp_14", "Lesson_01\Lesson_01.Exp_14\Lesson_01.Exp_14.csproj", "{679919F5-4591-47A6-8CCB-75525ABDCB77}"
EndProject
Project("{FAE04EC0-301F-11D3-BF4B-00C04F79EFBC}") = "Lesson_01.Exp_15", "Lesson_01\Lesson_01.Exp_15\Lesson_01.Exp_15.csproj", "{BC2A47AC-63C9-44F2-9302-84090D4BC4D1}"
EndProject
Project("{FAE04EC0-301F-11D3-BF4B-00C04F79EFBC}") = "Lesson_01.Exp_16", "Lesson_01\Lesson_01.Exp_16\Lesson_01.Exp_16.csproj", "{60F0F586-8916-49F8-BD40-60F5B9C9AA03}"
EndProject
Project("{FAE04EC0-301F-11D3-BF4B-00C04F79EFBC}") = "Lesson_01.Exp_17", "Lesson_01\Lesson_01.Exp_17\Lesson_01.Exp_17.csproj", "{A036F81F-D82F-481D-A252-84232EDA3FAE}"
EndProject
Global
	GlobalSection(SolutionConfigurationPlatforms) = preSolution
		Debug|Any CPU = Debug|Any CPU
		Release|Any CPU = Release|Any CPU
	EndGlobalSection
	GlobalSection(ProjectConfigurationPlatforms) = postSolution
		{8761BB15-2E7F-419B-80BB-46070F8BF466}.Debug|Any CPU.ActiveCfg = Debug|Any CPU
		{8761BB15-2E7F-419B-80BB-46070F8BF466}.Debug|Any CPU.Build.0 = Debug|Any CPU
		{8761BB15-2E7F-419B-80BB-46070F8BF466}.Release|Any CPU.ActiveCfg = Release|Any CPU
		{8761BB15-2E7F-419B-80BB-46070F8BF466}.Release|Any CPU.Build.0 = Release|Any CPU
		{BDA32A96-7B37-4706-9ED8-5ABC2DAC54D8}.Debug|Any CPU.ActiveCfg = Debug|Any CPU
		{BDA32A96-7B37-4706-9ED8-5ABC2DAC54D8}.Debug|Any CPU.Build.0 = Debug|Any CPU
		{BDA32A96-7B37-4706-9ED8-5ABC2DAC54D8}.Release|Any CPU.ActiveCfg = Release|Any CPU
		{BDA32A96-7B37-4706-9ED8-5ABC2DAC54D8}.Release|Any CPU.Build.0 = Release|Any CPU
		{5616876C-3B39-41E2-A118-9CC27E6267F6}.Debug|Any CPU.ActiveCfg = Debug|Any CPU
		{5616876C-3B39-41E2-A118-9CC27E6267F6}.Debug|Any CPU.Build.0 = Debug|Any CPU
		{5616876C-3B39-41E2-A118-9CC27E6267F6}.Release|Any CPU.ActiveCfg = Release|Any CPU
		{5616876C-3B39-41E2-A118-9CC27E6267F6}.Release|Any CPU.Build.0 = Release|Any CPU
		{10AFFFF0-4700-4D0A-B32C-E40CE67C458B}.Debug|Any CPU.ActiveCfg = Debug|Any CPU
		{10AFFFF0-4700-4D0A-B32C-E40CE67C458B}.Debug|Any CPU.Build.0 = Debug|Any CPU
		{10AFFFF0-4700-4D0A-B32C-E40CE67C458B}.Release|Any CPU.ActiveCfg = Release|Any CPU
		{10AFFFF0-4700-4D0A-B32C-E40CE67C458B}.Release|Any CPU.Build.0 = Release|Any CPU
		{5DF7E56E-0638-4241-9957-3340287EF072}.Debug|Any CPU.ActiveCfg = Debug|Any CPU
		{5DF7E56E-0638-4241-9957-3340287EF072}.Debug|Any CPU.Build.0 = Debug|Any CPU
		{5DF7E56E-0638-4241-9957-3340287EF072}.Release|Any CPU.ActiveCfg = Release|Any CPU
		{5DF7E56E-0638-4241-9957-3340287EF072}.Release|Any CPU.Build.0 = Release|Any CPU
		{57F4F46A-7D87-4BF6-AC1A-2D00FF9F62E5}.Debug|Any CPU.ActiveCfg = Debug|Any CPU
		{57F4F46A-7D87-4BF6-AC1A-2D00FF9F62E5}.Debug|Any CPU.Build.0 = Debug|Any CPU
		{57F4F46A-7D87-4BF6-AC1A-2D00FF9F62E5}.Release|Any CPU.ActiveCfg = Release|Any CPU
		{57F4F46A-7D87-4BF6-AC1A-2D00FF9F62E5}.Release|Any CPU.Build.0 = Release|Any CPU
		{6425C642-536F-41F8-8D82-B269ACD0B673}.Debug|Any CPU.ActiveCfg = Debug|Any CPU
		{6425C642-536F-41F8-8D82-B269ACD0B673}.Debug|Any CPU.Build.0 = Debug|Any CPU
		{6425C642-536F-41F8-8D82-B269ACD0B673}.Release|Any CPU.ActiveCfg = Release|Any CPU
		{6425C642-536F-41F8-8D82-B269ACD0B673}.Release|Any CPU.Build.0 = Release|Any CPU
		{54D86C07-1FDB-4C70-B3D5-020298BD1AB1}.Debug|Any CPU.ActiveCfg = Debug|Any CPU
		{54D86C07-1FDB-4C70-B3D5-020298BD1AB1}.Debug|Any CPU.Build.0 = Debug|Any CPU
		{54D86C07-1FDB-4C70-B3D5-020298BD1AB1}.Release|Any CPU.ActiveCfg = Release|Any CPU
		{54D86C07-1FDB-4C70-B3D5-020298BD1AB1}.Release|Any CPU.Build.0 = Release|Any CPU
		{85F44CE6-F4D3-4E55-BA29-53C5DF691359}.Debug|Any CPU.ActiveCfg = Debug|Any CPU
		{85F44CE6-F4D3-4E55-BA29-53C5DF691359}.Debug|Any CPU.Build.0 = Debug|Any CPU
		{85F44CE6-F4D3-4E55-BA29-53C5DF691359}.Release|Any CPU.ActiveCfg = Release|Any CPU
		{85F44CE6-F4D3-4E55-BA29-53C5DF691359}.Release|Any CPU.Build.0 = Release|Any CPU
		{FDEAF35E-FD92-49B4-BA81-2C90528A6AE0}.Debug|Any CPU.ActiveCfg = Debug|Any CPU
		{FDEAF35E-FD92-49B4-BA81-2C90528A6AE0}.Debug|Any CPU.Build.0 = Debug|Any CPU
		{FDEAF35E-FD92-49B4-BA81-2C90528A6AE0}.Release|Any CPU.ActiveCfg = Release|Any CPU
		{FDEAF35E-FD92-49B4-BA81-2C90528A6AE0}.Release|Any CPU.Build.0 = Release|Any CPU
		{3DF4AB88-9CE7-4BA1-B8BF-738013FA111F}.Debug|Any CPU.ActiveCfg = Debug|Any CPU
		{3DF4AB88-9CE7-4BA1-B8BF-738013FA111F}.Debug|Any CPU.Build.0 = Debug|Any CPU
		{3DF4AB88-9CE7-4BA1-B8BF-738013FA111F}.Release|Any CPU.ActiveCfg = Release|Any CPU
		{3DF4AB88-9CE7-4BA1-B8BF-738013FA111F}.Release|Any CPU.Build.0 = Release|Any CPU
		{605774C9-5E1D-4ADF-BA64-373E80E0C452}.Debug|Any CPU.ActiveCfg = Debug|Any CPU
		{605774C9-5E1D-4ADF-BA64-373E80E0C452}.Debug|Any CPU.Build.0 = Debug|Any CPU
		{605774C9-5E1D-4ADF-BA64-373E80E0C452}.Release|Any CPU.ActiveCfg = Release|Any CPU
		{605774C9-5E1D-4ADF-BA64-373E80E0C452}.Release|Any CPU.Build.0 = Release|Any CPU
		{F7D3B1DC-2CBC-4BEE-AAD8-1E1E89C63E2D}.Debug|Any CPU.ActiveCfg = Debug|Any CPU
		{F7D3B1DC-2CBC-4BEE-AAD8-1E1E89C63E2D}.Debug|Any CPU.Build.0 = Debug|Any CPU
		{F7D3B1DC-2CBC-4BEE-AAD8-1E1E89C63E2D}.Release|Any CPU.ActiveCfg = Release|Any CPU
		{F7D3B1DC-2CBC-4BEE-AAD8-1E1E89C63E2D}.Release|Any CPU.Build.0 = Release|Any CPU
		{77C4500E-6445-4EED-AFC5-1FAE13EC42D0}.Debug|Any CPU.ActiveCfg = Debug|Any CPU
		{77C4500E-6445-4EED-AFC5-1FAE13EC42D0}.Debug|Any CPU.Build.0 = Debug|Any CPU
		{77C4500E-6445-4EED-AFC5-1FAE13EC42D0}.Release|Any CPU.ActiveCfg = Release|Any CPU
		{77C4500E-6445-4EED-AFC5-1FAE13EC42D0}.Release|Any CPU.Build.0 = Release|Any CPU
		{679919F5-4591-47A6-8CCB-75525ABDCB77}.Debug|Any CPU.ActiveCfg = Debug|Any CPU
		{679919F5-4591-47A6-8CCB-75525ABDCB77}.Debug|Any CPU.Build.0 = Debug|Any CPU
		{679919F5-4591-47A6-8CCB-75525ABDCB77}.Release|Any CPU.ActiveCfg = Release|Any CPU
		{679919F5-4591-47A6-8CCB-75525ABDCB77}.Release|Any CPU.Build.0 = Release|Any CPU
		{BC2A47AC-63C9-44F2-9302-84090D4BC4D1}.Debug|Any CPU.ActiveCfg = Debug|Any CPU
		{BC2A47AC-63C9-44F2-9302-84090D4BC4D1}.Debug|Any CPU.Build.0 = Debug|Any CPU
		{BC2A47AC-63C9-44F2-9302-84090D4BC4D1}.Release|Any CPU.ActiveCfg = Release|Any CPU
		{BC2A47AC-63C9-44F2-9302-84090D4BC4D1}.Release|Any CPU.Build.0 = Release|Any CPU
		{60F0F586-8916-49F8-BD40-60F5B9C9AA03}.Debug|Any CPU.ActiveCfg = Debug|Any CPU
		{60F0F586-8916-49F8-BD40-60F5B9C9AA03}.Debug|Any CPU.Build.0 = Debug|Any CPU
		{60F0F586-8916-49F8-BD40-60F5B9C9AA03}.Release|Any CPU.ActiveCfg = Release|Any CPU
		{60F0F586-8916-49F8-BD40-60F5B9C9AA03}.Release|Any CPU.Build.0 = Release|Any CPU
		{A036F81F-D82F-481D-A252-84232EDA3FAE}.Debug|Any CPU.ActiveCfg = Debug|Any CPU
		{A036F81F-D82F-481D-A252-84232EDA3FAE}.Debug|Any CPU.Build.0 = Debug|Any CPU
		{A036F81F-D82F-481D-A252-84232EDA3FAE}.Release|Any CPU.ActiveCfg = Release|Any CPU
		{A036F81F-D82F-481D-A252-84232EDA3FAE}.Release|Any CPU.Build.0 = Release|Any CPU
	EndGlobalSection
	GlobalSection(SolutionProperties) = preSolution
		HideSolutionNode = FALSE
	EndGlobalSection
	GlobalSection(NestedProjects) = preSolution
		{BDA32A96-7B37-4706-9ED8-5ABC2DAC54D8} = {4D96CB14-165A-4972-B0FE-ACEB4ED5B716}
		{5616876C-3B39-41E2-A118-9CC27E6267F6} = {4D96CB14-165A-4972-B0FE-ACEB4ED5B716}
		{10AFFFF0-4700-4D0A-B32C-E40CE67C458B} = {4D96CB14-165A-4972-B0FE-ACEB4ED5B716}
		{5DF7E56E-0638-4241-9957-3340287EF072} = {4D96CB14-165A-4972-B0FE-ACEB4ED5B716}
		{57F4F46A-7D87-4BF6-AC1A-2D00FF9F62E5} = {4D96CB14-165A-4972-B0FE-ACEB4ED5B716}
		{6425C642-536F-41F8-8D82-B269ACD0B673} = {4D96CB14-165A-4972-B0FE-ACEB4ED5B716}
		{54D86C07-1FDB-4C70-B3D5-020298BD1AB1} = {4D96CB14-165A-4972-B0FE-ACEB4ED5B716}
		{85F44CE6-F4D3-4E55-BA29-53C5DF691359} = {4D96CB14-165A-4972-B0FE-ACEB4ED5B716}
		{FDEAF35E-FD92-49B4-BA81-2C90528A6AE0} = {4D96CB14-165A-4972-B0FE-ACEB4ED5B716}
		{3DF4AB88-9CE7-4BA1-B8BF-738013FA111F} = {4D96CB14-165A-4972-B0FE-ACEB4ED5B716}
		{605774C9-5E1D-4ADF-BA64-373E80E0C452} = {4D96CB14-165A-4972-B0FE-ACEB4ED5B716}
		{F7D3B1DC-2CBC-4BEE-AAD8-1E1E89C63E2D} = {4D96CB14-165A-4972-B0FE-ACEB4ED5B716}
		{77C4500E-6445-4EED-AFC5-1FAE13EC42D0} = {4D96CB14-165A-4972-B0FE-ACEB4ED5B716}
		{679919F5-4591-47A6-8CCB-75525ABDCB77} = {4D96CB14-165A-4972-B0FE-ACEB4ED5B716}
		{BC2A47AC-63C9-44F2-9302-84090D4BC4D1} = {4D96CB14-165A-4972-B0FE-ACEB4ED5B716}
		{60F0F586-8916-49F8-BD40-60F5B9C9AA03} = {4D96CB14-165A-4972-B0FE-ACEB4ED5B716}
		{A036F81F-D82F-481D-A252-84232EDA3FAE} = {4D96CB14-165A-4972-B0FE-ACEB4ED5B716}
	EndGlobalSection
	GlobalSection(ExtensibilityGlobals) = postSolution
		SolutionGuid = {9710C6C1-92D0-4B48-B992-1E1460169F64}
	EndGlobalSection
EndGlobal
