
Microsoft Visual Studio Solution File, Format Version 12.00
# Visual Studio Version 16
VisualStudioVersion = 16.0.29418.71
MinimumVisualStudioVersion = 10.0.40219.1
Project("{FAE04EC0-301F-11D3-BF4B-00C04F79EFBC}") = "Lesson_01.HW_Task_01", "Lesson_01\Lesson_01. HW_Task_01\Lesson_01.HW_Task_01.csproj", "{0251AA33-986A-4709-9154-65F2767B6C3D}"
EndProject
Project("{FAE04EC0-301F-11D3-BF4B-00C04F79EFBC}") = "Lesson_01.HW_Task_02", "Lesson_01\Lesson_01. HW_Task_02\Lesson_01.HW_Task_02.csproj", "{9C53633A-94F4-470A-B9A1-6A5E41318A7C}"
EndProject
Project("{FAE04EC0-301F-11D3-BF4B-00C04F79EFBC}") = "Lesson_01.HW_Task_03", "Lesson_01\Lesson_01. HW_Task_03\Lesson_01.HW_Task_03.csproj", "{2F01FDFB-FE1A-4E1B-BC91-258A8852F1CC}"
EndProject
Project("{FAE04EC0-301F-11D3-BF4B-00C04F79EFBC}") = "Lesson_01.HW_Task_04", "Lesson_01\Lesson_01. HW_Task_04\Lesson_01.HW_Task_04.csproj", "{43A73B56-8510-4954-95CC-C228138E3CB0}"
EndProject
Project("{FAE04EC0-301F-11D3-BF4B-00C04F79EFBC}") = "Lesson_01.HW_Task_05", "Lesson_01\Lesson_01. HW_Task_05\Lesson_01.HW_Task_05.csproj", "{A737A795-C946-4ACC-A758-A0E9BC87FFAA}"
EndProject
Project("{FAE04EC0-301F-11D3-BF4B-00C04F79EFBC}") = "Lesson_01.HW_Task_06", "Lesson_01\Lesson_01. HW_Task_06\Lesson_01.HW_Task_06.csproj", "{DF4CE33D-1A41-4A4D-BE81-B882A2C8CA9A}"
EndProject
Project("{2150E333-8FDC-42A3-9474-1A3956D46DE8}") = "Lesson_01", "Lesson_01", "{01170464-A230-424C-A40A-4BABB4338BFE}"
EndProject
Project("{2150E333-8FDC-42A3-9474-1A3956D46DE8}") = "HomeWorks", "HomeWorks", "{D7EA2306-527F-46FC-A20A-D2B41FD6B138}"
EndProject
Project("{2150E333-8FDC-42A3-9474-1A3956D46DE8}") = "LessonExp", "LessonExp", "{B3950DE1-21B9-4E75-8580-BA0C7CF731C5}"
EndProject
Project("{FAE04EC0-301F-11D3-BF4B-00C04F79EFBC}") = "Lesson_01.Exp_01", "Lesson_01\Lesson_01. Task_01\Lesson_01.Exp_01.csproj", "{599F3F2E-406F-4550-8948-1A1E3795AB57}"
EndProject
Project("{FAE04EC0-301F-11D3-BF4B-00C04F79EFBC}") = "Lesson_01.Exp_02", "Lesson_01\Lesson_01. Task_02\Lesson_01.Exp_02.csproj", "{44399445-5FFF-45DA-85AD-39AFB9E1405D}"
EndProject
Project("{FAE04EC0-301F-11D3-BF4B-00C04F79EFBC}") = "Lesson_01.Exp_03", "Lesson_01\Lesson_01. Task_03\Lesson_01.Exp_03.csproj", "{A04E26A5-0EA4-4DAB-A02E-0CAF7489034C}"
EndProject
Project("{FAE04EC0-301F-11D3-BF4B-00C04F79EFBC}") = "Lesson_01.Exp_04", "Lesson_01\Lesson_01. Task_04\Lesson_01.Exp_04.csproj", "{63C16DFC-58C9-4A8A-98CC-9223BC41C227}"
EndProject
Project("{FAE04EC0-301F-11D3-BF4B-00C04F79EFBC}") = "Lesson_01.Exp_05", "Lesson_01\Lesson_01. Task_05\Lesson_01.Exp_05.csproj", "{B108B9BB-FB1D-4281-9722-49F9B9ADE71A}"
EndProject
Project("{FAE04EC0-301F-11D3-BF4B-00C04F79EFBC}") = "Lesson_01.Exp_06", "Lesson_01\Lesson_01. Task_06\Lesson_01.Exp_06.csproj", "{060F68DC-5454-43B1-AD6D-C7E1A2EB92AD}"
EndProject
Project("{2150E333-8FDC-42A3-9474-1A3956D46DE8}") = "Lesson_02", "Lesson_02", "{AB0DA4D6-3BE7-4F28-AA59-219E84D6C51F}"
EndProject
Project("{2150E333-8FDC-42A3-9474-1A3956D46DE8}") = "HomeWorks", "HomeWorks", "{0B6AABD6-18E2-478E-99BB-D7B8EC3BE85B}"
EndProject
Project("{FAE04EC0-301F-11D3-BF4B-00C04F79EFBC}") = "Lesson_02.HW_Task_01", "Lesson_02\Lesson_02.HW_Task_01\Lesson_02.HW_Task_01.csproj", "{10F7BCB6-E068-43EB-89BF-4FEABAEFC9F3}"
EndProject
Project("{FAE04EC0-301F-11D3-BF4B-00C04F79EFBC}") = "Lesson_02.HW_Task_02", "Lesson_02\Lesson_02.HW_Task_02\Lesson_02.HW_Task_02.csproj", "{1A9E1638-09D7-4AC2-BFA0-DFB202501254}"
EndProject
Project("{FAE04EC0-301F-11D3-BF4B-00C04F79EFBC}") = "Lesson_02.HW_Task_03", "Lesson_02\Lesson_02.HW_Task_03\Lesson_02.HW_Task_03.csproj", "{1197EA4B-4370-46A9-80B8-95CC51B3C6BC}"
EndProject
Project("{FAE04EC0-301F-11D3-BF4B-00C04F79EFBC}") = "Lesson_02.HW_Task_04", "Lesson_02\Lesson_02.HW_Task_04\Lesson_02.HW_Task_04.csproj", "{201CD4B1-4E2E-4344-A569-FDD1450778CA}"
EndProject
Project("{FAE04EC0-301F-11D3-BF4B-00C04F79EFBC}") = "Lesson_02.HW_Task_05", "Lesson_02\Lesson_02.HW_Task_05\Lesson_02.HW_Task_05.csproj", "{CFE6B5B6-9DCF-4C1D-B8F2-7B388AC7571B}"
EndProject
Project("{FAE04EC0-301F-11D3-BF4B-00C04F79EFBC}") = "Lesson_02.HW_Task_06", "Lesson_02\Lesson_02.HW_Task_06\Lesson_02.HW_Task_06.csproj", "{7EE65072-80B9-4E17-9237-8947302593B3}"
EndProject
Project("{FAE04EC0-301F-11D3-BF4B-00C04F79EFBC}") = "Lesson_02.HW_Task_07", "Lesson_02\Lesson_02.HW_Task_07\Lesson_02.HW_Task_07.csproj", "{49B969A3-F63F-42BF-85A4-9EDA1B1A405A}"
EndProject
Project("{2150E333-8FDC-42A3-9474-1A3956D46DE8}") = "LessonExp", "LessonExp", "{115B7343-F5C9-47D6-B4F3-7FB281B276C8}"
EndProject
Project("{FAE04EC0-301F-11D3-BF4B-00C04F79EFBC}") = "Lesson_02.Exp_01", "Lesson_02\Lesson_02.Task_01\Lesson_02.Exp_01.csproj", "{CA53E063-9FD3-4A2F-B27F-F74FF46E7CED}"
EndProject
Project("{FAE04EC0-301F-11D3-BF4B-00C04F79EFBC}") = "Lesson_02.Exp_02", "Lesson_02\Lesson_02.Task_02\Lesson_02.Exp_02.csproj", "{A24E605B-1702-4217-B4B8-ABBD5426402D}"
EndProject
Project("{FAE04EC0-301F-11D3-BF4B-00C04F79EFBC}") = "Lesson_02.Exp_03", "Lesson_02\Lesson_02.Task_03\Lesson_02.Exp_03.csproj", "{9EA7A415-DC0D-4A09-A7F1-17A55C56EF74}"
EndProject
Project("{FAE04EC0-301F-11D3-BF4B-00C04F79EFBC}") = "Lesson_02.Exp_04", "Lesson_02\Lesson_02.Task_04\Lesson_02.Exp_04.csproj", "{3793DAB5-EA69-4969-A89B-C103D3261E97}"
EndProject
Project("{FAE04EC0-301F-11D3-BF4B-00C04F79EFBC}") = "Lesson_02.Exp_05", "Lesson_02\Lesson_02.Task_05\Lesson_02.Exp_05.csproj", "{3FDED460-49DB-4A65-8C2C-3E11B9556553}"
EndProject
Project("{FAE04EC0-301F-11D3-BF4B-00C04F79EFBC}") = "Lesson_02.Exp_06", "Lesson_02\Lesson_02.Task_06\Lesson_02.Exp_06.csproj", "{CF7B320C-5C2C-48FA-BDAB-07A623B08498}"
EndProject
Project("{FAE04EC0-301F-11D3-BF4B-00C04F79EFBC}") = "Lesson_02.Exp_07", "Lesson_02\Lesson_02.Task_07\Lesson_02.Exp_07.csproj", "{43677DF2-97B2-4578-B8FC-C2669160625C}"
EndProject
Project("{FAE04EC0-301F-11D3-BF4B-00C04F79EFBC}") = "Lesson_02.Exp_08", "Lesson_02\Lesson_02.Task_08\Lesson_02.Exp_08.csproj", "{560994E1-4D26-4484-A2ED-9E6B0710A003}"
EndProject
Project("{FAE04EC0-301F-11D3-BF4B-00C04F79EFBC}") = "Lesson_02.Exp_09", "Lesson_02\Lesson_02.Task_09\Lesson_02.Exp_09.csproj", "{7E68781D-4315-4EFC-88E9-8DD16843F420}"
EndProject
Project("{FAE04EC0-301F-11D3-BF4B-00C04F79EFBC}") = "Lesson_02.Exp_10", "Lesson_02\Lesson_02.Task_10\Lesson_02.Exp_10.csproj", "{3FE44DDF-6E2E-4CCB-BF97-C98C35FF4F07}"
EndProject
Project("{FAE04EC0-301F-11D3-BF4B-00C04F79EFBC}") = "Lesson_02.Exp_11", "Lesson_02\Lesson_02.Exp_11\Lesson_02.Exp_11.csproj", "{D8EF22DF-5B6D-40D4-B476-449F48961272}"
EndProject
Project("{FAE04EC0-301F-11D3-BF4B-00C04F79EFBC}") = "Lesson_02.Exp_12", "Lesson_02\Lesson_02.Exp_12\Lesson_02.Exp_12.csproj", "{1BB432D2-9426-4D24-9E0F-1D2751EEB2D6}"
EndProject
Project("{FAE04EC0-301F-11D3-BF4B-00C04F79EFBC}") = "Lesson_02.Exp_13", "Lesson_02\Lesson_02.Exp_13\Lesson_02.Exp_13.csproj", "{0B937932-75C1-4B74-9458-6C80954B744A}"
EndProject
Project("{FAE04EC0-301F-11D3-BF4B-00C04F79EFBC}") = "Lesson_02.Exp_14", "Lesson_02\Lesson_02.Exp_14\Lesson_02.Exp_14.csproj", "{0565D264-21A2-4F2A-8195-AF7C060954E5}"
EndProject
Project("{FAE04EC0-301F-11D3-BF4B-00C04F79EFBC}") = "Lesson_02.Exp_15", "Lesson_02\Lesson_02.Exp_15\Lesson_02.Exp_15.csproj", "{2994E5E4-CB08-44A5-800C-FFC883D8223C}"
EndProject
Project("{FAE04EC0-301F-11D3-BF4B-00C04F79EFBC}") = "Lesson_02.Exp_16", "Lesson_02\Lesson_02.Exp_16\Lesson_02.Exp_16.csproj", "{B987ED1E-64C5-42F5-A8FE-63F289407153}"
EndProject
Project("{FAE04EC0-301F-11D3-BF4B-00C04F79EFBC}") = "Lesson_02.Exp_17", "Lesson_02\Lesson_02.Exp_17\Lesson_02.Exp_17.csproj", "{7DB7AA3C-5944-436B-B22D-B3E1FD7EF5FE}"
EndProject
Project("{FAE04EC0-301F-11D3-BF4B-00C04F79EFBC}") = "Lesson_02.Exp_18", "Lesson_02\Lesson_02.Exp_18\Lesson_02.Exp_18.csproj", "{EE588E14-8D25-4036-95BE-9FC059A1B346}"
EndProject
Project("{FAE04EC0-301F-11D3-BF4B-00C04F79EFBC}") = "Lesson_02.Exp_19", "Lesson_02\Lesson_02.Exp_19\Lesson_02.Exp_19.csproj", "{535BB023-28AD-4FCB-BB33-7030C3E53994}"
EndProject
Project("{FAE04EC0-301F-11D3-BF4B-00C04F79EFBC}") = "Lesson_02.Exp_20", "Lesson_02\Lesson_02.Exp_20\Lesson_02.Exp_20.csproj", "{C954444F-C20A-45D5-8588-DC4F6AEEB10C}"
EndProject
Project("{FAE04EC0-301F-11D3-BF4B-00C04F79EFBC}") = "Lesson_02.Exp_21", "Lesson_02\Lesson_02.Exp_21\Lesson_02.Exp_21.csproj", "{9CD852C5-3236-4607-90F3-247B778D06EC}"
EndProject
Project("{FAE04EC0-301F-11D3-BF4B-00C04F79EFBC}") = "Lesson_02.Exp_22", "Lesson_02\Lesson_02.Exp_22\Lesson_02.Exp_22.csproj", "{CDE8EC12-F335-4472-918F-AB94D69A54F3}"
EndProject
Project("{FAE04EC0-301F-11D3-BF4B-00C04F79EFBC}") = "Lesson_02.Exp_23", "Lesson_02\Lesson_02.Exp_23\Lesson_02.Exp_23.csproj", "{7FB3995E-6F5D-4D1B-8C62-300AEA079CF4}"
EndProject
Project("{2150E333-8FDC-42A3-9474-1A3956D46DE8}") = "Lesson_03", "Lesson_03", "{97F168F9-3F5C-4DBC-98C1-D1C78B66C312}"
EndProject
Project("{FAE04EC0-301F-11D3-BF4B-00C04F79EFBC}") = "Lesson_03.Exp_01", "Lesson_03\Lesson_03.Exp_01\Lesson_03.Exp_01.csproj", "{7BB13501-2E8E-4CA5-8627-4D7A3A2C65D7}"
EndProject
Project("{FAE04EC0-301F-11D3-BF4B-00C04F79EFBC}") = "Lesson_03.Exp_02", "Lesson_03\Lesson_03.Exp_02\Lesson_03.Exp_02.csproj", "{2A32E5F0-6E0E-4448-BBA2-AAE6E97E8AD0}"
EndProject
Project("{FAE04EC0-301F-11D3-BF4B-00C04F79EFBC}") = "Lesson_03.Exp_03", "Lesson_03\Lesson_03.Exp_03\Lesson_03.Exp_03.csproj", "{A8449518-188E-4779-A548-914E71F3C90B}"
EndProject
Project("{FAE04EC0-301F-11D3-BF4B-00C04F79EFBC}") = "Lesson_03.Exp_04", "Lesson_03\Lesson_03.Exp_04\Lesson_03.Exp_04.csproj", "{915A31FF-25B7-4C74-83D7-5C3C24F7F3F3}"
EndProject
Project("{FAE04EC0-301F-11D3-BF4B-00C04F79EFBC}") = "Lesson_03.Exp_05", "Lesson_03\Lesson_03.Exp_05\Lesson_03.Exp_05.csproj", "{80739359-8579-4F4F-B589-C83F1295EE76}"
EndProject
Project("{FAE04EC0-301F-11D3-BF4B-00C04F79EFBC}") = "Lesson_03.Exp_06", "Lesson_03\Lesson_03.Exp_06\Lesson_03.Exp_06.csproj", "{1FB5A390-A231-4F7E-A3D2-D6716B7EAD1A}"
EndProject
Project("{FAE04EC0-301F-11D3-BF4B-00C04F79EFBC}") = "Lesson_03.Exp_07", "Lesson_03\Lesson_03.Exp_07\Lesson_03.Exp_07.csproj", "{4EC38EDB-1484-4E3D-9B42-DCE58C138628}"
EndProject
Project("{FAE04EC0-301F-11D3-BF4B-00C04F79EFBC}") = "Lesson_03.Exp_08", "Lesson_03\Lesson_03.Exp_08\Lesson_03.Exp_08.csproj", "{1EB784F0-6100-4D92-9DFE-FB9DA33B418F}"
EndProject
Project("{FAE04EC0-301F-11D3-BF4B-00C04F79EFBC}") = "Lesson_03.Exp_09", "Lesson_03\Lesson_03.Exp_09\Lesson_03.Exp_09.csproj", "{97754F37-5B05-46BA-BBBF-87961FE2B694}"
EndProject
Project("{FAE04EC0-301F-11D3-BF4B-00C04F79EFBC}") = "Lesson_03.Exp_10", "Lesson_03\Lesson_03.Exp_03\Lesson_03.Exp_10\Lesson_03.Exp_10.csproj", "{B3517926-3914-4EB1-BB1B-D1245B802508}"
EndProject
Project("{FAE04EC0-301F-11D3-BF4B-00C04F79EFBC}") = "Lesson_03.Exp_11", "Lesson_03\Lesson_03.Exp_11\Lesson_03.Exp_11.csproj", "{377ED7CE-6D06-42DF-9D80-8447A375F198}"
EndProject
Project("{FAE04EC0-301F-11D3-BF4B-00C04F79EFBC}") = "Lesson_03.Exp_12", "Lesson_03\Lesson_03.Exp_12\Lesson_03.Exp_12.csproj", "{63897551-EB91-406B-925C-9FCA178A1C9E}"
EndProject
Project("{FAE04EC0-301F-11D3-BF4B-00C04F79EFBC}") = "Lesson_03.Exp_13", "Lesson_03\Lesson_03.Exp_13\Lesson_03.Exp_13.csproj", "{B17C7304-2445-41D9-8F16-675AC39A5FD9}"
EndProject
Project("{FAE04EC0-301F-11D3-BF4B-00C04F79EFBC}") = "Lesson_03.Exp_14", "Lesson_03\Lesson_03.Exp_14\Lesson_03.Exp_14.csproj", "{267BDA85-7819-4767-AB0D-7170AAD7C010}"
EndProject
Project("{FAE04EC0-301F-11D3-BF4B-00C04F79EFBC}") = "Lesson_03.Exp_15", "Lesson_03\Lesson_03.Exp_15\Lesson_03.Exp_15.csproj", "{24E1CC50-FEE5-44CC-AB55-058121F7B829}"
EndProject
Project("{FAE04EC0-301F-11D3-BF4B-00C04F79EFBC}") = "Lesson_03.Exp_16", "Lesson_03\Lesson_03.Exp_16\Lesson_03.Exp_16.csproj", "{18A973D1-524E-4E25-9635-361B3EEADF64}"
EndProject
Project("{FAE04EC0-301F-11D3-BF4B-00C04F79EFBC}") = "Lesson_03.Exp_17", "Lesson_03\Lesson_03.Exp_17\Lesson_03.Exp_17.csproj", "{7AD73E02-9A49-4EF8-A108-79F9E8C648E2}"
EndProject
Project("{9A19103F-16F7-4668-BE54-9A1E7A4F7556}") = "MyLibraries", "..\..\MyLibraries\MyLibraries.csproj", "{8761BB15-2E7F-419B-80BB-46070F8BF466}"
EndProject
Project("{2150E333-8FDC-42A3-9474-1A3956D46DE8}") = "Lesson_04", "Lesson_04", "{63EE4255-73F1-472F-A1D3-C9DDA762C622}"
	ProjectSection(SolutionItems) = preProject
		Lesson_04.ReadMe.txt = Lesson_04.ReadMe.txt
	EndProjectSection
EndProject
Project("{FAE04EC0-301F-11D3-BF4B-00C04F79EFBC}") = "Lesson_04.Exp_01", "Lesson_04\Lesson_04.Exp_01\Lesson_04.Exp_01.csproj", "{6A0A3421-69E0-48EF-AF3B-C39A450BCB20}"
EndProject
Project("{FAE04EC0-301F-11D3-BF4B-00C04F79EFBC}") = "Lesson_04.Exp_02", "Lesson_04\Lesson_04.Exp_02\Lesson_04.Exp_02.csproj", "{FE1C95F2-80A5-4FBA-B6FC-BB2595F0ED33}"
EndProject
Project("{FAE04EC0-301F-11D3-BF4B-00C04F79EFBC}") = "Lesson_04.Exp_03", "Lesson_04\Lesson_04.Exp_03\Lesson_04.Exp_03.csproj", "{CCC4ED08-E038-4CE9-9449-006C223BDA6B}"
EndProject
Project("{FAE04EC0-301F-11D3-BF4B-00C04F79EFBC}") = "Lesson_04.Exp_04", "Lesson_04\Lesson_04.Exp_04\Lesson_04.Exp_04.csproj", "{9FEEBEFC-E40B-4F04-9111-D4C3C804782A}"
EndProject
Project("{FAE04EC0-301F-11D3-BF4B-00C04F79EFBC}") = "Lesson_04.Exp_05", "Lesson_04\Lesson_04.Exp_05\Lesson_04.Exp_05.csproj", "{078F1352-5EEF-4FD0-9A6D-9C6D4D4A6B13}"
EndProject
Project("{FAE04EC0-301F-11D3-BF4B-00C04F79EFBC}") = "Lesson_04.Exp_06", "Lesson_04\Lesson_04.Exp_06\Lesson_04.Exp_06.csproj", "{DB7799D5-7456-4D6F-9EF5-04192ECEC2C9}"
EndProject
Project("{FAE04EC0-301F-11D3-BF4B-00C04F79EFBC}") = "Lesson_04.Exp_07", "Lesson_04\Lesson_04.Exp_07\Lesson_04.Exp_07.csproj", "{8F52CEB4-8B2F-46E1-88AE-821456C08074}"
EndProject
Project("{FAE04EC0-301F-11D3-BF4B-00C04F79EFBC}") = "Lesson_04.Exp_08", "Lesson_04\Lesson_04.Exp_08\Lesson_04.Exp_08.csproj", "{D777FCAD-3839-409E-A8BF-FE091FD43C6C}"
EndProject
Project("{FAE04EC0-301F-11D3-BF4B-00C04F79EFBC}") = "Lesson_04.Exp_09", "Lesson_04\Lesson_04.Exp_09\Lesson_04.Exp_09.csproj", "{9A84A5A2-BBA3-42CA-A48E-71A8DFF35563}"
EndProject
Project("{FAE04EC0-301F-11D3-BF4B-00C04F79EFBC}") = "Lesson_04.Exp_10", "Lesson_04\Lesson_04.Exp_10\Lesson_04.Exp_10.csproj", "{5683D8BE-E49B-4DC6-BE34-4A2A9F564961}"
EndProject
Project("{FAE04EC0-301F-11D3-BF4B-00C04F79EFBC}") = "Lesson_04.Exp_11", "Lesson_04\Lesson_04.Exp_11\Lesson_04.Exp_11.csproj", "{6FBB5362-39D6-485D-9182-D5CA977B1CF9}"
EndProject
Project("{FAE04EC0-301F-11D3-BF4B-00C04F79EFBC}") = "Lesson_04.Exp_12", "Lesson_04\Lesson_04.Exp_12\Lesson_04.Exp_12.csproj", "{632080A3-F437-4002-B2BF-466798E5DDA0}"
EndProject
Project("{FAE04EC0-301F-11D3-BF4B-00C04F79EFBC}") = "Lesson_04.Exp_13", "Lesson_04\Lesson_04.Exp_13\Lesson_04.Exp_13.csproj", "{6993AC61-3F02-4B45-A4AD-360C6E549DF9}"
EndProject
Project("{FAE04EC0-301F-11D3-BF4B-00C04F79EFBC}") = "Lesson_04.Exp_14", "Lesson_04\Lesson_04.Exp_14\Lesson_04.Exp_14.csproj", "{AFBD5B92-3C42-43CF-B6D7-888BC06D2A0C}"
EndProject
Project("{FAE04EC0-301F-11D3-BF4B-00C04F79EFBC}") = "Lesson_04.Exp_15", "Lesson_04\Lesson_04.Exp_15\Lesson_04.Exp_15.csproj", "{A8D71246-6452-411B-AAB4-301F5D500F3B}"
EndProject
Project("{FAE04EC0-301F-11D3-BF4B-00C04F79EFBC}") = "Lesson_04.Exp_16", "Lesson_04\Lesson_04.Exp_16\Lesson_04.Exp_16.csproj", "{AC3E4BC1-53C3-498A-996D-E39C784BC226}"
EndProject
Project("{FAE04EC0-301F-11D3-BF4B-00C04F79EFBC}") = "Lesson_04.Exp_17", "Lesson_04\Lesson_04.Exp_17\Lesson_04.Exp_17.csproj", "{140F421B-F635-4E09-AAC8-A337738F6A07}"
EndProject
Project("{2150E333-8FDC-42A3-9474-1A3956D46DE8}") = "Lesson_05", "Lesson_05", "{5B626DFD-C193-43C8-A571-0A04A695E279}"
	ProjectSection(SolutionItems) = preProject
		Lesson_05.ReadMe.txt = Lesson_05.ReadMe.txt
	EndProjectSection
EndProject
Project("{FAE04EC0-301F-11D3-BF4B-00C04F79EFBC}") = "Lesson_05.Exp_01", "Lesson_05\Lesson_05.Exp_01\Lesson_05.Exp_01.csproj", "{9E799557-109D-49E7-A9D9-CC49E1F8AF62}"
EndProject
Project("{FAE04EC0-301F-11D3-BF4B-00C04F79EFBC}") = "Lesson_05.Exp_02", "Lesson_05\Lesson_05.Exp_02\Lesson_05.Exp_02.csproj", "{DB23E1B9-D0B3-46C8-998A-92E1DF0BDDD3}"
EndProject
Project("{FAE04EC0-301F-11D3-BF4B-00C04F79EFBC}") = "Lesson_05.Exp_03", "Lesson_05\Lesson_05.Exp_03\Lesson_05.Exp_03.csproj", "{4171B5A7-61BC-4F3D-8E85-DD47D526DD72}"
EndProject
Project("{FAE04EC0-301F-11D3-BF4B-00C04F79EFBC}") = "Lesson_05.Exp_04", "Lesson_05\Lesson_05.Exp_04\Lesson_05.Exp_04.csproj", "{F2A65B76-0AA4-4EB7-93FB-699EA8BFBEB3}"
EndProject
Project("{FAE04EC0-301F-11D3-BF4B-00C04F79EFBC}") = "Lesson_05.Exp_05", "Lesson_05\Lesson_05.Exp_05\Lesson_05.Exp_05.csproj", "{F8F10259-E7ED-40DB-8E1C-6E07ADA0E7C1}"
EndProject
Project("{FAE04EC0-301F-11D3-BF4B-00C04F79EFBC}") = "Lesson_05.Exp_06", "Lesson_05\Lesson_05.Exp_06\Lesson_05.Exp_06.csproj", "{808B2750-3436-4445-A7D2-87CB5B606CDA}"
EndProject
Project("{FAE04EC0-301F-11D3-BF4B-00C04F79EFBC}") = "Lesson_05.Exp_07", "Lesson_05\Lesson_05.Exp_07\Lesson_05.Exp_07.csproj", "{F34EF967-CB6E-4026-B0D6-A75918D409B0}"
EndProject
Project("{FAE04EC0-301F-11D3-BF4B-00C04F79EFBC}") = "Lesson_05.Exp_08", "Lesson_05\Lesson_05.Exp_08\Lesson_05.Exp_08.csproj", "{3BE4CDA1-1287-4FF6-AAD5-1452D774E5C0}"
EndProject
Project("{FAE04EC0-301F-11D3-BF4B-00C04F79EFBC}") = "Lesson_05.Exp_09", "Lesson_05\Lesson_05.Exp_09\Lesson_05.Exp_09.csproj", "{D4FC4D49-35AB-4ABF-BEAA-BDD8FEF1ACC8}"
EndProject
Project("{FAE04EC0-301F-11D3-BF4B-00C04F79EFBC}") = "Lesson_05.Exp_10", "Lesson_05\Lesson_05.Exp_10\Lesson_05.Exp_10.csproj", "{31750A1F-2882-4B57-B0ED-A1B5DEA0A41A}"
EndProject
Project("{FAE04EC0-301F-11D3-BF4B-00C04F79EFBC}") = "Lesson_05.Exp_11", "Lesson_05\Lesson_05.Exp_11\Lesson_05.Exp_11.csproj", "{F31A1886-7EFC-4B69-B281-F910BFCF3985}"
EndProject
Project("{FAE04EC0-301F-11D3-BF4B-00C04F79EFBC}") = "Lesson_05.Exp_12", "Lesson_05\Lesson_05.Exp_12\Lesson_05.Exp_12.csproj", "{5E0327E5-E4C1-4532-A8DF-B0BB6634A7D5}"
EndProject
Project("{FAE04EC0-301F-11D3-BF4B-00C04F79EFBC}") = "Lesson_05.Exp_13", "Lesson_05\Lesson_05.Exp_13\Lesson_05.Exp_13.csproj", "{94445810-DBB7-46F0-8984-1FB44AB9C4FA}"
EndProject
Project("{FAE04EC0-301F-11D3-BF4B-00C04F79EFBC}") = "Lesson_05.Exp_14", "Lesson_05\Lesson_05.Exp_14\Lesson_05.Exp_14.csproj", "{E2E30F10-F5B2-480D-90A2-F643499C9416}"
EndProject
Project("{FAE04EC0-301F-11D3-BF4B-00C04F79EFBC}") = "Lesson_05.Exp_15", "Lesson_05\Lesson_05.Exp_15\Lesson_05.Exp_15.csproj", "{366C7966-23E5-4C75-9AFF-B570111F004B}"
EndProject
Project("{FAE04EC0-301F-11D3-BF4B-00C04F79EFBC}") = "Lesson_05.Exp_16", "Lesson_05\Lesson_05.Exp_16\Lesson_05.Exp_16.csproj", "{32D47B27-9ED4-4244-A02B-04BB60FD4F09}"
EndProject
Project("{FAE04EC0-301F-11D3-BF4B-00C04F79EFBC}") = "Lesson_05.Exp_17", "Lesson_05\Lesson_05.Exp_17\Lesson_05.Exp_17.csproj", "{69F0A4A5-F896-42E7-9869-A4433C5BC877}"
EndProject
Project("{FAE04EC0-301F-11D3-BF4B-00C04F79EFBC}") = "Lesson_05.Exp_18", "Lesson_05\Lesson_05.Exp_18\Lesson_05.Exp_18.csproj", "{9D74ABB1-ECBD-4E36-8670-7111204482B1}"
EndProject
Project("{FAE04EC0-301F-11D3-BF4B-00C04F79EFBC}") = "Lesson_05.Exp_19", "Lesson_05\Lesson_05.Exp_19\Lesson_05.Exp_19.csproj", "{770B8A1C-0585-48C3-911A-42196BAC9F83}"
EndProject
Project("{2150E333-8FDC-42A3-9474-1A3956D46DE8}") = "Lesson_06", "Lesson_06", "{A2C2E698-A2B9-41C6-8884-12B4D15C61CB}"
EndProject
Project("{FAE04EC0-301F-11D3-BF4B-00C04F79EFBC}") = "Lesson_06.Exp_01", "Lesson_06\Lesson_06.Exp_01\Lesson_06.Exp_01.csproj", "{5F97704C-46CA-4EFA-B3C4-F6F113BC394C}"
EndProject
Global
	GlobalSection(SolutionConfigurationPlatforms) = preSolution
		Debug|Any CPU = Debug|Any CPU
		Release|Any CPU = Release|Any CPU
	EndGlobalSection
	GlobalSection(ProjectConfigurationPlatforms) = postSolution
		{0251AA33-986A-4709-9154-65F2767B6C3D}.Debug|Any CPU.ActiveCfg = Debug|Any CPU
		{0251AA33-986A-4709-9154-65F2767B6C3D}.Debug|Any CPU.Build.0 = Debug|Any CPU
		{0251AA33-986A-4709-9154-65F2767B6C3D}.Release|Any CPU.ActiveCfg = Release|Any CPU
		{0251AA33-986A-4709-9154-65F2767B6C3D}.Release|Any CPU.Build.0 = Release|Any CPU
		{9C53633A-94F4-470A-B9A1-6A5E41318A7C}.Debug|Any CPU.ActiveCfg = Debug|Any CPU
		{9C53633A-94F4-470A-B9A1-6A5E41318A7C}.Debug|Any CPU.Build.0 = Debug|Any CPU
		{9C53633A-94F4-470A-B9A1-6A5E41318A7C}.Release|Any CPU.ActiveCfg = Release|Any CPU
		{9C53633A-94F4-470A-B9A1-6A5E41318A7C}.Release|Any CPU.Build.0 = Release|Any CPU
		{2F01FDFB-FE1A-4E1B-BC91-258A8852F1CC}.Debug|Any CPU.ActiveCfg = Debug|Any CPU
		{2F01FDFB-FE1A-4E1B-BC91-258A8852F1CC}.Debug|Any CPU.Build.0 = Debug|Any CPU
		{2F01FDFB-FE1A-4E1B-BC91-258A8852F1CC}.Release|Any CPU.ActiveCfg = Release|Any CPU
		{2F01FDFB-FE1A-4E1B-BC91-258A8852F1CC}.Release|Any CPU.Build.0 = Release|Any CPU
		{43A73B56-8510-4954-95CC-C228138E3CB0}.Debug|Any CPU.ActiveCfg = Debug|Any CPU
		{43A73B56-8510-4954-95CC-C228138E3CB0}.Debug|Any CPU.Build.0 = Debug|Any CPU
		{43A73B56-8510-4954-95CC-C228138E3CB0}.Release|Any CPU.ActiveCfg = Release|Any CPU
		{43A73B56-8510-4954-95CC-C228138E3CB0}.Release|Any CPU.Build.0 = Release|Any CPU
		{A737A795-C946-4ACC-A758-A0E9BC87FFAA}.Debug|Any CPU.ActiveCfg = Debug|Any CPU
		{A737A795-C946-4ACC-A758-A0E9BC87FFAA}.Debug|Any CPU.Build.0 = Debug|Any CPU
		{A737A795-C946-4ACC-A758-A0E9BC87FFAA}.Release|Any CPU.ActiveCfg = Release|Any CPU
		{A737A795-C946-4ACC-A758-A0E9BC87FFAA}.Release|Any CPU.Build.0 = Release|Any CPU
		{DF4CE33D-1A41-4A4D-BE81-B882A2C8CA9A}.Debug|Any CPU.ActiveCfg = Debug|Any CPU
		{DF4CE33D-1A41-4A4D-BE81-B882A2C8CA9A}.Debug|Any CPU.Build.0 = Debug|Any CPU
		{DF4CE33D-1A41-4A4D-BE81-B882A2C8CA9A}.Release|Any CPU.ActiveCfg = Release|Any CPU
		{DF4CE33D-1A41-4A4D-BE81-B882A2C8CA9A}.Release|Any CPU.Build.0 = Release|Any CPU
		{599F3F2E-406F-4550-8948-1A1E3795AB57}.Debug|Any CPU.ActiveCfg = Debug|Any CPU
		{599F3F2E-406F-4550-8948-1A1E3795AB57}.Debug|Any CPU.Build.0 = Debug|Any CPU
		{599F3F2E-406F-4550-8948-1A1E3795AB57}.Release|Any CPU.ActiveCfg = Release|Any CPU
		{599F3F2E-406F-4550-8948-1A1E3795AB57}.Release|Any CPU.Build.0 = Release|Any CPU
		{44399445-5FFF-45DA-85AD-39AFB9E1405D}.Debug|Any CPU.ActiveCfg = Debug|Any CPU
		{44399445-5FFF-45DA-85AD-39AFB9E1405D}.Debug|Any CPU.Build.0 = Debug|Any CPU
		{44399445-5FFF-45DA-85AD-39AFB9E1405D}.Release|Any CPU.ActiveCfg = Release|Any CPU
		{44399445-5FFF-45DA-85AD-39AFB9E1405D}.Release|Any CPU.Build.0 = Release|Any CPU
		{A04E26A5-0EA4-4DAB-A02E-0CAF7489034C}.Debug|Any CPU.ActiveCfg = Debug|Any CPU
		{A04E26A5-0EA4-4DAB-A02E-0CAF7489034C}.Debug|Any CPU.Build.0 = Debug|Any CPU
		{A04E26A5-0EA4-4DAB-A02E-0CAF7489034C}.Release|Any CPU.ActiveCfg = Release|Any CPU
		{A04E26A5-0EA4-4DAB-A02E-0CAF7489034C}.Release|Any CPU.Build.0 = Release|Any CPU
		{63C16DFC-58C9-4A8A-98CC-9223BC41C227}.Debug|Any CPU.ActiveCfg = Debug|Any CPU
		{63C16DFC-58C9-4A8A-98CC-9223BC41C227}.Debug|Any CPU.Build.0 = Debug|Any CPU
		{63C16DFC-58C9-4A8A-98CC-9223BC41C227}.Release|Any CPU.ActiveCfg = Release|Any CPU
		{63C16DFC-58C9-4A8A-98CC-9223BC41C227}.Release|Any CPU.Build.0 = Release|Any CPU
		{B108B9BB-FB1D-4281-9722-49F9B9ADE71A}.Debug|Any CPU.ActiveCfg = Debug|Any CPU
		{B108B9BB-FB1D-4281-9722-49F9B9ADE71A}.Debug|Any CPU.Build.0 = Debug|Any CPU
		{B108B9BB-FB1D-4281-9722-49F9B9ADE71A}.Release|Any CPU.ActiveCfg = Release|Any CPU
		{B108B9BB-FB1D-4281-9722-49F9B9ADE71A}.Release|Any CPU.Build.0 = Release|Any CPU
		{060F68DC-5454-43B1-AD6D-C7E1A2EB92AD}.Debug|Any CPU.ActiveCfg = Debug|Any CPU
		{060F68DC-5454-43B1-AD6D-C7E1A2EB92AD}.Debug|Any CPU.Build.0 = Debug|Any CPU
		{060F68DC-5454-43B1-AD6D-C7E1A2EB92AD}.Release|Any CPU.ActiveCfg = Release|Any CPU
		{060F68DC-5454-43B1-AD6D-C7E1A2EB92AD}.Release|Any CPU.Build.0 = Release|Any CPU
		{10F7BCB6-E068-43EB-89BF-4FEABAEFC9F3}.Debug|Any CPU.ActiveCfg = Debug|Any CPU
		{10F7BCB6-E068-43EB-89BF-4FEABAEFC9F3}.Debug|Any CPU.Build.0 = Debug|Any CPU
		{10F7BCB6-E068-43EB-89BF-4FEABAEFC9F3}.Release|Any CPU.ActiveCfg = Release|Any CPU
		{10F7BCB6-E068-43EB-89BF-4FEABAEFC9F3}.Release|Any CPU.Build.0 = Release|Any CPU
		{1A9E1638-09D7-4AC2-BFA0-DFB202501254}.Debug|Any CPU.ActiveCfg = Debug|Any CPU
		{1A9E1638-09D7-4AC2-BFA0-DFB202501254}.Debug|Any CPU.Build.0 = Debug|Any CPU
		{1A9E1638-09D7-4AC2-BFA0-DFB202501254}.Release|Any CPU.ActiveCfg = Release|Any CPU
		{1A9E1638-09D7-4AC2-BFA0-DFB202501254}.Release|Any CPU.Build.0 = Release|Any CPU
		{1197EA4B-4370-46A9-80B8-95CC51B3C6BC}.Debug|Any CPU.ActiveCfg = Debug|Any CPU
		{1197EA4B-4370-46A9-80B8-95CC51B3C6BC}.Debug|Any CPU.Build.0 = Debug|Any CPU
		{1197EA4B-4370-46A9-80B8-95CC51B3C6BC}.Release|Any CPU.ActiveCfg = Release|Any CPU
		{1197EA4B-4370-46A9-80B8-95CC51B3C6BC}.Release|Any CPU.Build.0 = Release|Any CPU
		{201CD4B1-4E2E-4344-A569-FDD1450778CA}.Debug|Any CPU.ActiveCfg = Debug|Any CPU
		{201CD4B1-4E2E-4344-A569-FDD1450778CA}.Debug|Any CPU.Build.0 = Debug|Any CPU
		{201CD4B1-4E2E-4344-A569-FDD1450778CA}.Release|Any CPU.ActiveCfg = Release|Any CPU
		{201CD4B1-4E2E-4344-A569-FDD1450778CA}.Release|Any CPU.Build.0 = Release|Any CPU
		{CFE6B5B6-9DCF-4C1D-B8F2-7B388AC7571B}.Debug|Any CPU.ActiveCfg = Debug|Any CPU
		{CFE6B5B6-9DCF-4C1D-B8F2-7B388AC7571B}.Debug|Any CPU.Build.0 = Debug|Any CPU
		{CFE6B5B6-9DCF-4C1D-B8F2-7B388AC7571B}.Release|Any CPU.ActiveCfg = Release|Any CPU
		{CFE6B5B6-9DCF-4C1D-B8F2-7B388AC7571B}.Release|Any CPU.Build.0 = Release|Any CPU
		{7EE65072-80B9-4E17-9237-8947302593B3}.Debug|Any CPU.ActiveCfg = Debug|Any CPU
		{7EE65072-80B9-4E17-9237-8947302593B3}.Debug|Any CPU.Build.0 = Debug|Any CPU
		{7EE65072-80B9-4E17-9237-8947302593B3}.Release|Any CPU.ActiveCfg = Release|Any CPU
		{7EE65072-80B9-4E17-9237-8947302593B3}.Release|Any CPU.Build.0 = Release|Any CPU
		{49B969A3-F63F-42BF-85A4-9EDA1B1A405A}.Debug|Any CPU.ActiveCfg = Debug|Any CPU
		{49B969A3-F63F-42BF-85A4-9EDA1B1A405A}.Debug|Any CPU.Build.0 = Debug|Any CPU
		{49B969A3-F63F-42BF-85A4-9EDA1B1A405A}.Release|Any CPU.ActiveCfg = Release|Any CPU
		{49B969A3-F63F-42BF-85A4-9EDA1B1A405A}.Release|Any CPU.Build.0 = Release|Any CPU
		{CA53E063-9FD3-4A2F-B27F-F74FF46E7CED}.Debug|Any CPU.ActiveCfg = Debug|Any CPU
		{CA53E063-9FD3-4A2F-B27F-F74FF46E7CED}.Debug|Any CPU.Build.0 = Debug|Any CPU
		{CA53E063-9FD3-4A2F-B27F-F74FF46E7CED}.Release|Any CPU.ActiveCfg = Release|Any CPU
		{CA53E063-9FD3-4A2F-B27F-F74FF46E7CED}.Release|Any CPU.Build.0 = Release|Any CPU
		{A24E605B-1702-4217-B4B8-ABBD5426402D}.Debug|Any CPU.ActiveCfg = Debug|Any CPU
		{A24E605B-1702-4217-B4B8-ABBD5426402D}.Debug|Any CPU.Build.0 = Debug|Any CPU
		{A24E605B-1702-4217-B4B8-ABBD5426402D}.Release|Any CPU.ActiveCfg = Release|Any CPU
		{A24E605B-1702-4217-B4B8-ABBD5426402D}.Release|Any CPU.Build.0 = Release|Any CPU
		{9EA7A415-DC0D-4A09-A7F1-17A55C56EF74}.Debug|Any CPU.ActiveCfg = Debug|Any CPU
		{9EA7A415-DC0D-4A09-A7F1-17A55C56EF74}.Debug|Any CPU.Build.0 = Debug|Any CPU
		{9EA7A415-DC0D-4A09-A7F1-17A55C56EF74}.Release|Any CPU.ActiveCfg = Release|Any CPU
		{9EA7A415-DC0D-4A09-A7F1-17A55C56EF74}.Release|Any CPU.Build.0 = Release|Any CPU
		{3793DAB5-EA69-4969-A89B-C103D3261E97}.Debug|Any CPU.ActiveCfg = Debug|Any CPU
		{3793DAB5-EA69-4969-A89B-C103D3261E97}.Debug|Any CPU.Build.0 = Debug|Any CPU
		{3793DAB5-EA69-4969-A89B-C103D3261E97}.Release|Any CPU.ActiveCfg = Release|Any CPU
		{3793DAB5-EA69-4969-A89B-C103D3261E97}.Release|Any CPU.Build.0 = Release|Any CPU
		{3FDED460-49DB-4A65-8C2C-3E11B9556553}.Debug|Any CPU.ActiveCfg = Debug|Any CPU
		{3FDED460-49DB-4A65-8C2C-3E11B9556553}.Debug|Any CPU.Build.0 = Debug|Any CPU
		{3FDED460-49DB-4A65-8C2C-3E11B9556553}.Release|Any CPU.ActiveCfg = Release|Any CPU
		{3FDED460-49DB-4A65-8C2C-3E11B9556553}.Release|Any CPU.Build.0 = Release|Any CPU
		{CF7B320C-5C2C-48FA-BDAB-07A623B08498}.Debug|Any CPU.ActiveCfg = Debug|Any CPU
		{CF7B320C-5C2C-48FA-BDAB-07A623B08498}.Debug|Any CPU.Build.0 = Debug|Any CPU
		{CF7B320C-5C2C-48FA-BDAB-07A623B08498}.Release|Any CPU.ActiveCfg = Release|Any CPU
		{CF7B320C-5C2C-48FA-BDAB-07A623B08498}.Release|Any CPU.Build.0 = Release|Any CPU
		{43677DF2-97B2-4578-B8FC-C2669160625C}.Debug|Any CPU.ActiveCfg = Debug|Any CPU
		{43677DF2-97B2-4578-B8FC-C2669160625C}.Debug|Any CPU.Build.0 = Debug|Any CPU
		{43677DF2-97B2-4578-B8FC-C2669160625C}.Release|Any CPU.ActiveCfg = Release|Any CPU
		{43677DF2-97B2-4578-B8FC-C2669160625C}.Release|Any CPU.Build.0 = Release|Any CPU
		{560994E1-4D26-4484-A2ED-9E6B0710A003}.Debug|Any CPU.ActiveCfg = Debug|Any CPU
		{560994E1-4D26-4484-A2ED-9E6B0710A003}.Debug|Any CPU.Build.0 = Debug|Any CPU
		{560994E1-4D26-4484-A2ED-9E6B0710A003}.Release|Any CPU.ActiveCfg = Release|Any CPU
		{560994E1-4D26-4484-A2ED-9E6B0710A003}.Release|Any CPU.Build.0 = Release|Any CPU
		{7E68781D-4315-4EFC-88E9-8DD16843F420}.Debug|Any CPU.ActiveCfg = Debug|Any CPU
		{7E68781D-4315-4EFC-88E9-8DD16843F420}.Debug|Any CPU.Build.0 = Debug|Any CPU
		{7E68781D-4315-4EFC-88E9-8DD16843F420}.Release|Any CPU.ActiveCfg = Release|Any CPU
		{7E68781D-4315-4EFC-88E9-8DD16843F420}.Release|Any CPU.Build.0 = Release|Any CPU
		{3FE44DDF-6E2E-4CCB-BF97-C98C35FF4F07}.Debug|Any CPU.ActiveCfg = Debug|Any CPU
		{3FE44DDF-6E2E-4CCB-BF97-C98C35FF4F07}.Debug|Any CPU.Build.0 = Debug|Any CPU
		{3FE44DDF-6E2E-4CCB-BF97-C98C35FF4F07}.Release|Any CPU.ActiveCfg = Release|Any CPU
		{3FE44DDF-6E2E-4CCB-BF97-C98C35FF4F07}.Release|Any CPU.Build.0 = Release|Any CPU
		{D8EF22DF-5B6D-40D4-B476-449F48961272}.Debug|Any CPU.ActiveCfg = Debug|Any CPU
		{D8EF22DF-5B6D-40D4-B476-449F48961272}.Debug|Any CPU.Build.0 = Debug|Any CPU
		{D8EF22DF-5B6D-40D4-B476-449F48961272}.Release|Any CPU.ActiveCfg = Release|Any CPU
		{D8EF22DF-5B6D-40D4-B476-449F48961272}.Release|Any CPU.Build.0 = Release|Any CPU
		{1BB432D2-9426-4D24-9E0F-1D2751EEB2D6}.Debug|Any CPU.ActiveCfg = Debug|Any CPU
		{1BB432D2-9426-4D24-9E0F-1D2751EEB2D6}.Debug|Any CPU.Build.0 = Debug|Any CPU
		{1BB432D2-9426-4D24-9E0F-1D2751EEB2D6}.Release|Any CPU.ActiveCfg = Release|Any CPU
		{1BB432D2-9426-4D24-9E0F-1D2751EEB2D6}.Release|Any CPU.Build.0 = Release|Any CPU
		{0B937932-75C1-4B74-9458-6C80954B744A}.Debug|Any CPU.ActiveCfg = Debug|Any CPU
		{0B937932-75C1-4B74-9458-6C80954B744A}.Debug|Any CPU.Build.0 = Debug|Any CPU
		{0B937932-75C1-4B74-9458-6C80954B744A}.Release|Any CPU.ActiveCfg = Release|Any CPU
		{0B937932-75C1-4B74-9458-6C80954B744A}.Release|Any CPU.Build.0 = Release|Any CPU
		{0565D264-21A2-4F2A-8195-AF7C060954E5}.Debug|Any CPU.ActiveCfg = Debug|Any CPU
		{0565D264-21A2-4F2A-8195-AF7C060954E5}.Debug|Any CPU.Build.0 = Debug|Any CPU
		{0565D264-21A2-4F2A-8195-AF7C060954E5}.Release|Any CPU.ActiveCfg = Release|Any CPU
		{0565D264-21A2-4F2A-8195-AF7C060954E5}.Release|Any CPU.Build.0 = Release|Any CPU
		{2994E5E4-CB08-44A5-800C-FFC883D8223C}.Debug|Any CPU.ActiveCfg = Debug|Any CPU
		{2994E5E4-CB08-44A5-800C-FFC883D8223C}.Debug|Any CPU.Build.0 = Debug|Any CPU
		{2994E5E4-CB08-44A5-800C-FFC883D8223C}.Release|Any CPU.ActiveCfg = Release|Any CPU
		{2994E5E4-CB08-44A5-800C-FFC883D8223C}.Release|Any CPU.Build.0 = Release|Any CPU
		{B987ED1E-64C5-42F5-A8FE-63F289407153}.Debug|Any CPU.ActiveCfg = Debug|Any CPU
		{B987ED1E-64C5-42F5-A8FE-63F289407153}.Debug|Any CPU.Build.0 = Debug|Any CPU
		{B987ED1E-64C5-42F5-A8FE-63F289407153}.Release|Any CPU.ActiveCfg = Release|Any CPU
		{B987ED1E-64C5-42F5-A8FE-63F289407153}.Release|Any CPU.Build.0 = Release|Any CPU
		{7DB7AA3C-5944-436B-B22D-B3E1FD7EF5FE}.Debug|Any CPU.ActiveCfg = Debug|Any CPU
		{7DB7AA3C-5944-436B-B22D-B3E1FD7EF5FE}.Debug|Any CPU.Build.0 = Debug|Any CPU
		{7DB7AA3C-5944-436B-B22D-B3E1FD7EF5FE}.Release|Any CPU.ActiveCfg = Release|Any CPU
		{7DB7AA3C-5944-436B-B22D-B3E1FD7EF5FE}.Release|Any CPU.Build.0 = Release|Any CPU
		{EE588E14-8D25-4036-95BE-9FC059A1B346}.Debug|Any CPU.ActiveCfg = Debug|Any CPU
		{EE588E14-8D25-4036-95BE-9FC059A1B346}.Debug|Any CPU.Build.0 = Debug|Any CPU
		{EE588E14-8D25-4036-95BE-9FC059A1B346}.Release|Any CPU.ActiveCfg = Release|Any CPU
		{EE588E14-8D25-4036-95BE-9FC059A1B346}.Release|Any CPU.Build.0 = Release|Any CPU
		{535BB023-28AD-4FCB-BB33-7030C3E53994}.Debug|Any CPU.ActiveCfg = Debug|Any CPU
		{535BB023-28AD-4FCB-BB33-7030C3E53994}.Debug|Any CPU.Build.0 = Debug|Any CPU
		{535BB023-28AD-4FCB-BB33-7030C3E53994}.Release|Any CPU.ActiveCfg = Release|Any CPU
		{535BB023-28AD-4FCB-BB33-7030C3E53994}.Release|Any CPU.Build.0 = Release|Any CPU
		{C954444F-C20A-45D5-8588-DC4F6AEEB10C}.Debug|Any CPU.ActiveCfg = Debug|Any CPU
		{C954444F-C20A-45D5-8588-DC4F6AEEB10C}.Debug|Any CPU.Build.0 = Debug|Any CPU
		{C954444F-C20A-45D5-8588-DC4F6AEEB10C}.Release|Any CPU.ActiveCfg = Release|Any CPU
		{C954444F-C20A-45D5-8588-DC4F6AEEB10C}.Release|Any CPU.Build.0 = Release|Any CPU
		{9CD852C5-3236-4607-90F3-247B778D06EC}.Debug|Any CPU.ActiveCfg = Debug|Any CPU
		{9CD852C5-3236-4607-90F3-247B778D06EC}.Debug|Any CPU.Build.0 = Debug|Any CPU
		{9CD852C5-3236-4607-90F3-247B778D06EC}.Release|Any CPU.ActiveCfg = Release|Any CPU
		{9CD852C5-3236-4607-90F3-247B778D06EC}.Release|Any CPU.Build.0 = Release|Any CPU
		{CDE8EC12-F335-4472-918F-AB94D69A54F3}.Debug|Any CPU.ActiveCfg = Debug|Any CPU
		{CDE8EC12-F335-4472-918F-AB94D69A54F3}.Debug|Any CPU.Build.0 = Debug|Any CPU
		{CDE8EC12-F335-4472-918F-AB94D69A54F3}.Release|Any CPU.ActiveCfg = Release|Any CPU
		{CDE8EC12-F335-4472-918F-AB94D69A54F3}.Release|Any CPU.Build.0 = Release|Any CPU
		{7FB3995E-6F5D-4D1B-8C62-300AEA079CF4}.Debug|Any CPU.ActiveCfg = Debug|Any CPU
		{7FB3995E-6F5D-4D1B-8C62-300AEA079CF4}.Debug|Any CPU.Build.0 = Debug|Any CPU
		{7FB3995E-6F5D-4D1B-8C62-300AEA079CF4}.Release|Any CPU.ActiveCfg = Release|Any CPU
		{7FB3995E-6F5D-4D1B-8C62-300AEA079CF4}.Release|Any CPU.Build.0 = Release|Any CPU
		{7BB13501-2E8E-4CA5-8627-4D7A3A2C65D7}.Debug|Any CPU.ActiveCfg = Debug|Any CPU
		{7BB13501-2E8E-4CA5-8627-4D7A3A2C65D7}.Debug|Any CPU.Build.0 = Debug|Any CPU
		{7BB13501-2E8E-4CA5-8627-4D7A3A2C65D7}.Release|Any CPU.ActiveCfg = Release|Any CPU
		{7BB13501-2E8E-4CA5-8627-4D7A3A2C65D7}.Release|Any CPU.Build.0 = Release|Any CPU
		{2A32E5F0-6E0E-4448-BBA2-AAE6E97E8AD0}.Debug|Any CPU.ActiveCfg = Debug|Any CPU
		{2A32E5F0-6E0E-4448-BBA2-AAE6E97E8AD0}.Debug|Any CPU.Build.0 = Debug|Any CPU
		{2A32E5F0-6E0E-4448-BBA2-AAE6E97E8AD0}.Release|Any CPU.ActiveCfg = Release|Any CPU
		{2A32E5F0-6E0E-4448-BBA2-AAE6E97E8AD0}.Release|Any CPU.Build.0 = Release|Any CPU
		{A8449518-188E-4779-A548-914E71F3C90B}.Debug|Any CPU.ActiveCfg = Debug|Any CPU
		{A8449518-188E-4779-A548-914E71F3C90B}.Debug|Any CPU.Build.0 = Debug|Any CPU
		{A8449518-188E-4779-A548-914E71F3C90B}.Release|Any CPU.ActiveCfg = Release|Any CPU
		{A8449518-188E-4779-A548-914E71F3C90B}.Release|Any CPU.Build.0 = Release|Any CPU
		{915A31FF-25B7-4C74-83D7-5C3C24F7F3F3}.Debug|Any CPU.ActiveCfg = Debug|Any CPU
		{915A31FF-25B7-4C74-83D7-5C3C24F7F3F3}.Debug|Any CPU.Build.0 = Debug|Any CPU
		{915A31FF-25B7-4C74-83D7-5C3C24F7F3F3}.Release|Any CPU.ActiveCfg = Release|Any CPU
		{915A31FF-25B7-4C74-83D7-5C3C24F7F3F3}.Release|Any CPU.Build.0 = Release|Any CPU
		{80739359-8579-4F4F-B589-C83F1295EE76}.Debug|Any CPU.ActiveCfg = Debug|Any CPU
		{80739359-8579-4F4F-B589-C83F1295EE76}.Debug|Any CPU.Build.0 = Debug|Any CPU
		{80739359-8579-4F4F-B589-C83F1295EE76}.Release|Any CPU.ActiveCfg = Release|Any CPU
		{80739359-8579-4F4F-B589-C83F1295EE76}.Release|Any CPU.Build.0 = Release|Any CPU
		{1FB5A390-A231-4F7E-A3D2-D6716B7EAD1A}.Debug|Any CPU.ActiveCfg = Debug|Any CPU
		{1FB5A390-A231-4F7E-A3D2-D6716B7EAD1A}.Debug|Any CPU.Build.0 = Debug|Any CPU
		{1FB5A390-A231-4F7E-A3D2-D6716B7EAD1A}.Release|Any CPU.ActiveCfg = Release|Any CPU
		{1FB5A390-A231-4F7E-A3D2-D6716B7EAD1A}.Release|Any CPU.Build.0 = Release|Any CPU
		{4EC38EDB-1484-4E3D-9B42-DCE58C138628}.Debug|Any CPU.ActiveCfg = Debug|Any CPU
		{4EC38EDB-1484-4E3D-9B42-DCE58C138628}.Debug|Any CPU.Build.0 = Debug|Any CPU
		{4EC38EDB-1484-4E3D-9B42-DCE58C138628}.Release|Any CPU.ActiveCfg = Release|Any CPU
		{4EC38EDB-1484-4E3D-9B42-DCE58C138628}.Release|Any CPU.Build.0 = Release|Any CPU
		{1EB784F0-6100-4D92-9DFE-FB9DA33B418F}.Debug|Any CPU.ActiveCfg = Debug|Any CPU
		{1EB784F0-6100-4D92-9DFE-FB9DA33B418F}.Debug|Any CPU.Build.0 = Debug|Any CPU
		{1EB784F0-6100-4D92-9DFE-FB9DA33B418F}.Release|Any CPU.ActiveCfg = Release|Any CPU
		{1EB784F0-6100-4D92-9DFE-FB9DA33B418F}.Release|Any CPU.Build.0 = Release|Any CPU
		{97754F37-5B05-46BA-BBBF-87961FE2B694}.Debug|Any CPU.ActiveCfg = Debug|Any CPU
		{97754F37-5B05-46BA-BBBF-87961FE2B694}.Debug|Any CPU.Build.0 = Debug|Any CPU
		{97754F37-5B05-46BA-BBBF-87961FE2B694}.Release|Any CPU.ActiveCfg = Release|Any CPU
		{97754F37-5B05-46BA-BBBF-87961FE2B694}.Release|Any CPU.Build.0 = Release|Any CPU
		{B3517926-3914-4EB1-BB1B-D1245B802508}.Debug|Any CPU.ActiveCfg = Debug|Any CPU
		{B3517926-3914-4EB1-BB1B-D1245B802508}.Debug|Any CPU.Build.0 = Debug|Any CPU
		{B3517926-3914-4EB1-BB1B-D1245B802508}.Release|Any CPU.ActiveCfg = Release|Any CPU
		{B3517926-3914-4EB1-BB1B-D1245B802508}.Release|Any CPU.Build.0 = Release|Any CPU
		{377ED7CE-6D06-42DF-9D80-8447A375F198}.Debug|Any CPU.ActiveCfg = Debug|Any CPU
		{377ED7CE-6D06-42DF-9D80-8447A375F198}.Debug|Any CPU.Build.0 = Debug|Any CPU
		{377ED7CE-6D06-42DF-9D80-8447A375F198}.Release|Any CPU.ActiveCfg = Release|Any CPU
		{377ED7CE-6D06-42DF-9D80-8447A375F198}.Release|Any CPU.Build.0 = Release|Any CPU
		{63897551-EB91-406B-925C-9FCA178A1C9E}.Debug|Any CPU.ActiveCfg = Debug|Any CPU
		{63897551-EB91-406B-925C-9FCA178A1C9E}.Debug|Any CPU.Build.0 = Debug|Any CPU
		{63897551-EB91-406B-925C-9FCA178A1C9E}.Release|Any CPU.ActiveCfg = Release|Any CPU
		{63897551-EB91-406B-925C-9FCA178A1C9E}.Release|Any CPU.Build.0 = Release|Any CPU
		{B17C7304-2445-41D9-8F16-675AC39A5FD9}.Debug|Any CPU.ActiveCfg = Debug|Any CPU
		{B17C7304-2445-41D9-8F16-675AC39A5FD9}.Debug|Any CPU.Build.0 = Debug|Any CPU
		{B17C7304-2445-41D9-8F16-675AC39A5FD9}.Release|Any CPU.ActiveCfg = Release|Any CPU
		{B17C7304-2445-41D9-8F16-675AC39A5FD9}.Release|Any CPU.Build.0 = Release|Any CPU
		{267BDA85-7819-4767-AB0D-7170AAD7C010}.Debug|Any CPU.ActiveCfg = Debug|Any CPU
		{267BDA85-7819-4767-AB0D-7170AAD7C010}.Debug|Any CPU.Build.0 = Debug|Any CPU
		{267BDA85-7819-4767-AB0D-7170AAD7C010}.Release|Any CPU.ActiveCfg = Release|Any CPU
		{267BDA85-7819-4767-AB0D-7170AAD7C010}.Release|Any CPU.Build.0 = Release|Any CPU
		{24E1CC50-FEE5-44CC-AB55-058121F7B829}.Debug|Any CPU.ActiveCfg = Debug|Any CPU
		{24E1CC50-FEE5-44CC-AB55-058121F7B829}.Debug|Any CPU.Build.0 = Debug|Any CPU
		{24E1CC50-FEE5-44CC-AB55-058121F7B829}.Release|Any CPU.ActiveCfg = Release|Any CPU
		{24E1CC50-FEE5-44CC-AB55-058121F7B829}.Release|Any CPU.Build.0 = Release|Any CPU
		{18A973D1-524E-4E25-9635-361B3EEADF64}.Debug|Any CPU.ActiveCfg = Debug|Any CPU
		{18A973D1-524E-4E25-9635-361B3EEADF64}.Debug|Any CPU.Build.0 = Debug|Any CPU
		{18A973D1-524E-4E25-9635-361B3EEADF64}.Release|Any CPU.ActiveCfg = Release|Any CPU
		{18A973D1-524E-4E25-9635-361B3EEADF64}.Release|Any CPU.Build.0 = Release|Any CPU
		{7AD73E02-9A49-4EF8-A108-79F9E8C648E2}.Debug|Any CPU.ActiveCfg = Debug|Any CPU
		{7AD73E02-9A49-4EF8-A108-79F9E8C648E2}.Debug|Any CPU.Build.0 = Debug|Any CPU
		{7AD73E02-9A49-4EF8-A108-79F9E8C648E2}.Release|Any CPU.ActiveCfg = Release|Any CPU
		{7AD73E02-9A49-4EF8-A108-79F9E8C648E2}.Release|Any CPU.Build.0 = Release|Any CPU
		{8761BB15-2E7F-419B-80BB-46070F8BF466}.Debug|Any CPU.ActiveCfg = Debug|Any CPU
		{8761BB15-2E7F-419B-80BB-46070F8BF466}.Debug|Any CPU.Build.0 = Debug|Any CPU
		{8761BB15-2E7F-419B-80BB-46070F8BF466}.Release|Any CPU.ActiveCfg = Release|Any CPU
		{8761BB15-2E7F-419B-80BB-46070F8BF466}.Release|Any CPU.Build.0 = Release|Any CPU
		{6A0A3421-69E0-48EF-AF3B-C39A450BCB20}.Debug|Any CPU.ActiveCfg = Debug|Any CPU
		{6A0A3421-69E0-48EF-AF3B-C39A450BCB20}.Debug|Any CPU.Build.0 = Debug|Any CPU
		{6A0A3421-69E0-48EF-AF3B-C39A450BCB20}.Release|Any CPU.ActiveCfg = Release|Any CPU
		{6A0A3421-69E0-48EF-AF3B-C39A450BCB20}.Release|Any CPU.Build.0 = Release|Any CPU
		{FE1C95F2-80A5-4FBA-B6FC-BB2595F0ED33}.Debug|Any CPU.ActiveCfg = Debug|Any CPU
		{FE1C95F2-80A5-4FBA-B6FC-BB2595F0ED33}.Debug|Any CPU.Build.0 = Debug|Any CPU
		{FE1C95F2-80A5-4FBA-B6FC-BB2595F0ED33}.Release|Any CPU.ActiveCfg = Release|Any CPU
		{FE1C95F2-80A5-4FBA-B6FC-BB2595F0ED33}.Release|Any CPU.Build.0 = Release|Any CPU
		{CCC4ED08-E038-4CE9-9449-006C223BDA6B}.Debug|Any CPU.ActiveCfg = Debug|Any CPU
		{CCC4ED08-E038-4CE9-9449-006C223BDA6B}.Debug|Any CPU.Build.0 = Debug|Any CPU
		{CCC4ED08-E038-4CE9-9449-006C223BDA6B}.Release|Any CPU.ActiveCfg = Release|Any CPU
		{CCC4ED08-E038-4CE9-9449-006C223BDA6B}.Release|Any CPU.Build.0 = Release|Any CPU
		{9FEEBEFC-E40B-4F04-9111-D4C3C804782A}.Debug|Any CPU.ActiveCfg = Debug|Any CPU
		{9FEEBEFC-E40B-4F04-9111-D4C3C804782A}.Debug|Any CPU.Build.0 = Debug|Any CPU
		{9FEEBEFC-E40B-4F04-9111-D4C3C804782A}.Release|Any CPU.ActiveCfg = Release|Any CPU
		{9FEEBEFC-E40B-4F04-9111-D4C3C804782A}.Release|Any CPU.Build.0 = Release|Any CPU
		{078F1352-5EEF-4FD0-9A6D-9C6D4D4A6B13}.Debug|Any CPU.ActiveCfg = Debug|Any CPU
		{078F1352-5EEF-4FD0-9A6D-9C6D4D4A6B13}.Debug|Any CPU.Build.0 = Debug|Any CPU
		{078F1352-5EEF-4FD0-9A6D-9C6D4D4A6B13}.Release|Any CPU.ActiveCfg = Release|Any CPU
		{078F1352-5EEF-4FD0-9A6D-9C6D4D4A6B13}.Release|Any CPU.Build.0 = Release|Any CPU
		{DB7799D5-7456-4D6F-9EF5-04192ECEC2C9}.Debug|Any CPU.ActiveCfg = Debug|Any CPU
		{DB7799D5-7456-4D6F-9EF5-04192ECEC2C9}.Debug|Any CPU.Build.0 = Debug|Any CPU
		{DB7799D5-7456-4D6F-9EF5-04192ECEC2C9}.Release|Any CPU.ActiveCfg = Release|Any CPU
		{DB7799D5-7456-4D6F-9EF5-04192ECEC2C9}.Release|Any CPU.Build.0 = Release|Any CPU
		{8F52CEB4-8B2F-46E1-88AE-821456C08074}.Debug|Any CPU.ActiveCfg = Debug|Any CPU
		{8F52CEB4-8B2F-46E1-88AE-821456C08074}.Debug|Any CPU.Build.0 = Debug|Any CPU
		{8F52CEB4-8B2F-46E1-88AE-821456C08074}.Release|Any CPU.ActiveCfg = Release|Any CPU
		{8F52CEB4-8B2F-46E1-88AE-821456C08074}.Release|Any CPU.Build.0 = Release|Any CPU
		{D777FCAD-3839-409E-A8BF-FE091FD43C6C}.Debug|Any CPU.ActiveCfg = Debug|Any CPU
		{D777FCAD-3839-409E-A8BF-FE091FD43C6C}.Debug|Any CPU.Build.0 = Debug|Any CPU
		{D777FCAD-3839-409E-A8BF-FE091FD43C6C}.Release|Any CPU.ActiveCfg = Release|Any CPU
		{D777FCAD-3839-409E-A8BF-FE091FD43C6C}.Release|Any CPU.Build.0 = Release|Any CPU
		{9A84A5A2-BBA3-42CA-A48E-71A8DFF35563}.Debug|Any CPU.ActiveCfg = Debug|Any CPU
		{9A84A5A2-BBA3-42CA-A48E-71A8DFF35563}.Debug|Any CPU.Build.0 = Debug|Any CPU
		{9A84A5A2-BBA3-42CA-A48E-71A8DFF35563}.Release|Any CPU.ActiveCfg = Release|Any CPU
		{9A84A5A2-BBA3-42CA-A48E-71A8DFF35563}.Release|Any CPU.Build.0 = Release|Any CPU
		{5683D8BE-E49B-4DC6-BE34-4A2A9F564961}.Debug|Any CPU.ActiveCfg = Debug|Any CPU
		{5683D8BE-E49B-4DC6-BE34-4A2A9F564961}.Debug|Any CPU.Build.0 = Debug|Any CPU
		{5683D8BE-E49B-4DC6-BE34-4A2A9F564961}.Release|Any CPU.ActiveCfg = Release|Any CPU
		{5683D8BE-E49B-4DC6-BE34-4A2A9F564961}.Release|Any CPU.Build.0 = Release|Any CPU
		{6FBB5362-39D6-485D-9182-D5CA977B1CF9}.Debug|Any CPU.ActiveCfg = Debug|Any CPU
		{6FBB5362-39D6-485D-9182-D5CA977B1CF9}.Debug|Any CPU.Build.0 = Debug|Any CPU
		{6FBB5362-39D6-485D-9182-D5CA977B1CF9}.Release|Any CPU.ActiveCfg = Release|Any CPU
		{6FBB5362-39D6-485D-9182-D5CA977B1CF9}.Release|Any CPU.Build.0 = Release|Any CPU
		{632080A3-F437-4002-B2BF-466798E5DDA0}.Debug|Any CPU.ActiveCfg = Debug|Any CPU
		{632080A3-F437-4002-B2BF-466798E5DDA0}.Debug|Any CPU.Build.0 = Debug|Any CPU
		{632080A3-F437-4002-B2BF-466798E5DDA0}.Release|Any CPU.ActiveCfg = Release|Any CPU
		{632080A3-F437-4002-B2BF-466798E5DDA0}.Release|Any CPU.Build.0 = Release|Any CPU
		{6993AC61-3F02-4B45-A4AD-360C6E549DF9}.Debug|Any CPU.ActiveCfg = Debug|Any CPU
		{6993AC61-3F02-4B45-A4AD-360C6E549DF9}.Debug|Any CPU.Build.0 = Debug|Any CPU
		{6993AC61-3F02-4B45-A4AD-360C6E549DF9}.Release|Any CPU.ActiveCfg = Release|Any CPU
		{6993AC61-3F02-4B45-A4AD-360C6E549DF9}.Release|Any CPU.Build.0 = Release|Any CPU
		{AFBD5B92-3C42-43CF-B6D7-888BC06D2A0C}.Debug|Any CPU.ActiveCfg = Debug|Any CPU
		{AFBD5B92-3C42-43CF-B6D7-888BC06D2A0C}.Debug|Any CPU.Build.0 = Debug|Any CPU
		{AFBD5B92-3C42-43CF-B6D7-888BC06D2A0C}.Release|Any CPU.ActiveCfg = Release|Any CPU
		{AFBD5B92-3C42-43CF-B6D7-888BC06D2A0C}.Release|Any CPU.Build.0 = Release|Any CPU
		{A8D71246-6452-411B-AAB4-301F5D500F3B}.Debug|Any CPU.ActiveCfg = Debug|Any CPU
		{A8D71246-6452-411B-AAB4-301F5D500F3B}.Debug|Any CPU.Build.0 = Debug|Any CPU
		{A8D71246-6452-411B-AAB4-301F5D500F3B}.Release|Any CPU.ActiveCfg = Release|Any CPU
		{A8D71246-6452-411B-AAB4-301F5D500F3B}.Release|Any CPU.Build.0 = Release|Any CPU
		{AC3E4BC1-53C3-498A-996D-E39C784BC226}.Debug|Any CPU.ActiveCfg = Debug|Any CPU
		{AC3E4BC1-53C3-498A-996D-E39C784BC226}.Debug|Any CPU.Build.0 = Debug|Any CPU
		{AC3E4BC1-53C3-498A-996D-E39C784BC226}.Release|Any CPU.ActiveCfg = Release|Any CPU
		{AC3E4BC1-53C3-498A-996D-E39C784BC226}.Release|Any CPU.Build.0 = Release|Any CPU
		{140F421B-F635-4E09-AAC8-A337738F6A07}.Debug|Any CPU.ActiveCfg = Debug|Any CPU
		{140F421B-F635-4E09-AAC8-A337738F6A07}.Debug|Any CPU.Build.0 = Debug|Any CPU
		{140F421B-F635-4E09-AAC8-A337738F6A07}.Release|Any CPU.ActiveCfg = Release|Any CPU
		{140F421B-F635-4E09-AAC8-A337738F6A07}.Release|Any CPU.Build.0 = Release|Any CPU
		{9E799557-109D-49E7-A9D9-CC49E1F8AF62}.Debug|Any CPU.ActiveCfg = Debug|Any CPU
		{9E799557-109D-49E7-A9D9-CC49E1F8AF62}.Debug|Any CPU.Build.0 = Debug|Any CPU
		{9E799557-109D-49E7-A9D9-CC49E1F8AF62}.Release|Any CPU.ActiveCfg = Release|Any CPU
		{9E799557-109D-49E7-A9D9-CC49E1F8AF62}.Release|Any CPU.Build.0 = Release|Any CPU
		{DB23E1B9-D0B3-46C8-998A-92E1DF0BDDD3}.Debug|Any CPU.ActiveCfg = Debug|Any CPU
		{DB23E1B9-D0B3-46C8-998A-92E1DF0BDDD3}.Debug|Any CPU.Build.0 = Debug|Any CPU
		{DB23E1B9-D0B3-46C8-998A-92E1DF0BDDD3}.Release|Any CPU.ActiveCfg = Release|Any CPU
		{DB23E1B9-D0B3-46C8-998A-92E1DF0BDDD3}.Release|Any CPU.Build.0 = Release|Any CPU
		{4171B5A7-61BC-4F3D-8E85-DD47D526DD72}.Debug|Any CPU.ActiveCfg = Debug|Any CPU
		{4171B5A7-61BC-4F3D-8E85-DD47D526DD72}.Debug|Any CPU.Build.0 = Debug|Any CPU
		{4171B5A7-61BC-4F3D-8E85-DD47D526DD72}.Release|Any CPU.ActiveCfg = Release|Any CPU
		{4171B5A7-61BC-4F3D-8E85-DD47D526DD72}.Release|Any CPU.Build.0 = Release|Any CPU
		{F2A65B76-0AA4-4EB7-93FB-699EA8BFBEB3}.Debug|Any CPU.ActiveCfg = Debug|Any CPU
		{F2A65B76-0AA4-4EB7-93FB-699EA8BFBEB3}.Debug|Any CPU.Build.0 = Debug|Any CPU
		{F2A65B76-0AA4-4EB7-93FB-699EA8BFBEB3}.Release|Any CPU.ActiveCfg = Release|Any CPU
		{F2A65B76-0AA4-4EB7-93FB-699EA8BFBEB3}.Release|Any CPU.Build.0 = Release|Any CPU
		{F8F10259-E7ED-40DB-8E1C-6E07ADA0E7C1}.Debug|Any CPU.ActiveCfg = Debug|Any CPU
		{F8F10259-E7ED-40DB-8E1C-6E07ADA0E7C1}.Debug|Any CPU.Build.0 = Debug|Any CPU
		{F8F10259-E7ED-40DB-8E1C-6E07ADA0E7C1}.Release|Any CPU.ActiveCfg = Release|Any CPU
		{F8F10259-E7ED-40DB-8E1C-6E07ADA0E7C1}.Release|Any CPU.Build.0 = Release|Any CPU
		{808B2750-3436-4445-A7D2-87CB5B606CDA}.Debug|Any CPU.ActiveCfg = Debug|Any CPU
		{808B2750-3436-4445-A7D2-87CB5B606CDA}.Debug|Any CPU.Build.0 = Debug|Any CPU
		{808B2750-3436-4445-A7D2-87CB5B606CDA}.Release|Any CPU.ActiveCfg = Release|Any CPU
		{808B2750-3436-4445-A7D2-87CB5B606CDA}.Release|Any CPU.Build.0 = Release|Any CPU
		{F34EF967-CB6E-4026-B0D6-A75918D409B0}.Debug|Any CPU.ActiveCfg = Debug|Any CPU
		{F34EF967-CB6E-4026-B0D6-A75918D409B0}.Debug|Any CPU.Build.0 = Debug|Any CPU
		{F34EF967-CB6E-4026-B0D6-A75918D409B0}.Release|Any CPU.ActiveCfg = Release|Any CPU
		{F34EF967-CB6E-4026-B0D6-A75918D409B0}.Release|Any CPU.Build.0 = Release|Any CPU
		{3BE4CDA1-1287-4FF6-AAD5-1452D774E5C0}.Debug|Any CPU.ActiveCfg = Debug|Any CPU
		{3BE4CDA1-1287-4FF6-AAD5-1452D774E5C0}.Debug|Any CPU.Build.0 = Debug|Any CPU
		{3BE4CDA1-1287-4FF6-AAD5-1452D774E5C0}.Release|Any CPU.ActiveCfg = Release|Any CPU
		{3BE4CDA1-1287-4FF6-AAD5-1452D774E5C0}.Release|Any CPU.Build.0 = Release|Any CPU
		{D4FC4D49-35AB-4ABF-BEAA-BDD8FEF1ACC8}.Debug|Any CPU.ActiveCfg = Debug|Any CPU
		{D4FC4D49-35AB-4ABF-BEAA-BDD8FEF1ACC8}.Debug|Any CPU.Build.0 = Debug|Any CPU
		{D4FC4D49-35AB-4ABF-BEAA-BDD8FEF1ACC8}.Release|Any CPU.ActiveCfg = Release|Any CPU
		{D4FC4D49-35AB-4ABF-BEAA-BDD8FEF1ACC8}.Release|Any CPU.Build.0 = Release|Any CPU
		{31750A1F-2882-4B57-B0ED-A1B5DEA0A41A}.Debug|Any CPU.ActiveCfg = Debug|Any CPU
		{31750A1F-2882-4B57-B0ED-A1B5DEA0A41A}.Debug|Any CPU.Build.0 = Debug|Any CPU
		{31750A1F-2882-4B57-B0ED-A1B5DEA0A41A}.Release|Any CPU.ActiveCfg = Release|Any CPU
		{31750A1F-2882-4B57-B0ED-A1B5DEA0A41A}.Release|Any CPU.Build.0 = Release|Any CPU
		{F31A1886-7EFC-4B69-B281-F910BFCF3985}.Debug|Any CPU.ActiveCfg = Debug|Any CPU
		{F31A1886-7EFC-4B69-B281-F910BFCF3985}.Debug|Any CPU.Build.0 = Debug|Any CPU
		{F31A1886-7EFC-4B69-B281-F910BFCF3985}.Release|Any CPU.ActiveCfg = Release|Any CPU
		{F31A1886-7EFC-4B69-B281-F910BFCF3985}.Release|Any CPU.Build.0 = Release|Any CPU
		{5E0327E5-E4C1-4532-A8DF-B0BB6634A7D5}.Debug|Any CPU.ActiveCfg = Debug|Any CPU
		{5E0327E5-E4C1-4532-A8DF-B0BB6634A7D5}.Debug|Any CPU.Build.0 = Debug|Any CPU
		{5E0327E5-E4C1-4532-A8DF-B0BB6634A7D5}.Release|Any CPU.ActiveCfg = Release|Any CPU
		{5E0327E5-E4C1-4532-A8DF-B0BB6634A7D5}.Release|Any CPU.Build.0 = Release|Any CPU
		{94445810-DBB7-46F0-8984-1FB44AB9C4FA}.Debug|Any CPU.ActiveCfg = Debug|Any CPU
		{94445810-DBB7-46F0-8984-1FB44AB9C4FA}.Debug|Any CPU.Build.0 = Debug|Any CPU
		{94445810-DBB7-46F0-8984-1FB44AB9C4FA}.Release|Any CPU.ActiveCfg = Release|Any CPU
		{94445810-DBB7-46F0-8984-1FB44AB9C4FA}.Release|Any CPU.Build.0 = Release|Any CPU
		{E2E30F10-F5B2-480D-90A2-F643499C9416}.Debug|Any CPU.ActiveCfg = Debug|Any CPU
		{E2E30F10-F5B2-480D-90A2-F643499C9416}.Debug|Any CPU.Build.0 = Debug|Any CPU
		{E2E30F10-F5B2-480D-90A2-F643499C9416}.Release|Any CPU.ActiveCfg = Release|Any CPU
		{E2E30F10-F5B2-480D-90A2-F643499C9416}.Release|Any CPU.Build.0 = Release|Any CPU
		{366C7966-23E5-4C75-9AFF-B570111F004B}.Debug|Any CPU.ActiveCfg = Debug|Any CPU
		{366C7966-23E5-4C75-9AFF-B570111F004B}.Debug|Any CPU.Build.0 = Debug|Any CPU
		{366C7966-23E5-4C75-9AFF-B570111F004B}.Release|Any CPU.ActiveCfg = Release|Any CPU
		{366C7966-23E5-4C75-9AFF-B570111F004B}.Release|Any CPU.Build.0 = Release|Any CPU
		{32D47B27-9ED4-4244-A02B-04BB60FD4F09}.Debug|Any CPU.ActiveCfg = Debug|Any CPU
		{32D47B27-9ED4-4244-A02B-04BB60FD4F09}.Debug|Any CPU.Build.0 = Debug|Any CPU
		{32D47B27-9ED4-4244-A02B-04BB60FD4F09}.Release|Any CPU.ActiveCfg = Release|Any CPU
		{32D47B27-9ED4-4244-A02B-04BB60FD4F09}.Release|Any CPU.Build.0 = Release|Any CPU
		{69F0A4A5-F896-42E7-9869-A4433C5BC877}.Debug|Any CPU.ActiveCfg = Debug|Any CPU
		{69F0A4A5-F896-42E7-9869-A4433C5BC877}.Debug|Any CPU.Build.0 = Debug|Any CPU
		{69F0A4A5-F896-42E7-9869-A4433C5BC877}.Release|Any CPU.ActiveCfg = Release|Any CPU
		{69F0A4A5-F896-42E7-9869-A4433C5BC877}.Release|Any CPU.Build.0 = Release|Any CPU
		{9D74ABB1-ECBD-4E36-8670-7111204482B1}.Debug|Any CPU.ActiveCfg = Debug|Any CPU
		{9D74ABB1-ECBD-4E36-8670-7111204482B1}.Debug|Any CPU.Build.0 = Debug|Any CPU
		{9D74ABB1-ECBD-4E36-8670-7111204482B1}.Release|Any CPU.ActiveCfg = Release|Any CPU
		{9D74ABB1-ECBD-4E36-8670-7111204482B1}.Release|Any CPU.Build.0 = Release|Any CPU
		{770B8A1C-0585-48C3-911A-42196BAC9F83}.Debug|Any CPU.ActiveCfg = Debug|Any CPU
		{770B8A1C-0585-48C3-911A-42196BAC9F83}.Debug|Any CPU.Build.0 = Debug|Any CPU
		{770B8A1C-0585-48C3-911A-42196BAC9F83}.Release|Any CPU.ActiveCfg = Release|Any CPU
		{770B8A1C-0585-48C3-911A-42196BAC9F83}.Release|Any CPU.Build.0 = Release|Any CPU
		{5F97704C-46CA-4EFA-B3C4-F6F113BC394C}.Debug|Any CPU.ActiveCfg = Debug|Any CPU
		{5F97704C-46CA-4EFA-B3C4-F6F113BC394C}.Debug|Any CPU.Build.0 = Debug|Any CPU
		{5F97704C-46CA-4EFA-B3C4-F6F113BC394C}.Release|Any CPU.ActiveCfg = Release|Any CPU
		{5F97704C-46CA-4EFA-B3C4-F6F113BC394C}.Release|Any CPU.Build.0 = Release|Any CPU
	EndGlobalSection
	GlobalSection(SolutionProperties) = preSolution
		HideSolutionNode = FALSE
	EndGlobalSection
	GlobalSection(NestedProjects) = preSolution
		{0251AA33-986A-4709-9154-65F2767B6C3D} = {D7EA2306-527F-46FC-A20A-D2B41FD6B138}
		{9C53633A-94F4-470A-B9A1-6A5E41318A7C} = {D7EA2306-527F-46FC-A20A-D2B41FD6B138}
		{2F01FDFB-FE1A-4E1B-BC91-258A8852F1CC} = {D7EA2306-527F-46FC-A20A-D2B41FD6B138}
		{43A73B56-8510-4954-95CC-C228138E3CB0} = {D7EA2306-527F-46FC-A20A-D2B41FD6B138}
		{A737A795-C946-4ACC-A758-A0E9BC87FFAA} = {D7EA2306-527F-46FC-A20A-D2B41FD6B138}
		{DF4CE33D-1A41-4A4D-BE81-B882A2C8CA9A} = {D7EA2306-527F-46FC-A20A-D2B41FD6B138}
		{D7EA2306-527F-46FC-A20A-D2B41FD6B138} = {01170464-A230-424C-A40A-4BABB4338BFE}
		{B3950DE1-21B9-4E75-8580-BA0C7CF731C5} = {01170464-A230-424C-A40A-4BABB4338BFE}
		{599F3F2E-406F-4550-8948-1A1E3795AB57} = {B3950DE1-21B9-4E75-8580-BA0C7CF731C5}
		{44399445-5FFF-45DA-85AD-39AFB9E1405D} = {B3950DE1-21B9-4E75-8580-BA0C7CF731C5}
		{A04E26A5-0EA4-4DAB-A02E-0CAF7489034C} = {B3950DE1-21B9-4E75-8580-BA0C7CF731C5}
		{63C16DFC-58C9-4A8A-98CC-9223BC41C227} = {B3950DE1-21B9-4E75-8580-BA0C7CF731C5}
		{B108B9BB-FB1D-4281-9722-49F9B9ADE71A} = {B3950DE1-21B9-4E75-8580-BA0C7CF731C5}
		{060F68DC-5454-43B1-AD6D-C7E1A2EB92AD} = {B3950DE1-21B9-4E75-8580-BA0C7CF731C5}
		{0B6AABD6-18E2-478E-99BB-D7B8EC3BE85B} = {AB0DA4D6-3BE7-4F28-AA59-219E84D6C51F}
		{10F7BCB6-E068-43EB-89BF-4FEABAEFC9F3} = {0B6AABD6-18E2-478E-99BB-D7B8EC3BE85B}
		{1A9E1638-09D7-4AC2-BFA0-DFB202501254} = {0B6AABD6-18E2-478E-99BB-D7B8EC3BE85B}
		{1197EA4B-4370-46A9-80B8-95CC51B3C6BC} = {0B6AABD6-18E2-478E-99BB-D7B8EC3BE85B}
		{201CD4B1-4E2E-4344-A569-FDD1450778CA} = {0B6AABD6-18E2-478E-99BB-D7B8EC3BE85B}
		{CFE6B5B6-9DCF-4C1D-B8F2-7B388AC7571B} = {0B6AABD6-18E2-478E-99BB-D7B8EC3BE85B}
		{7EE65072-80B9-4E17-9237-8947302593B3} = {0B6AABD6-18E2-478E-99BB-D7B8EC3BE85B}
		{49B969A3-F63F-42BF-85A4-9EDA1B1A405A} = {0B6AABD6-18E2-478E-99BB-D7B8EC3BE85B}
		{115B7343-F5C9-47D6-B4F3-7FB281B276C8} = {AB0DA4D6-3BE7-4F28-AA59-219E84D6C51F}
		{CA53E063-9FD3-4A2F-B27F-F74FF46E7CED} = {115B7343-F5C9-47D6-B4F3-7FB281B276C8}
		{A24E605B-1702-4217-B4B8-ABBD5426402D} = {115B7343-F5C9-47D6-B4F3-7FB281B276C8}
		{9EA7A415-DC0D-4A09-A7F1-17A55C56EF74} = {115B7343-F5C9-47D6-B4F3-7FB281B276C8}
		{3793DAB5-EA69-4969-A89B-C103D3261E97} = {115B7343-F5C9-47D6-B4F3-7FB281B276C8}
		{3FDED460-49DB-4A65-8C2C-3E11B9556553} = {115B7343-F5C9-47D6-B4F3-7FB281B276C8}
		{CF7B320C-5C2C-48FA-BDAB-07A623B08498} = {115B7343-F5C9-47D6-B4F3-7FB281B276C8}
		{43677DF2-97B2-4578-B8FC-C2669160625C} = {115B7343-F5C9-47D6-B4F3-7FB281B276C8}
		{560994E1-4D26-4484-A2ED-9E6B0710A003} = {115B7343-F5C9-47D6-B4F3-7FB281B276C8}
		{7E68781D-4315-4EFC-88E9-8DD16843F420} = {115B7343-F5C9-47D6-B4F3-7FB281B276C8}
		{3FE44DDF-6E2E-4CCB-BF97-C98C35FF4F07} = {115B7343-F5C9-47D6-B4F3-7FB281B276C8}
		{D8EF22DF-5B6D-40D4-B476-449F48961272} = {115B7343-F5C9-47D6-B4F3-7FB281B276C8}
		{1BB432D2-9426-4D24-9E0F-1D2751EEB2D6} = {115B7343-F5C9-47D6-B4F3-7FB281B276C8}
		{0B937932-75C1-4B74-9458-6C80954B744A} = {115B7343-F5C9-47D6-B4F3-7FB281B276C8}
		{0565D264-21A2-4F2A-8195-AF7C060954E5} = {115B7343-F5C9-47D6-B4F3-7FB281B276C8}
		{2994E5E4-CB08-44A5-800C-FFC883D8223C} = {115B7343-F5C9-47D6-B4F3-7FB281B276C8}
		{B987ED1E-64C5-42F5-A8FE-63F289407153} = {115B7343-F5C9-47D6-B4F3-7FB281B276C8}
		{7DB7AA3C-5944-436B-B22D-B3E1FD7EF5FE} = {115B7343-F5C9-47D6-B4F3-7FB281B276C8}
		{EE588E14-8D25-4036-95BE-9FC059A1B346} = {115B7343-F5C9-47D6-B4F3-7FB281B276C8}
		{535BB023-28AD-4FCB-BB33-7030C3E53994} = {115B7343-F5C9-47D6-B4F3-7FB281B276C8}
		{C954444F-C20A-45D5-8588-DC4F6AEEB10C} = {115B7343-F5C9-47D6-B4F3-7FB281B276C8}
		{9CD852C5-3236-4607-90F3-247B778D06EC} = {115B7343-F5C9-47D6-B4F3-7FB281B276C8}
		{CDE8EC12-F335-4472-918F-AB94D69A54F3} = {115B7343-F5C9-47D6-B4F3-7FB281B276C8}
		{7FB3995E-6F5D-4D1B-8C62-300AEA079CF4} = {115B7343-F5C9-47D6-B4F3-7FB281B276C8}
		{7BB13501-2E8E-4CA5-8627-4D7A3A2C65D7} = {97F168F9-3F5C-4DBC-98C1-D1C78B66C312}
		{2A32E5F0-6E0E-4448-BBA2-AAE6E97E8AD0} = {97F168F9-3F5C-4DBC-98C1-D1C78B66C312}
		{A8449518-188E-4779-A548-914E71F3C90B} = {97F168F9-3F5C-4DBC-98C1-D1C78B66C312}
		{915A31FF-25B7-4C74-83D7-5C3C24F7F3F3} = {97F168F9-3F5C-4DBC-98C1-D1C78B66C312}
		{80739359-8579-4F4F-B589-C83F1295EE76} = {97F168F9-3F5C-4DBC-98C1-D1C78B66C312}
		{1FB5A390-A231-4F7E-A3D2-D6716B7EAD1A} = {97F168F9-3F5C-4DBC-98C1-D1C78B66C312}
		{4EC38EDB-1484-4E3D-9B42-DCE58C138628} = {97F168F9-3F5C-4DBC-98C1-D1C78B66C312}
		{1EB784F0-6100-4D92-9DFE-FB9DA33B418F} = {97F168F9-3F5C-4DBC-98C1-D1C78B66C312}
		{97754F37-5B05-46BA-BBBF-87961FE2B694} = {97F168F9-3F5C-4DBC-98C1-D1C78B66C312}
		{B3517926-3914-4EB1-BB1B-D1245B802508} = {97F168F9-3F5C-4DBC-98C1-D1C78B66C312}
		{377ED7CE-6D06-42DF-9D80-8447A375F198} = {97F168F9-3F5C-4DBC-98C1-D1C78B66C312}
		{63897551-EB91-406B-925C-9FCA178A1C9E} = {97F168F9-3F5C-4DBC-98C1-D1C78B66C312}
		{B17C7304-2445-41D9-8F16-675AC39A5FD9} = {97F168F9-3F5C-4DBC-98C1-D1C78B66C312}
		{267BDA85-7819-4767-AB0D-7170AAD7C010} = {97F168F9-3F5C-4DBC-98C1-D1C78B66C312}
		{24E1CC50-FEE5-44CC-AB55-058121F7B829} = {97F168F9-3F5C-4DBC-98C1-D1C78B66C312}
		{18A973D1-524E-4E25-9635-361B3EEADF64} = {97F168F9-3F5C-4DBC-98C1-D1C78B66C312}
		{7AD73E02-9A49-4EF8-A108-79F9E8C648E2} = {97F168F9-3F5C-4DBC-98C1-D1C78B66C312}
		{6A0A3421-69E0-48EF-AF3B-C39A450BCB20} = {63EE4255-73F1-472F-A1D3-C9DDA762C622}
		{FE1C95F2-80A5-4FBA-B6FC-BB2595F0ED33} = {63EE4255-73F1-472F-A1D3-C9DDA762C622}
		{CCC4ED08-E038-4CE9-9449-006C223BDA6B} = {63EE4255-73F1-472F-A1D3-C9DDA762C622}
		{9FEEBEFC-E40B-4F04-9111-D4C3C804782A} = {63EE4255-73F1-472F-A1D3-C9DDA762C622}
		{078F1352-5EEF-4FD0-9A6D-9C6D4D4A6B13} = {63EE4255-73F1-472F-A1D3-C9DDA762C622}
		{DB7799D5-7456-4D6F-9EF5-04192ECEC2C9} = {63EE4255-73F1-472F-A1D3-C9DDA762C622}
		{8F52CEB4-8B2F-46E1-88AE-821456C08074} = {63EE4255-73F1-472F-A1D3-C9DDA762C622}
		{D777FCAD-3839-409E-A8BF-FE091FD43C6C} = {63EE4255-73F1-472F-A1D3-C9DDA762C622}
		{9A84A5A2-BBA3-42CA-A48E-71A8DFF35563} = {63EE4255-73F1-472F-A1D3-C9DDA762C622}
		{5683D8BE-E49B-4DC6-BE34-4A2A9F564961} = {63EE4255-73F1-472F-A1D3-C9DDA762C622}
		{6FBB5362-39D6-485D-9182-D5CA977B1CF9} = {63EE4255-73F1-472F-A1D3-C9DDA762C622}
		{632080A3-F437-4002-B2BF-466798E5DDA0} = {63EE4255-73F1-472F-A1D3-C9DDA762C622}
		{6993AC61-3F02-4B45-A4AD-360C6E549DF9} = {63EE4255-73F1-472F-A1D3-C9DDA762C622}
		{AFBD5B92-3C42-43CF-B6D7-888BC06D2A0C} = {63EE4255-73F1-472F-A1D3-C9DDA762C622}
		{A8D71246-6452-411B-AAB4-301F5D500F3B} = {63EE4255-73F1-472F-A1D3-C9DDA762C622}
		{AC3E4BC1-53C3-498A-996D-E39C784BC226} = {63EE4255-73F1-472F-A1D3-C9DDA762C622}
		{140F421B-F635-4E09-AAC8-A337738F6A07} = {63EE4255-73F1-472F-A1D3-C9DDA762C622}
		{9E799557-109D-49E7-A9D9-CC49E1F8AF62} = {5B626DFD-C193-43C8-A571-0A04A695E279}
		{DB23E1B9-D0B3-46C8-998A-92E1DF0BDDD3} = {5B626DFD-C193-43C8-A571-0A04A695E279}
		{4171B5A7-61BC-4F3D-8E85-DD47D526DD72} = {5B626DFD-C193-43C8-A571-0A04A695E279}
		{F2A65B76-0AA4-4EB7-93FB-699EA8BFBEB3} = {5B626DFD-C193-43C8-A571-0A04A695E279}
		{F8F10259-E7ED-40DB-8E1C-6E07ADA0E7C1} = {5B626DFD-C193-43C8-A571-0A04A695E279}
		{808B2750-3436-4445-A7D2-87CB5B606CDA} = {5B626DFD-C193-43C8-A571-0A04A695E279}
		{F34EF967-CB6E-4026-B0D6-A75918D409B0} = {5B626DFD-C193-43C8-A571-0A04A695E279}
		{3BE4CDA1-1287-4FF6-AAD5-1452D774E5C0} = {5B626DFD-C193-43C8-A571-0A04A695E279}
		{D4FC4D49-35AB-4ABF-BEAA-BDD8FEF1ACC8} = {5B626DFD-C193-43C8-A571-0A04A695E279}
		{31750A1F-2882-4B57-B0ED-A1B5DEA0A41A} = {5B626DFD-C193-43C8-A571-0A04A695E279}
		{F31A1886-7EFC-4B69-B281-F910BFCF3985} = {5B626DFD-C193-43C8-A571-0A04A695E279}
		{5E0327E5-E4C1-4532-A8DF-B0BB6634A7D5} = {5B626DFD-C193-43C8-A571-0A04A695E279}
		{94445810-DBB7-46F0-8984-1FB44AB9C4FA} = {5B626DFD-C193-43C8-A571-0A04A695E279}
		{E2E30F10-F5B2-480D-90A2-F643499C9416} = {5B626DFD-C193-43C8-A571-0A04A695E279}
		{366C7966-23E5-4C75-9AFF-B570111F004B} = {5B626DFD-C193-43C8-A571-0A04A695E279}
		{32D47B27-9ED4-4244-A02B-04BB60FD4F09} = {5B626DFD-C193-43C8-A571-0A04A695E279}
		{69F0A4A5-F896-42E7-9869-A4433C5BC877} = {5B626DFD-C193-43C8-A571-0A04A695E279}
		{9D74ABB1-ECBD-4E36-8670-7111204482B1} = {5B626DFD-C193-43C8-A571-0A04A695E279}
		{770B8A1C-0585-48C3-911A-42196BAC9F83} = {5B626DFD-C193-43C8-A571-0A04A695E279}
		{5F97704C-46CA-4EFA-B3C4-F6F113BC394C} = {A2C2E698-A2B9-41C6-8884-12B4D15C61CB}
	EndGlobalSection
	GlobalSection(ExtensibilityGlobals) = postSolution
		SolutionGuid = {9710C6C1-92D0-4B48-B992-1E1460169F64}
	EndGlobalSection
EndGlobal
