
Microsoft Visual Studio Solution File, Format Version 12.00
# Visual Studio Version 16
VisualStudioVersion = 16.0.29424.173
MinimumVisualStudioVersion = 10.0.40219.1
Project("{FAE04EC0-301F-11D3-BF4B-00C04F79EFBC}") = "Lesson_08.HW_Task_01", "Lesson_08.HW_Task_01\Lesson_08.HW_Task_01.csproj", "{F4493E3B-73D5-439D-A411-F5D0DA2371F8}"
EndProject
Project("{9A19103F-16F7-4668-BE54-9A1E7A4F7556}") = "MyLibraries", "MyLibraries\MyLibraries.csproj", "{FDEAAE14-9599-4E55-91A4-498803329D52}"
EndProject
Project("{FAE04EC0-301F-11D3-BF4B-00C04F79EFBC}") = "Lesson_08.HW_Task_03", "Lesson_08.HW_Task_03\Lesson_08.HW_Task_03.csproj", "{CB928668-2561-4B4B-8B89-6AE1CF9DD1AC}"
EndProject
Project("{FAE04EC0-301F-11D3-BF4B-00C04F79EFBC}") = "Lesson_08.HW_Task_02", "Lesson_08.HW_Task_02\Lesson_08.HW_Task_02.csproj", "{EDD60D01-3179-4B08-A4CD-FF4BC203B39E}"
EndProject
Global
	GlobalSection(SolutionConfigurationPlatforms) = preSolution
		Debug|Any CPU = Debug|Any CPU
		Release|Any CPU = Release|Any CPU
	EndGlobalSection
	GlobalSection(ProjectConfigurationPlatforms) = postSolution
		{F4493E3B-73D5-439D-A411-F5D0DA2371F8}.Debug|Any CPU.ActiveCfg = Debug|Any CPU
		{F4493E3B-73D5-439D-A411-F5D0DA2371F8}.Debug|Any CPU.Build.0 = Debug|Any CPU
		{F4493E3B-73D5-439D-A411-F5D0DA2371F8}.Release|Any CPU.ActiveCfg = Release|Any CPU
		{F4493E3B-73D5-439D-A411-F5D0DA2371F8}.Release|Any CPU.Build.0 = Release|Any CPU
		{FDEAAE14-9599-4E55-91A4-498803329D52}.Debug|Any CPU.ActiveCfg = Debug|Any CPU
		{FDEAAE14-9599-4E55-91A4-498803329D52}.Debug|Any CPU.Build.0 = Debug|Any CPU
		{FDEAAE14-9599-4E55-91A4-498803329D52}.Release|Any CPU.ActiveCfg = Release|Any CPU
		{FDEAAE14-9599-4E55-91A4-498803329D52}.Release|Any CPU.Build.0 = Release|Any CPU
		{CB928668-2561-4B4B-8B89-6AE1CF9DD1AC}.Debug|Any CPU.ActiveCfg = Debug|Any CPU
		{CB928668-2561-4B4B-8B89-6AE1CF9DD1AC}.Debug|Any CPU.Build.0 = Debug|Any CPU
		{CB928668-2561-4B4B-8B89-6AE1CF9DD1AC}.Release|Any CPU.ActiveCfg = Release|Any CPU
		{CB928668-2561-4B4B-8B89-6AE1CF9DD1AC}.Release|Any CPU.Build.0 = Release|Any CPU
		{EDD60D01-3179-4B08-A4CD-FF4BC203B39E}.Debug|Any CPU.ActiveCfg = Debug|Any CPU
		{EDD60D01-3179-4B08-A4CD-FF4BC203B39E}.Debug|Any CPU.Build.0 = Debug|Any CPU
		{EDD60D01-3179-4B08-A4CD-FF4BC203B39E}.Release|Any CPU.ActiveCfg = Release|Any CPU
		{EDD60D01-3179-4B08-A4CD-FF4BC203B39E}.Release|Any CPU.Build.0 = Release|Any CPU
	EndGlobalSection
	GlobalSection(SolutionProperties) = preSolution
		HideSolutionNode = FALSE
	EndGlobalSection
	GlobalSection(ExtensibilityGlobals) = postSolution
		SolutionGuid = {B44A7190-EA2D-4E05-BC7A-595619CFA945}
	EndGlobalSection
EndGlobal
