
Microsoft Visual Studio Solution File, Format Version 12.00
# Visual Studio Version 16
VisualStudioVersion = 16.0.29418.71
MinimumVisualStudioVersion = 10.0.40219.1
Project("{FAE04EC0-301F-11D3-BF4B-00C04F79EFBC}") = "Lesson_01.HW_Task_01", "Lesson_01\Lesson_01. HW_Task_01\Lesson_01.HW_Task_01.csproj", "{0251AA33-986A-4709-9154-65F2767B6C3D}"
EndProject
Project("{FAE04EC0-301F-11D3-BF4B-00C04F79EFBC}") = "Lesson_01.HW_Task_02", "Lesson_01\Lesson_01. HW_Task_02\Lesson_01.HW_Task_02.csproj", "{9C53633A-94F4-470A-B9A1-6A5E41318A7C}"
EndProject
Project("{FAE04EC0-301F-11D3-BF4B-00C04F79EFBC}") = "Lesson_01.HW_Task_03", "Lesson_01\Lesson_01. HW_Task_03\Lesson_01.HW_Task_03.csproj", "{2F01FDFB-FE1A-4E1B-BC91-258A8852F1CC}"
EndProject
Project("{FAE04EC0-301F-11D3-BF4B-00C04F79EFBC}") = "Lesson_01.HW_Task_04", "Lesson_01\Lesson_01. HW_Task_04\Lesson_01.HW_Task_04.csproj", "{43A73B56-8510-4954-95CC-C228138E3CB0}"
EndProject
Project("{FAE04EC0-301F-11D3-BF4B-00C04F79EFBC}") = "Lesson_01.HW_Task_05", "Lesson_01\Lesson_01. HW_Task_05\Lesson_01.HW_Task_05.csproj", "{A737A795-C946-4ACC-A758-A0E9BC87FFAA}"
EndProject
Project("{FAE04EC0-301F-11D3-BF4B-00C04F79EFBC}") = "Lesson_01.HW_Task_06", "Lesson_01\Lesson_01. HW_Task_06\Lesson_01.HW_Task_06.csproj", "{DF4CE33D-1A41-4A4D-BE81-B882A2C8CA9A}"
EndProject
Project("{2150E333-8FDC-42A3-9474-1A3956D46DE8}") = "Lesson_01", "Lesson_01", "{01170464-A230-424C-A40A-4BABB4338BFE}"
EndProject
Project("{2150E333-8FDC-42A3-9474-1A3956D46DE8}") = "HomeWorks", "HomeWorks", "{D7EA2306-527F-46FC-A20A-D2B41FD6B138}"
EndProject
Project("{2150E333-8FDC-42A3-9474-1A3956D46DE8}") = "LessonTasks", "LessonTasks", "{B3950DE1-21B9-4E75-8580-BA0C7CF731C5}"
EndProject
Project("{FAE04EC0-301F-11D3-BF4B-00C04F79EFBC}") = "Lesson_01. Task_01", "Lesson_01\Lesson_01. Task_01\Lesson_01. Task_01.csproj", "{599F3F2E-406F-4550-8948-1A1E3795AB57}"
EndProject
Project("{FAE04EC0-301F-11D3-BF4B-00C04F79EFBC}") = "Lesson_01. Task_02", "Lesson_01\Lesson_01. Task_02\Lesson_01. Task_02.csproj", "{44399445-5FFF-45DA-85AD-39AFB9E1405D}"
EndProject
Project("{FAE04EC0-301F-11D3-BF4B-00C04F79EFBC}") = "Lesson_01. Task_03", "Lesson_01\Lesson_01. Task_03\Lesson_01. Task_03.csproj", "{A04E26A5-0EA4-4DAB-A02E-0CAF7489034C}"
EndProject
Project("{FAE04EC0-301F-11D3-BF4B-00C04F79EFBC}") = "Lesson_01. Task_04", "Lesson_01\Lesson_01. Task_04\Lesson_01. Task_04.csproj", "{63C16DFC-58C9-4A8A-98CC-9223BC41C227}"
EndProject
Project("{FAE04EC0-301F-11D3-BF4B-00C04F79EFBC}") = "Lesson_01. Task_05", "Lesson_01\Lesson_01. Task_05\Lesson_01. Task_05.csproj", "{B108B9BB-FB1D-4281-9722-49F9B9ADE71A}"
EndProject
Project("{FAE04EC0-301F-11D3-BF4B-00C04F79EFBC}") = "Lesson_01. Task_06", "Lesson_01\Lesson_01. Task_06\Lesson_01. Task_06.csproj", "{060F68DC-5454-43B1-AD6D-C7E1A2EB92AD}"
EndProject
Project("{2150E333-8FDC-42A3-9474-1A3956D46DE8}") = "Lesson_02", "Lesson_02", "{AB0DA4D6-3BE7-4F28-AA59-219E84D6C51F}"
EndProject
Project("{2150E333-8FDC-42A3-9474-1A3956D46DE8}") = "HomeWorks", "HomeWorks", "{0B6AABD6-18E2-478E-99BB-D7B8EC3BE85B}"
EndProject
Project("{FAE04EC0-301F-11D3-BF4B-00C04F79EFBC}") = "Lesson_02.HW_Task_01", "Lesson_02\Lesson_02.HW_Task_01\Lesson_02.HW_Task_01.csproj", "{10F7BCB6-E068-43EB-89BF-4FEABAEFC9F3}"
EndProject
Project("{FAE04EC0-301F-11D3-BF4B-00C04F79EFBC}") = "Lesson_02.HW_Task_02", "Lesson_02\Lesson_02.HW_Task_02\Lesson_02.HW_Task_02.csproj", "{1A9E1638-09D7-4AC2-BFA0-DFB202501254}"
EndProject
Project("{FAE04EC0-301F-11D3-BF4B-00C04F79EFBC}") = "Lesson_02.HW_Task_03", "Lesson_02\Lesson_02.HW_Task_03\Lesson_02.HW_Task_03.csproj", "{1197EA4B-4370-46A9-80B8-95CC51B3C6BC}"
EndProject
Project("{FAE04EC0-301F-11D3-BF4B-00C04F79EFBC}") = "Lesson_02.HW_Task_04", "Lesson_02\Lesson_02.HW_Task_04\Lesson_02.HW_Task_04.csproj", "{201CD4B1-4E2E-4344-A569-FDD1450778CA}"
EndProject
Project("{FAE04EC0-301F-11D3-BF4B-00C04F79EFBC}") = "Lesson_02.HW_Task_05", "Lesson_02\Lesson_02.HW_Task_05\Lesson_02.HW_Task_05.csproj", "{CFE6B5B6-9DCF-4C1D-B8F2-7B388AC7571B}"
EndProject
Project("{FAE04EC0-301F-11D3-BF4B-00C04F79EFBC}") = "Lesson_02.HW_Task_06", "Lesson_02\Lesson_02.HW_Task_06\Lesson_02.HW_Task_06.csproj", "{7EE65072-80B9-4E17-9237-8947302593B3}"
EndProject
Project("{FAE04EC0-301F-11D3-BF4B-00C04F79EFBC}") = "Lesson_02.HW_Task_07", "Lesson_02\Lesson_02.HW_Task_07\Lesson_02.HW_Task_07.csproj", "{49B969A3-F63F-42BF-85A4-9EDA1B1A405A}"
EndProject
Global
	GlobalSection(SolutionConfigurationPlatforms) = preSolution
		Debug|Any CPU = Debug|Any CPU
		Release|Any CPU = Release|Any CPU
	EndGlobalSection
	GlobalSection(ProjectConfigurationPlatforms) = postSolution
		{0251AA33-986A-4709-9154-65F2767B6C3D}.Debug|Any CPU.ActiveCfg = Debug|Any CPU
		{0251AA33-986A-4709-9154-65F2767B6C3D}.Debug|Any CPU.Build.0 = Debug|Any CPU
		{0251AA33-986A-4709-9154-65F2767B6C3D}.Release|Any CPU.ActiveCfg = Release|Any CPU
		{0251AA33-986A-4709-9154-65F2767B6C3D}.Release|Any CPU.Build.0 = Release|Any CPU
		{9C53633A-94F4-470A-B9A1-6A5E41318A7C}.Debug|Any CPU.ActiveCfg = Debug|Any CPU
		{9C53633A-94F4-470A-B9A1-6A5E41318A7C}.Debug|Any CPU.Build.0 = Debug|Any CPU
		{9C53633A-94F4-470A-B9A1-6A5E41318A7C}.Release|Any CPU.ActiveCfg = Release|Any CPU
		{9C53633A-94F4-470A-B9A1-6A5E41318A7C}.Release|Any CPU.Build.0 = Release|Any CPU
		{2F01FDFB-FE1A-4E1B-BC91-258A8852F1CC}.Debug|Any CPU.ActiveCfg = Debug|Any CPU
		{2F01FDFB-FE1A-4E1B-BC91-258A8852F1CC}.Debug|Any CPU.Build.0 = Debug|Any CPU
		{2F01FDFB-FE1A-4E1B-BC91-258A8852F1CC}.Release|Any CPU.ActiveCfg = Release|Any CPU
		{2F01FDFB-FE1A-4E1B-BC91-258A8852F1CC}.Release|Any CPU.Build.0 = Release|Any CPU
		{43A73B56-8510-4954-95CC-C228138E3CB0}.Debug|Any CPU.ActiveCfg = Debug|Any CPU
		{43A73B56-8510-4954-95CC-C228138E3CB0}.Debug|Any CPU.Build.0 = Debug|Any CPU
		{43A73B56-8510-4954-95CC-C228138E3CB0}.Release|Any CPU.ActiveCfg = Release|Any CPU
		{43A73B56-8510-4954-95CC-C228138E3CB0}.Release|Any CPU.Build.0 = Release|Any CPU
		{A737A795-C946-4ACC-A758-A0E9BC87FFAA}.Debug|Any CPU.ActiveCfg = Debug|Any CPU
		{A737A795-C946-4ACC-A758-A0E9BC87FFAA}.Debug|Any CPU.Build.0 = Debug|Any CPU
		{A737A795-C946-4ACC-A758-A0E9BC87FFAA}.Release|Any CPU.ActiveCfg = Release|Any CPU
		{A737A795-C946-4ACC-A758-A0E9BC87FFAA}.Release|Any CPU.Build.0 = Release|Any CPU
		{DF4CE33D-1A41-4A4D-BE81-B882A2C8CA9A}.Debug|Any CPU.ActiveCfg = Debug|Any CPU
		{DF4CE33D-1A41-4A4D-BE81-B882A2C8CA9A}.Debug|Any CPU.Build.0 = Debug|Any CPU
		{DF4CE33D-1A41-4A4D-BE81-B882A2C8CA9A}.Release|Any CPU.ActiveCfg = Release|Any CPU
		{DF4CE33D-1A41-4A4D-BE81-B882A2C8CA9A}.Release|Any CPU.Build.0 = Release|Any CPU
		{599F3F2E-406F-4550-8948-1A1E3795AB57}.Debug|Any CPU.ActiveCfg = Debug|Any CPU
		{599F3F2E-406F-4550-8948-1A1E3795AB57}.Debug|Any CPU.Build.0 = Debug|Any CPU
		{599F3F2E-406F-4550-8948-1A1E3795AB57}.Release|Any CPU.ActiveCfg = Release|Any CPU
		{599F3F2E-406F-4550-8948-1A1E3795AB57}.Release|Any CPU.Build.0 = Release|Any CPU
		{44399445-5FFF-45DA-85AD-39AFB9E1405D}.Debug|Any CPU.ActiveCfg = Debug|Any CPU
		{44399445-5FFF-45DA-85AD-39AFB9E1405D}.Debug|Any CPU.Build.0 = Debug|Any CPU
		{44399445-5FFF-45DA-85AD-39AFB9E1405D}.Release|Any CPU.ActiveCfg = Release|Any CPU
		{44399445-5FFF-45DA-85AD-39AFB9E1405D}.Release|Any CPU.Build.0 = Release|Any CPU
		{A04E26A5-0EA4-4DAB-A02E-0CAF7489034C}.Debug|Any CPU.ActiveCfg = Debug|Any CPU
		{A04E26A5-0EA4-4DAB-A02E-0CAF7489034C}.Debug|Any CPU.Build.0 = Debug|Any CPU
		{A04E26A5-0EA4-4DAB-A02E-0CAF7489034C}.Release|Any CPU.ActiveCfg = Release|Any CPU
		{A04E26A5-0EA4-4DAB-A02E-0CAF7489034C}.Release|Any CPU.Build.0 = Release|Any CPU
		{63C16DFC-58C9-4A8A-98CC-9223BC41C227}.Debug|Any CPU.ActiveCfg = Debug|Any CPU
		{63C16DFC-58C9-4A8A-98CC-9223BC41C227}.Debug|Any CPU.Build.0 = Debug|Any CPU
		{63C16DFC-58C9-4A8A-98CC-9223BC41C227}.Release|Any CPU.ActiveCfg = Release|Any CPU
		{63C16DFC-58C9-4A8A-98CC-9223BC41C227}.Release|Any CPU.Build.0 = Release|Any CPU
		{B108B9BB-FB1D-4281-9722-49F9B9ADE71A}.Debug|Any CPU.ActiveCfg = Debug|Any CPU
		{B108B9BB-FB1D-4281-9722-49F9B9ADE71A}.Debug|Any CPU.Build.0 = Debug|Any CPU
		{B108B9BB-FB1D-4281-9722-49F9B9ADE71A}.Release|Any CPU.ActiveCfg = Release|Any CPU
		{B108B9BB-FB1D-4281-9722-49F9B9ADE71A}.Release|Any CPU.Build.0 = Release|Any CPU
		{060F68DC-5454-43B1-AD6D-C7E1A2EB92AD}.Debug|Any CPU.ActiveCfg = Debug|Any CPU
		{060F68DC-5454-43B1-AD6D-C7E1A2EB92AD}.Debug|Any CPU.Build.0 = Debug|Any CPU
		{060F68DC-5454-43B1-AD6D-C7E1A2EB92AD}.Release|Any CPU.ActiveCfg = Release|Any CPU
		{060F68DC-5454-43B1-AD6D-C7E1A2EB92AD}.Release|Any CPU.Build.0 = Release|Any CPU
		{10F7BCB6-E068-43EB-89BF-4FEABAEFC9F3}.Debug|Any CPU.ActiveCfg = Debug|Any CPU
		{10F7BCB6-E068-43EB-89BF-4FEABAEFC9F3}.Debug|Any CPU.Build.0 = Debug|Any CPU
		{10F7BCB6-E068-43EB-89BF-4FEABAEFC9F3}.Release|Any CPU.ActiveCfg = Release|Any CPU
		{10F7BCB6-E068-43EB-89BF-4FEABAEFC9F3}.Release|Any CPU.Build.0 = Release|Any CPU
		{1A9E1638-09D7-4AC2-BFA0-DFB202501254}.Debug|Any CPU.ActiveCfg = Debug|Any CPU
		{1A9E1638-09D7-4AC2-BFA0-DFB202501254}.Debug|Any CPU.Build.0 = Debug|Any CPU
		{1A9E1638-09D7-4AC2-BFA0-DFB202501254}.Release|Any CPU.ActiveCfg = Release|Any CPU
		{1A9E1638-09D7-4AC2-BFA0-DFB202501254}.Release|Any CPU.Build.0 = Release|Any CPU
		{1197EA4B-4370-46A9-80B8-95CC51B3C6BC}.Debug|Any CPU.ActiveCfg = Debug|Any CPU
		{1197EA4B-4370-46A9-80B8-95CC51B3C6BC}.Debug|Any CPU.Build.0 = Debug|Any CPU
		{1197EA4B-4370-46A9-80B8-95CC51B3C6BC}.Release|Any CPU.ActiveCfg = Release|Any CPU
		{1197EA4B-4370-46A9-80B8-95CC51B3C6BC}.Release|Any CPU.Build.0 = Release|Any CPU
		{201CD4B1-4E2E-4344-A569-FDD1450778CA}.Debug|Any CPU.ActiveCfg = Debug|Any CPU
		{201CD4B1-4E2E-4344-A569-FDD1450778CA}.Debug|Any CPU.Build.0 = Debug|Any CPU
		{201CD4B1-4E2E-4344-A569-FDD1450778CA}.Release|Any CPU.ActiveCfg = Release|Any CPU
		{201CD4B1-4E2E-4344-A569-FDD1450778CA}.Release|Any CPU.Build.0 = Release|Any CPU
		{CFE6B5B6-9DCF-4C1D-B8F2-7B388AC7571B}.Debug|Any CPU.ActiveCfg = Debug|Any CPU
		{CFE6B5B6-9DCF-4C1D-B8F2-7B388AC7571B}.Debug|Any CPU.Build.0 = Debug|Any CPU
		{CFE6B5B6-9DCF-4C1D-B8F2-7B388AC7571B}.Release|Any CPU.ActiveCfg = Release|Any CPU
		{CFE6B5B6-9DCF-4C1D-B8F2-7B388AC7571B}.Release|Any CPU.Build.0 = Release|Any CPU
		{7EE65072-80B9-4E17-9237-8947302593B3}.Debug|Any CPU.ActiveCfg = Debug|Any CPU
		{7EE65072-80B9-4E17-9237-8947302593B3}.Debug|Any CPU.Build.0 = Debug|Any CPU
		{7EE65072-80B9-4E17-9237-8947302593B3}.Release|Any CPU.ActiveCfg = Release|Any CPU
		{7EE65072-80B9-4E17-9237-8947302593B3}.Release|Any CPU.Build.0 = Release|Any CPU
		{49B969A3-F63F-42BF-85A4-9EDA1B1A405A}.Debug|Any CPU.ActiveCfg = Debug|Any CPU
		{49B969A3-F63F-42BF-85A4-9EDA1B1A405A}.Debug|Any CPU.Build.0 = Debug|Any CPU
		{49B969A3-F63F-42BF-85A4-9EDA1B1A405A}.Release|Any CPU.ActiveCfg = Release|Any CPU
		{49B969A3-F63F-42BF-85A4-9EDA1B1A405A}.Release|Any CPU.Build.0 = Release|Any CPU
	EndGlobalSection
	GlobalSection(SolutionProperties) = preSolution
		HideSolutionNode = FALSE
	EndGlobalSection
	GlobalSection(NestedProjects) = preSolution
		{0251AA33-986A-4709-9154-65F2767B6C3D} = {D7EA2306-527F-46FC-A20A-D2B41FD6B138}
		{9C53633A-94F4-470A-B9A1-6A5E41318A7C} = {D7EA2306-527F-46FC-A20A-D2B41FD6B138}
		{2F01FDFB-FE1A-4E1B-BC91-258A8852F1CC} = {D7EA2306-527F-46FC-A20A-D2B41FD6B138}
		{43A73B56-8510-4954-95CC-C228138E3CB0} = {D7EA2306-527F-46FC-A20A-D2B41FD6B138}
		{A737A795-C946-4ACC-A758-A0E9BC87FFAA} = {D7EA2306-527F-46FC-A20A-D2B41FD6B138}
		{DF4CE33D-1A41-4A4D-BE81-B882A2C8CA9A} = {D7EA2306-527F-46FC-A20A-D2B41FD6B138}
		{D7EA2306-527F-46FC-A20A-D2B41FD6B138} = {01170464-A230-424C-A40A-4BABB4338BFE}
		{B3950DE1-21B9-4E75-8580-BA0C7CF731C5} = {01170464-A230-424C-A40A-4BABB4338BFE}
		{599F3F2E-406F-4550-8948-1A1E3795AB57} = {B3950DE1-21B9-4E75-8580-BA0C7CF731C5}
		{44399445-5FFF-45DA-85AD-39AFB9E1405D} = {B3950DE1-21B9-4E75-8580-BA0C7CF731C5}
		{A04E26A5-0EA4-4DAB-A02E-0CAF7489034C} = {B3950DE1-21B9-4E75-8580-BA0C7CF731C5}
		{63C16DFC-58C9-4A8A-98CC-9223BC41C227} = {B3950DE1-21B9-4E75-8580-BA0C7CF731C5}
		{B108B9BB-FB1D-4281-9722-49F9B9ADE71A} = {B3950DE1-21B9-4E75-8580-BA0C7CF731C5}
		{060F68DC-5454-43B1-AD6D-C7E1A2EB92AD} = {B3950DE1-21B9-4E75-8580-BA0C7CF731C5}
		{0B6AABD6-18E2-478E-99BB-D7B8EC3BE85B} = {AB0DA4D6-3BE7-4F28-AA59-219E84D6C51F}
		{10F7BCB6-E068-43EB-89BF-4FEABAEFC9F3} = {0B6AABD6-18E2-478E-99BB-D7B8EC3BE85B}
		{1A9E1638-09D7-4AC2-BFA0-DFB202501254} = {0B6AABD6-18E2-478E-99BB-D7B8EC3BE85B}
		{1197EA4B-4370-46A9-80B8-95CC51B3C6BC} = {0B6AABD6-18E2-478E-99BB-D7B8EC3BE85B}
		{201CD4B1-4E2E-4344-A569-FDD1450778CA} = {0B6AABD6-18E2-478E-99BB-D7B8EC3BE85B}
		{CFE6B5B6-9DCF-4C1D-B8F2-7B388AC7571B} = {0B6AABD6-18E2-478E-99BB-D7B8EC3BE85B}
		{7EE65072-80B9-4E17-9237-8947302593B3} = {0B6AABD6-18E2-478E-99BB-D7B8EC3BE85B}
		{49B969A3-F63F-42BF-85A4-9EDA1B1A405A} = {0B6AABD6-18E2-478E-99BB-D7B8EC3BE85B}
	EndGlobalSection
	GlobalSection(ExtensibilityGlobals) = postSolution
		SolutionGuid = {9710C6C1-92D0-4B48-B992-1E1460169F64}
	EndGlobalSection
EndGlobal
