
Microsoft Visual Studio Solution File, Format Version 12.00
# Visual Studio Version 16
VisualStudioVersion = 16.0.29424.173
MinimumVisualStudioVersion = 10.0.40219.1
Project("{9A19103F-16F7-4668-BE54-9A1E7A4F7556}") = "MyLib", "MyLib\MyLib.csproj", "{F93123B9-FB01-4595-8F5A-EA0672441CA1}"
EndProject
Project("{FAE04EC0-301F-11D3-BF4B-00C04F79EFBC}") = "Lesson03.HW.Task01", "Lesson03.HW.Task01\Lesson03.HW.Task01.csproj", "{F4493E3B-73D5-439D-A411-F5D0DA2371F8}"
EndProject
Project("{FAE04EC0-301F-11D3-BF4B-00C04F79EFBC}") = "Lesson03.HW.Task02", "Lesson03.HW.Task02\Lesson03.HW.Task02.csproj", "{2DF48134-2D3C-4DBA-869F-ACC9AFA5B397}"
EndProject
Project("{FAE04EC0-301F-11D3-BF4B-00C04F79EFBC}") = "Lesson03.HW.Task03", "Lesson03.HW.Task03\Lesson03.HW.Task03.csproj", "{9F6931AB-73DE-4242-8FA5-E2F835087F27}"
EndProject
Global
	GlobalSection(SolutionConfigurationPlatforms) = preSolution
		Debug|Any CPU = Debug|Any CPU
		Release|Any CPU = Release|Any CPU
	EndGlobalSection
	GlobalSection(ProjectConfigurationPlatforms) = postSolution
		{F93123B9-FB01-4595-8F5A-EA0672441CA1}.Debug|Any CPU.ActiveCfg = Debug|Any CPU
		{F93123B9-FB01-4595-8F5A-EA0672441CA1}.Debug|Any CPU.Build.0 = Debug|Any CPU
		{F93123B9-FB01-4595-8F5A-EA0672441CA1}.Release|Any CPU.ActiveCfg = Release|Any CPU
		{F93123B9-FB01-4595-8F5A-EA0672441CA1}.Release|Any CPU.Build.0 = Release|Any CPU
		{F4493E3B-73D5-439D-A411-F5D0DA2371F8}.Debug|Any CPU.ActiveCfg = Debug|Any CPU
		{F4493E3B-73D5-439D-A411-F5D0DA2371F8}.Debug|Any CPU.Build.0 = Debug|Any CPU
		{F4493E3B-73D5-439D-A411-F5D0DA2371F8}.Release|Any CPU.ActiveCfg = Release|Any CPU
		{F4493E3B-73D5-439D-A411-F5D0DA2371F8}.Release|Any CPU.Build.0 = Release|Any CPU
		{2DF48134-2D3C-4DBA-869F-ACC9AFA5B397}.Debug|Any CPU.ActiveCfg = Debug|Any CPU
		{2DF48134-2D3C-4DBA-869F-ACC9AFA5B397}.Debug|Any CPU.Build.0 = Debug|Any CPU
		{2DF48134-2D3C-4DBA-869F-ACC9AFA5B397}.Release|Any CPU.ActiveCfg = Release|Any CPU
		{2DF48134-2D3C-4DBA-869F-ACC9AFA5B397}.Release|Any CPU.Build.0 = Release|Any CPU
		{9F6931AB-73DE-4242-8FA5-E2F835087F27}.Debug|Any CPU.ActiveCfg = Debug|Any CPU
		{9F6931AB-73DE-4242-8FA5-E2F835087F27}.Debug|Any CPU.Build.0 = Debug|Any CPU
		{9F6931AB-73DE-4242-8FA5-E2F835087F27}.Release|Any CPU.ActiveCfg = Release|Any CPU
		{9F6931AB-73DE-4242-8FA5-E2F835087F27}.Release|Any CPU.Build.0 = Release|Any CPU
	EndGlobalSection
	GlobalSection(SolutionProperties) = preSolution
		HideSolutionNode = FALSE
	EndGlobalSection
	GlobalSection(ExtensibilityGlobals) = postSolution
		SolutionGuid = {B44A7190-EA2D-4E05-BC7A-595619CFA945}
	EndGlobalSection
EndGlobal
