
Microsoft Visual Studio Solution File, Format Version 12.00
# Visual Studio Version 16
VisualStudioVersion = 16.0.29418.71
MinimumVisualStudioVersion = 10.0.40219.1
Project("{2150E333-8FDC-42A3-9474-1A3956D46DE8}") = "Lesson_01", "Lesson_01", "{4D96CB14-165A-4972-B0FE-ACEB4ED5B716}"
	ProjectSection(SolutionItems) = preProject
		Lesson01\Lesson01.ReadMe.txt = Lesson01\Lesson01.ReadMe.txt
	EndProjectSection
EndProject
Project("{FAE04EC0-301F-11D3-BF4B-00C04F79EFBC}") = "Lesson01.Exp03", "Lesson01\Lesson01.Exp03\Lesson01.Exp03.csproj", "{55BFDAB1-8F1B-4750-AEFC-76773570DB19}"
EndProject
Project("{FAE04EC0-301F-11D3-BF4B-00C04F79EFBC}") = "Lesson01.Exp04", "Lesson01\Lesson01.Exp04\Lesson01.Exp04.csproj", "{F6AAED7A-9F6C-49DB-9B3C-6D8EB365B1CC}"
EndProject
Project("{FAE04EC0-301F-11D3-BF4B-00C04F79EFBC}") = "Lesson01.Exp05", "Lesson01\Lesson01.Exp05\Lesson01.Exp05.csproj", "{47158E4A-0DD0-4460-923B-387D08A9DDE2}"
EndProject
Project("{FAE04EC0-301F-11D3-BF4B-00C04F79EFBC}") = "Lesson01.Exp06", "Lesson01\Lesson01.Exp06\Lesson01.Exp06.csproj", "{D562DD7C-43AD-4B22-90CE-11FAD230E0D1}"
EndProject
Project("{FAE04EC0-301F-11D3-BF4B-00C04F79EFBC}") = "Lesson01.Exp07", "Lesson01\Lesson01.Exp07\Lesson01.Exp07.csproj", "{CB66029B-63FA-4B6C-8380-DEF2E2DC13C6}"
EndProject
Project("{FAE04EC0-301F-11D3-BF4B-00C04F79EFBC}") = "Lesson01.Exp08", "Lesson01\Lesson01.Exp08\Lesson01.Exp08.csproj", "{A036A751-7F80-4F0E-BFD4-EF35A0D05719}"
EndProject
Project("{FAE04EC0-301F-11D3-BF4B-00C04F79EFBC}") = "Lesson01.Exp09", "Lesson01\Lesson01.Exp09\Lesson01.Exp09.csproj", "{554334F8-E753-4257-A981-6BB31EC6639E}"
EndProject
Project("{FAE04EC0-301F-11D3-BF4B-00C04F79EFBC}") = "Lesson01.Exp10", "Lesson01\Lesson01.Exp10\Lesson01.Exp10.csproj", "{ABDEA2C7-4B36-4688-99F2-1318082EDCFC}"
EndProject
Project("{9A19103F-16F7-4668-BE54-9A1E7A4F7556}") = "MyLib", "..\..\MyLib\MyLib.csproj", "{FF663F29-89E3-4490-80C6-CB81FC6DF9A1}"
EndProject
Project("{FAE04EC0-301F-11D3-BF4B-00C04F79EFBC}") = "Lesson01.Exp01", "Lesson01\Lesson01.Exp01\Lesson01.Exp01.csproj", "{BDA32A96-7B37-4706-9ED8-5ABC2DAC54D8}"
EndProject
Project("{FAE04EC0-301F-11D3-BF4B-00C04F79EFBC}") = "Lesson01.Exp02", "Lesson01\Lesson01.Exp02\Lesson01.Exp02.csproj", "{C3B4566A-F67B-4173-A49E-B01896558221}"
EndProject
Project("{2150E333-8FDC-42A3-9474-1A3956D46DE8}") = "Lesson_02", "Lesson_02", "{8FD026F2-5408-4F91-B7A4-00CFFAC02608}"
	ProjectSection(SolutionItems) = preProject
		Lesson02\Lesson02.ReadMe.txt = Lesson02\Lesson02.ReadMe.txt
	EndProjectSection
EndProject
Project("{FAE04EC0-301F-11D3-BF4B-00C04F79EFBC}") = "Lesson02.Exp01", "Lesson02\Lesson02.Exp01\Lesson02.Exp01.csproj", "{490AEF45-99A3-4B6F-B5C3-4179AACD6065}"
EndProject
Project("{FAE04EC0-301F-11D3-BF4B-00C04F79EFBC}") = "Lesson02.Exp02", "Lesson02\Lesson02.Exp02\Lesson02.Exp02.csproj", "{F31098AF-9F12-4185-8A1E-3B1781855762}"
EndProject
Project("{FAE04EC0-301F-11D3-BF4B-00C04F79EFBC}") = "Lesson02.Exp03", "Lesson02\Lesson02.Exp03\Lesson02.Exp03.csproj", "{D6277F96-81EF-4E3D-A0DE-293A71CDD46F}"
EndProject
Project("{FAE04EC0-301F-11D3-BF4B-00C04F79EFBC}") = "Lesson02.Exp04", "Lesson02\Lesson02.Exp04\Lesson02.Exp04.csproj", "{898FAD2B-A849-4AAC-B5B1-DA09CA540CD0}"
EndProject
Project("{FAE04EC0-301F-11D3-BF4B-00C04F79EFBC}") = "Lesson02.Exp05", "Lesson02\Lesson02.Exp05\Lesson02.Exp05.csproj", "{B38638FB-F4FF-4CA0-BEC4-853C8CA5E95F}"
EndProject
Project("{FAE04EC0-301F-11D3-BF4B-00C04F79EFBC}") = "Lesson02.Exp06", "Lesson02\Lesson02.Exp06\Lesson02.Exp06.csproj", "{CC10CF48-6A2D-484F-BAAF-E48F6D3E2EAC}"
EndProject
Project("{FAE04EC0-301F-11D3-BF4B-00C04F79EFBC}") = "Lesson02.Exp07", "Lesson02\Lesson02.Exp07\Lesson02.Exp07.csproj", "{03C11382-8793-4370-A1EA-51F65BE29147}"
EndProject
Project("{FAE04EC0-301F-11D3-BF4B-00C04F79EFBC}") = "Lesson02.Exp08", "Lesson02\Lesson02.Exp08\Lesson02.Exp08.csproj", "{ECE4ACC8-676E-4D9B-A1C7-7A815ACB3094}"
EndProject
Project("{FAE04EC0-301F-11D3-BF4B-00C04F79EFBC}") = "Lesson02.Exp09", "Lesson02\Lesson02.Exp09\Lesson02.Exp09.csproj", "{72106BC4-6FC9-48BF-83BD-4F39F2902DD8}"
EndProject
Project("{FAE04EC0-301F-11D3-BF4B-00C04F79EFBC}") = "Lesson02.Exp10", "Lesson02\Lesson02.Exp10\Lesson02.Exp10.csproj", "{678BFCA1-5200-434C-B4E5-5F7FA788872C}"
EndProject
Project("{FAE04EC0-301F-11D3-BF4B-00C04F79EFBC}") = "Lesson03.Exp01", "Lesson03\Lesson03.Exp01\Lesson03.Exp01.csproj", "{EA09507E-BF90-4B50-92B1-F69309F98A9D}"
EndProject
Project("{2150E333-8FDC-42A3-9474-1A3956D46DE8}") = "Lesson_03", "Lesson_03", "{844A996D-29E1-4FA2-9B8F-2FF89BE94CA6}"
	ProjectSection(SolutionItems) = preProject
		Lesson03\Lesson03.ReadMe.txt = Lesson03\Lesson03.ReadMe.txt
	EndProjectSection
EndProject
Project("{FAE04EC0-301F-11D3-BF4B-00C04F79EFBC}") = "Lesson03.Exp02", "Lesson03\Lesson03.Exp02\Lesson03.Exp02.csproj", "{D2701368-1443-4419-B084-C69D035C96C7}"
EndProject
Project("{FAE04EC0-301F-11D3-BF4B-00C04F79EFBC}") = "Lesson03.Exp03", "Lesson03\Lesson03.Exp03\Lesson03.Exp03.csproj", "{0B624F7F-B7E0-47F7-B084-C13B4819690E}"
EndProject
Project("{FAE04EC0-301F-11D3-BF4B-00C04F79EFBC}") = "Lesson03.Exp04", "Lesson03\Lesson03.Exp04\Lesson03.Exp04.csproj", "{7B97A5C4-5838-48C7-B3F0-6AA007258A04}"
EndProject
Project("{FAE04EC0-301F-11D3-BF4B-00C04F79EFBC}") = "Lesson03.Exp05", "Lesson03\Lesson03.Exp05\Lesson03.Exp05.csproj", "{C5E8824E-7DBB-4527-842D-C7C945366645}"
EndProject
Project("{FAE04EC0-301F-11D3-BF4B-00C04F79EFBC}") = "Lesson03.Exp06", "Lesson03\Lesson03.Exp06\Lesson03.Exp06.csproj", "{BE2BA6D2-3244-4567-AF45-63FE7F821A17}"
EndProject
Project("{FAE04EC0-301F-11D3-BF4B-00C04F79EFBC}") = "Lesson03.Exp07", "Lesson03\Lesson03.Exp07\Lesson03.Exp07.csproj", "{1C93EF71-6914-4E86-BA48-215E5CCB7BE3}"
EndProject
Project("{FAE04EC0-301F-11D3-BF4B-00C04F79EFBC}") = "Lesson03.Exp08", "Lesson03\Lesson03.Exp08\Lesson03.Exp08.csproj", "{9732C9EE-0DAB-4E62-B661-302C552E6DD9}"
EndProject
Project("{FAE04EC0-301F-11D3-BF4B-00C04F79EFBC}") = "Lesson03.Exp09", "Lesson03\Lesson03.Exp09\Lesson03.Exp09.csproj", "{BF09320C-08F2-447E-8120-EAA6DBD1B3EE}"
EndProject
Project("{2150E333-8FDC-42A3-9474-1A3956D46DE8}") = "Lesson_04", "Lesson_04", "{0D11CCA9-3F00-426A-BDED-1B188E6C4EE5}"
	ProjectSection(SolutionItems) = preProject
		Lesson04\Lesson04.ReadMe.txt = Lesson04\Lesson04.ReadMe.txt
	EndProjectSection
EndProject
Project("{FAE04EC0-301F-11D3-BF4B-00C04F79EFBC}") = "Lesson04.Exp01", "Lesson04\Lesson04.Exp01\Lesson04.Exp01.csproj", "{11D296C7-2CCF-4995-A482-84D421410AAC}"
EndProject
Project("{FAE04EC0-301F-11D3-BF4B-00C04F79EFBC}") = "Lesson04.Exp02", "Lesson04\Lesson04.Exp02\Lesson04.Exp02.csproj", "{98859D85-10B2-4A3F-8BB8-D8BF868EBD90}"
EndProject
Project("{FAE04EC0-301F-11D3-BF4B-00C04F79EFBC}") = "Lesson04.Exp03", "Lesson04\Lesson04.Exp03\Lesson04.Exp03.csproj", "{D15B572A-74E0-48E9-B1B6-6DE783D2BFCE}"
EndProject
Project("{FAE04EC0-301F-11D3-BF4B-00C04F79EFBC}") = "Lesson04.Exp04", "Lesson04\Lesson04.Exp04\Lesson04.Exp04.csproj", "{2AC6671B-3372-42A1-9665-CB2FEA18D0AF}"
EndProject
Project("{FAE04EC0-301F-11D3-BF4B-00C04F79EFBC}") = "Lesson04.Exp05", "Lesson04\Lesson04.Exp05\Lesson04.Exp05.csproj", "{1E8FC16B-8279-4F09-945A-34FAD84BEC57}"
EndProject
Global
	GlobalSection(SolutionConfigurationPlatforms) = preSolution
		Debug|Any CPU = Debug|Any CPU
		Release|Any CPU = Release|Any CPU
	EndGlobalSection
	GlobalSection(ProjectConfigurationPlatforms) = postSolution
		{55BFDAB1-8F1B-4750-AEFC-76773570DB19}.Debug|Any CPU.ActiveCfg = Debug|Any CPU
		{55BFDAB1-8F1B-4750-AEFC-76773570DB19}.Debug|Any CPU.Build.0 = Debug|Any CPU
		{55BFDAB1-8F1B-4750-AEFC-76773570DB19}.Release|Any CPU.ActiveCfg = Release|Any CPU
		{55BFDAB1-8F1B-4750-AEFC-76773570DB19}.Release|Any CPU.Build.0 = Release|Any CPU
		{F6AAED7A-9F6C-49DB-9B3C-6D8EB365B1CC}.Debug|Any CPU.ActiveCfg = Debug|Any CPU
		{F6AAED7A-9F6C-49DB-9B3C-6D8EB365B1CC}.Debug|Any CPU.Build.0 = Debug|Any CPU
		{F6AAED7A-9F6C-49DB-9B3C-6D8EB365B1CC}.Release|Any CPU.ActiveCfg = Release|Any CPU
		{F6AAED7A-9F6C-49DB-9B3C-6D8EB365B1CC}.Release|Any CPU.Build.0 = Release|Any CPU
		{47158E4A-0DD0-4460-923B-387D08A9DDE2}.Debug|Any CPU.ActiveCfg = Debug|Any CPU
		{47158E4A-0DD0-4460-923B-387D08A9DDE2}.Debug|Any CPU.Build.0 = Debug|Any CPU
		{47158E4A-0DD0-4460-923B-387D08A9DDE2}.Release|Any CPU.ActiveCfg = Release|Any CPU
		{47158E4A-0DD0-4460-923B-387D08A9DDE2}.Release|Any CPU.Build.0 = Release|Any CPU
		{D562DD7C-43AD-4B22-90CE-11FAD230E0D1}.Debug|Any CPU.ActiveCfg = Debug|Any CPU
		{D562DD7C-43AD-4B22-90CE-11FAD230E0D1}.Debug|Any CPU.Build.0 = Debug|Any CPU
		{D562DD7C-43AD-4B22-90CE-11FAD230E0D1}.Release|Any CPU.ActiveCfg = Release|Any CPU
		{D562DD7C-43AD-4B22-90CE-11FAD230E0D1}.Release|Any CPU.Build.0 = Release|Any CPU
		{CB66029B-63FA-4B6C-8380-DEF2E2DC13C6}.Debug|Any CPU.ActiveCfg = Debug|Any CPU
		{CB66029B-63FA-4B6C-8380-DEF2E2DC13C6}.Debug|Any CPU.Build.0 = Debug|Any CPU
		{CB66029B-63FA-4B6C-8380-DEF2E2DC13C6}.Release|Any CPU.ActiveCfg = Release|Any CPU
		{CB66029B-63FA-4B6C-8380-DEF2E2DC13C6}.Release|Any CPU.Build.0 = Release|Any CPU
		{A036A751-7F80-4F0E-BFD4-EF35A0D05719}.Debug|Any CPU.ActiveCfg = Debug|Any CPU
		{A036A751-7F80-4F0E-BFD4-EF35A0D05719}.Debug|Any CPU.Build.0 = Debug|Any CPU
		{A036A751-7F80-4F0E-BFD4-EF35A0D05719}.Release|Any CPU.ActiveCfg = Release|Any CPU
		{A036A751-7F80-4F0E-BFD4-EF35A0D05719}.Release|Any CPU.Build.0 = Release|Any CPU
		{554334F8-E753-4257-A981-6BB31EC6639E}.Debug|Any CPU.ActiveCfg = Debug|Any CPU
		{554334F8-E753-4257-A981-6BB31EC6639E}.Debug|Any CPU.Build.0 = Debug|Any CPU
		{554334F8-E753-4257-A981-6BB31EC6639E}.Release|Any CPU.ActiveCfg = Release|Any CPU
		{554334F8-E753-4257-A981-6BB31EC6639E}.Release|Any CPU.Build.0 = Release|Any CPU
		{ABDEA2C7-4B36-4688-99F2-1318082EDCFC}.Debug|Any CPU.ActiveCfg = Debug|Any CPU
		{ABDEA2C7-4B36-4688-99F2-1318082EDCFC}.Debug|Any CPU.Build.0 = Debug|Any CPU
		{ABDEA2C7-4B36-4688-99F2-1318082EDCFC}.Release|Any CPU.ActiveCfg = Release|Any CPU
		{ABDEA2C7-4B36-4688-99F2-1318082EDCFC}.Release|Any CPU.Build.0 = Release|Any CPU
		{FF663F29-89E3-4490-80C6-CB81FC6DF9A1}.Debug|Any CPU.ActiveCfg = Debug|Any CPU
		{FF663F29-89E3-4490-80C6-CB81FC6DF9A1}.Debug|Any CPU.Build.0 = Debug|Any CPU
		{FF663F29-89E3-4490-80C6-CB81FC6DF9A1}.Release|Any CPU.ActiveCfg = Release|Any CPU
		{FF663F29-89E3-4490-80C6-CB81FC6DF9A1}.Release|Any CPU.Build.0 = Release|Any CPU
		{BDA32A96-7B37-4706-9ED8-5ABC2DAC54D8}.Debug|Any CPU.ActiveCfg = Debug|Any CPU
		{BDA32A96-7B37-4706-9ED8-5ABC2DAC54D8}.Debug|Any CPU.Build.0 = Debug|Any CPU
		{BDA32A96-7B37-4706-9ED8-5ABC2DAC54D8}.Release|Any CPU.ActiveCfg = Release|Any CPU
		{BDA32A96-7B37-4706-9ED8-5ABC2DAC54D8}.Release|Any CPU.Build.0 = Release|Any CPU
		{C3B4566A-F67B-4173-A49E-B01896558221}.Debug|Any CPU.ActiveCfg = Debug|Any CPU
		{C3B4566A-F67B-4173-A49E-B01896558221}.Debug|Any CPU.Build.0 = Debug|Any CPU
		{C3B4566A-F67B-4173-A49E-B01896558221}.Release|Any CPU.ActiveCfg = Release|Any CPU
		{C3B4566A-F67B-4173-A49E-B01896558221}.Release|Any CPU.Build.0 = Release|Any CPU
		{490AEF45-99A3-4B6F-B5C3-4179AACD6065}.Debug|Any CPU.ActiveCfg = Debug|Any CPU
		{490AEF45-99A3-4B6F-B5C3-4179AACD6065}.Debug|Any CPU.Build.0 = Debug|Any CPU
		{490AEF45-99A3-4B6F-B5C3-4179AACD6065}.Release|Any CPU.ActiveCfg = Release|Any CPU
		{490AEF45-99A3-4B6F-B5C3-4179AACD6065}.Release|Any CPU.Build.0 = Release|Any CPU
		{F31098AF-9F12-4185-8A1E-3B1781855762}.Debug|Any CPU.ActiveCfg = Debug|Any CPU
		{F31098AF-9F12-4185-8A1E-3B1781855762}.Debug|Any CPU.Build.0 = Debug|Any CPU
		{F31098AF-9F12-4185-8A1E-3B1781855762}.Release|Any CPU.ActiveCfg = Release|Any CPU
		{F31098AF-9F12-4185-8A1E-3B1781855762}.Release|Any CPU.Build.0 = Release|Any CPU
		{D6277F96-81EF-4E3D-A0DE-293A71CDD46F}.Debug|Any CPU.ActiveCfg = Debug|Any CPU
		{D6277F96-81EF-4E3D-A0DE-293A71CDD46F}.Debug|Any CPU.Build.0 = Debug|Any CPU
		{D6277F96-81EF-4E3D-A0DE-293A71CDD46F}.Release|Any CPU.ActiveCfg = Release|Any CPU
		{D6277F96-81EF-4E3D-A0DE-293A71CDD46F}.Release|Any CPU.Build.0 = Release|Any CPU
		{898FAD2B-A849-4AAC-B5B1-DA09CA540CD0}.Debug|Any CPU.ActiveCfg = Debug|Any CPU
		{898FAD2B-A849-4AAC-B5B1-DA09CA540CD0}.Debug|Any CPU.Build.0 = Debug|Any CPU
		{898FAD2B-A849-4AAC-B5B1-DA09CA540CD0}.Release|Any CPU.ActiveCfg = Release|Any CPU
		{898FAD2B-A849-4AAC-B5B1-DA09CA540CD0}.Release|Any CPU.Build.0 = Release|Any CPU
		{B38638FB-F4FF-4CA0-BEC4-853C8CA5E95F}.Debug|Any CPU.ActiveCfg = Debug|Any CPU
		{B38638FB-F4FF-4CA0-BEC4-853C8CA5E95F}.Debug|Any CPU.Build.0 = Debug|Any CPU
		{B38638FB-F4FF-4CA0-BEC4-853C8CA5E95F}.Release|Any CPU.ActiveCfg = Release|Any CPU
		{B38638FB-F4FF-4CA0-BEC4-853C8CA5E95F}.Release|Any CPU.Build.0 = Release|Any CPU
		{CC10CF48-6A2D-484F-BAAF-E48F6D3E2EAC}.Debug|Any CPU.ActiveCfg = Debug|Any CPU
		{CC10CF48-6A2D-484F-BAAF-E48F6D3E2EAC}.Debug|Any CPU.Build.0 = Debug|Any CPU
		{CC10CF48-6A2D-484F-BAAF-E48F6D3E2EAC}.Release|Any CPU.ActiveCfg = Release|Any CPU
		{CC10CF48-6A2D-484F-BAAF-E48F6D3E2EAC}.Release|Any CPU.Build.0 = Release|Any CPU
		{03C11382-8793-4370-A1EA-51F65BE29147}.Debug|Any CPU.ActiveCfg = Debug|Any CPU
		{03C11382-8793-4370-A1EA-51F65BE29147}.Debug|Any CPU.Build.0 = Debug|Any CPU
		{03C11382-8793-4370-A1EA-51F65BE29147}.Release|Any CPU.ActiveCfg = Release|Any CPU
		{03C11382-8793-4370-A1EA-51F65BE29147}.Release|Any CPU.Build.0 = Release|Any CPU
		{ECE4ACC8-676E-4D9B-A1C7-7A815ACB3094}.Debug|Any CPU.ActiveCfg = Debug|Any CPU
		{ECE4ACC8-676E-4D9B-A1C7-7A815ACB3094}.Debug|Any CPU.Build.0 = Debug|Any CPU
		{ECE4ACC8-676E-4D9B-A1C7-7A815ACB3094}.Release|Any CPU.ActiveCfg = Release|Any CPU
		{ECE4ACC8-676E-4D9B-A1C7-7A815ACB3094}.Release|Any CPU.Build.0 = Release|Any CPU
		{72106BC4-6FC9-48BF-83BD-4F39F2902DD8}.Debug|Any CPU.ActiveCfg = Debug|Any CPU
		{72106BC4-6FC9-48BF-83BD-4F39F2902DD8}.Debug|Any CPU.Build.0 = Debug|Any CPU
		{72106BC4-6FC9-48BF-83BD-4F39F2902DD8}.Release|Any CPU.ActiveCfg = Release|Any CPU
		{72106BC4-6FC9-48BF-83BD-4F39F2902DD8}.Release|Any CPU.Build.0 = Release|Any CPU
		{678BFCA1-5200-434C-B4E5-5F7FA788872C}.Debug|Any CPU.ActiveCfg = Debug|Any CPU
		{678BFCA1-5200-434C-B4E5-5F7FA788872C}.Debug|Any CPU.Build.0 = Debug|Any CPU
		{678BFCA1-5200-434C-B4E5-5F7FA788872C}.Release|Any CPU.ActiveCfg = Release|Any CPU
		{678BFCA1-5200-434C-B4E5-5F7FA788872C}.Release|Any CPU.Build.0 = Release|Any CPU
		{EA09507E-BF90-4B50-92B1-F69309F98A9D}.Debug|Any CPU.ActiveCfg = Debug|Any CPU
		{EA09507E-BF90-4B50-92B1-F69309F98A9D}.Debug|Any CPU.Build.0 = Debug|Any CPU
		{EA09507E-BF90-4B50-92B1-F69309F98A9D}.Release|Any CPU.ActiveCfg = Release|Any CPU
		{EA09507E-BF90-4B50-92B1-F69309F98A9D}.Release|Any CPU.Build.0 = Release|Any CPU
		{D2701368-1443-4419-B084-C69D035C96C7}.Debug|Any CPU.ActiveCfg = Debug|Any CPU
		{D2701368-1443-4419-B084-C69D035C96C7}.Debug|Any CPU.Build.0 = Debug|Any CPU
		{D2701368-1443-4419-B084-C69D035C96C7}.Release|Any CPU.ActiveCfg = Release|Any CPU
		{D2701368-1443-4419-B084-C69D035C96C7}.Release|Any CPU.Build.0 = Release|Any CPU
		{0B624F7F-B7E0-47F7-B084-C13B4819690E}.Debug|Any CPU.ActiveCfg = Debug|Any CPU
		{0B624F7F-B7E0-47F7-B084-C13B4819690E}.Debug|Any CPU.Build.0 = Debug|Any CPU
		{0B624F7F-B7E0-47F7-B084-C13B4819690E}.Release|Any CPU.ActiveCfg = Release|Any CPU
		{0B624F7F-B7E0-47F7-B084-C13B4819690E}.Release|Any CPU.Build.0 = Release|Any CPU
		{7B97A5C4-5838-48C7-B3F0-6AA007258A04}.Debug|Any CPU.ActiveCfg = Debug|Any CPU
		{7B97A5C4-5838-48C7-B3F0-6AA007258A04}.Debug|Any CPU.Build.0 = Debug|Any CPU
		{7B97A5C4-5838-48C7-B3F0-6AA007258A04}.Release|Any CPU.ActiveCfg = Release|Any CPU
		{7B97A5C4-5838-48C7-B3F0-6AA007258A04}.Release|Any CPU.Build.0 = Release|Any CPU
		{C5E8824E-7DBB-4527-842D-C7C945366645}.Debug|Any CPU.ActiveCfg = Debug|Any CPU
		{C5E8824E-7DBB-4527-842D-C7C945366645}.Debug|Any CPU.Build.0 = Debug|Any CPU
		{C5E8824E-7DBB-4527-842D-C7C945366645}.Release|Any CPU.ActiveCfg = Release|Any CPU
		{C5E8824E-7DBB-4527-842D-C7C945366645}.Release|Any CPU.Build.0 = Release|Any CPU
		{BE2BA6D2-3244-4567-AF45-63FE7F821A17}.Debug|Any CPU.ActiveCfg = Debug|Any CPU
		{BE2BA6D2-3244-4567-AF45-63FE7F821A17}.Debug|Any CPU.Build.0 = Debug|Any CPU
		{BE2BA6D2-3244-4567-AF45-63FE7F821A17}.Release|Any CPU.ActiveCfg = Release|Any CPU
		{BE2BA6D2-3244-4567-AF45-63FE7F821A17}.Release|Any CPU.Build.0 = Release|Any CPU
		{1C93EF71-6914-4E86-BA48-215E5CCB7BE3}.Debug|Any CPU.ActiveCfg = Debug|Any CPU
		{1C93EF71-6914-4E86-BA48-215E5CCB7BE3}.Debug|Any CPU.Build.0 = Debug|Any CPU
		{1C93EF71-6914-4E86-BA48-215E5CCB7BE3}.Release|Any CPU.ActiveCfg = Release|Any CPU
		{1C93EF71-6914-4E86-BA48-215E5CCB7BE3}.Release|Any CPU.Build.0 = Release|Any CPU
		{9732C9EE-0DAB-4E62-B661-302C552E6DD9}.Debug|Any CPU.ActiveCfg = Debug|Any CPU
		{9732C9EE-0DAB-4E62-B661-302C552E6DD9}.Debug|Any CPU.Build.0 = Debug|Any CPU
		{9732C9EE-0DAB-4E62-B661-302C552E6DD9}.Release|Any CPU.ActiveCfg = Release|Any CPU
		{9732C9EE-0DAB-4E62-B661-302C552E6DD9}.Release|Any CPU.Build.0 = Release|Any CPU
		{BF09320C-08F2-447E-8120-EAA6DBD1B3EE}.Debug|Any CPU.ActiveCfg = Debug|Any CPU
		{BF09320C-08F2-447E-8120-EAA6DBD1B3EE}.Debug|Any CPU.Build.0 = Debug|Any CPU
		{BF09320C-08F2-447E-8120-EAA6DBD1B3EE}.Release|Any CPU.ActiveCfg = Release|Any CPU
		{BF09320C-08F2-447E-8120-EAA6DBD1B3EE}.Release|Any CPU.Build.0 = Release|Any CPU
		{11D296C7-2CCF-4995-A482-84D421410AAC}.Debug|Any CPU.ActiveCfg = Debug|Any CPU
		{11D296C7-2CCF-4995-A482-84D421410AAC}.Debug|Any CPU.Build.0 = Debug|Any CPU
		{11D296C7-2CCF-4995-A482-84D421410AAC}.Release|Any CPU.ActiveCfg = Release|Any CPU
		{11D296C7-2CCF-4995-A482-84D421410AAC}.Release|Any CPU.Build.0 = Release|Any CPU
		{98859D85-10B2-4A3F-8BB8-D8BF868EBD90}.Debug|Any CPU.ActiveCfg = Debug|Any CPU
		{98859D85-10B2-4A3F-8BB8-D8BF868EBD90}.Debug|Any CPU.Build.0 = Debug|Any CPU
		{98859D85-10B2-4A3F-8BB8-D8BF868EBD90}.Release|Any CPU.ActiveCfg = Release|Any CPU
		{98859D85-10B2-4A3F-8BB8-D8BF868EBD90}.Release|Any CPU.Build.0 = Release|Any CPU
		{D15B572A-74E0-48E9-B1B6-6DE783D2BFCE}.Debug|Any CPU.ActiveCfg = Debug|Any CPU
		{D15B572A-74E0-48E9-B1B6-6DE783D2BFCE}.Debug|Any CPU.Build.0 = Debug|Any CPU
		{D15B572A-74E0-48E9-B1B6-6DE783D2BFCE}.Release|Any CPU.ActiveCfg = Release|Any CPU
		{D15B572A-74E0-48E9-B1B6-6DE783D2BFCE}.Release|Any CPU.Build.0 = Release|Any CPU
		{2AC6671B-3372-42A1-9665-CB2FEA18D0AF}.Debug|Any CPU.ActiveCfg = Debug|Any CPU
		{2AC6671B-3372-42A1-9665-CB2FEA18D0AF}.Debug|Any CPU.Build.0 = Debug|Any CPU
		{2AC6671B-3372-42A1-9665-CB2FEA18D0AF}.Release|Any CPU.ActiveCfg = Release|Any CPU
		{2AC6671B-3372-42A1-9665-CB2FEA18D0AF}.Release|Any CPU.Build.0 = Release|Any CPU
		{1E8FC16B-8279-4F09-945A-34FAD84BEC57}.Debug|Any CPU.ActiveCfg = Debug|Any CPU
		{1E8FC16B-8279-4F09-945A-34FAD84BEC57}.Debug|Any CPU.Build.0 = Debug|Any CPU
		{1E8FC16B-8279-4F09-945A-34FAD84BEC57}.Release|Any CPU.ActiveCfg = Release|Any CPU
		{1E8FC16B-8279-4F09-945A-34FAD84BEC57}.Release|Any CPU.Build.0 = Release|Any CPU
	EndGlobalSection
	GlobalSection(SolutionProperties) = preSolution
		HideSolutionNode = FALSE
	EndGlobalSection
	GlobalSection(NestedProjects) = preSolution
		{55BFDAB1-8F1B-4750-AEFC-76773570DB19} = {4D96CB14-165A-4972-B0FE-ACEB4ED5B716}
		{F6AAED7A-9F6C-49DB-9B3C-6D8EB365B1CC} = {4D96CB14-165A-4972-B0FE-ACEB4ED5B716}
		{47158E4A-0DD0-4460-923B-387D08A9DDE2} = {4D96CB14-165A-4972-B0FE-ACEB4ED5B716}
		{D562DD7C-43AD-4B22-90CE-11FAD230E0D1} = {4D96CB14-165A-4972-B0FE-ACEB4ED5B716}
		{CB66029B-63FA-4B6C-8380-DEF2E2DC13C6} = {4D96CB14-165A-4972-B0FE-ACEB4ED5B716}
		{A036A751-7F80-4F0E-BFD4-EF35A0D05719} = {4D96CB14-165A-4972-B0FE-ACEB4ED5B716}
		{554334F8-E753-4257-A981-6BB31EC6639E} = {4D96CB14-165A-4972-B0FE-ACEB4ED5B716}
		{ABDEA2C7-4B36-4688-99F2-1318082EDCFC} = {4D96CB14-165A-4972-B0FE-ACEB4ED5B716}
		{BDA32A96-7B37-4706-9ED8-5ABC2DAC54D8} = {4D96CB14-165A-4972-B0FE-ACEB4ED5B716}
		{C3B4566A-F67B-4173-A49E-B01896558221} = {4D96CB14-165A-4972-B0FE-ACEB4ED5B716}
		{490AEF45-99A3-4B6F-B5C3-4179AACD6065} = {8FD026F2-5408-4F91-B7A4-00CFFAC02608}
		{F31098AF-9F12-4185-8A1E-3B1781855762} = {8FD026F2-5408-4F91-B7A4-00CFFAC02608}
		{D6277F96-81EF-4E3D-A0DE-293A71CDD46F} = {8FD026F2-5408-4F91-B7A4-00CFFAC02608}
		{898FAD2B-A849-4AAC-B5B1-DA09CA540CD0} = {8FD026F2-5408-4F91-B7A4-00CFFAC02608}
		{B38638FB-F4FF-4CA0-BEC4-853C8CA5E95F} = {8FD026F2-5408-4F91-B7A4-00CFFAC02608}
		{CC10CF48-6A2D-484F-BAAF-E48F6D3E2EAC} = {8FD026F2-5408-4F91-B7A4-00CFFAC02608}
		{03C11382-8793-4370-A1EA-51F65BE29147} = {8FD026F2-5408-4F91-B7A4-00CFFAC02608}
		{ECE4ACC8-676E-4D9B-A1C7-7A815ACB3094} = {8FD026F2-5408-4F91-B7A4-00CFFAC02608}
		{72106BC4-6FC9-48BF-83BD-4F39F2902DD8} = {8FD026F2-5408-4F91-B7A4-00CFFAC02608}
		{678BFCA1-5200-434C-B4E5-5F7FA788872C} = {8FD026F2-5408-4F91-B7A4-00CFFAC02608}
		{EA09507E-BF90-4B50-92B1-F69309F98A9D} = {844A996D-29E1-4FA2-9B8F-2FF89BE94CA6}
		{D2701368-1443-4419-B084-C69D035C96C7} = {844A996D-29E1-4FA2-9B8F-2FF89BE94CA6}
		{0B624F7F-B7E0-47F7-B084-C13B4819690E} = {844A996D-29E1-4FA2-9B8F-2FF89BE94CA6}
		{7B97A5C4-5838-48C7-B3F0-6AA007258A04} = {844A996D-29E1-4FA2-9B8F-2FF89BE94CA6}
		{C5E8824E-7DBB-4527-842D-C7C945366645} = {844A996D-29E1-4FA2-9B8F-2FF89BE94CA6}
		{BE2BA6D2-3244-4567-AF45-63FE7F821A17} = {844A996D-29E1-4FA2-9B8F-2FF89BE94CA6}
		{1C93EF71-6914-4E86-BA48-215E5CCB7BE3} = {844A996D-29E1-4FA2-9B8F-2FF89BE94CA6}
		{9732C9EE-0DAB-4E62-B661-302C552E6DD9} = {844A996D-29E1-4FA2-9B8F-2FF89BE94CA6}
		{BF09320C-08F2-447E-8120-EAA6DBD1B3EE} = {844A996D-29E1-4FA2-9B8F-2FF89BE94CA6}
		{11D296C7-2CCF-4995-A482-84D421410AAC} = {0D11CCA9-3F00-426A-BDED-1B188E6C4EE5}
		{98859D85-10B2-4A3F-8BB8-D8BF868EBD90} = {0D11CCA9-3F00-426A-BDED-1B188E6C4EE5}
		{D15B572A-74E0-48E9-B1B6-6DE783D2BFCE} = {0D11CCA9-3F00-426A-BDED-1B188E6C4EE5}
		{2AC6671B-3372-42A1-9665-CB2FEA18D0AF} = {0D11CCA9-3F00-426A-BDED-1B188E6C4EE5}
		{1E8FC16B-8279-4F09-945A-34FAD84BEC57} = {0D11CCA9-3F00-426A-BDED-1B188E6C4EE5}
	EndGlobalSection
	GlobalSection(ExtensibilityGlobals) = postSolution
		SolutionGuid = {9710C6C1-92D0-4B48-B992-1E1460169F64}
	EndGlobalSection
EndGlobal
