
Microsoft Visual Studio Solution File, Format Version 12.00
# Visual Studio Version 16
VisualStudioVersion = 16.0.29418.71
MinimumVisualStudioVersion = 10.0.40219.1
Project("{2150E333-8FDC-42A3-9474-1A3956D46DE8}") = "Lesson_01", "Lesson_01", "{4D96CB14-165A-4972-B0FE-ACEB4ED5B716}"
	ProjectSection(SolutionItems) = preProject
		Lesson01\Lesson01.ReadMe.txt = Lesson01\Lesson01.ReadMe.txt
	EndProjectSection
EndProject
Project("{FAE04EC0-301F-11D3-BF4B-00C04F79EFBC}") = "Lesson01.Exp03", "Lesson01\Lesson01.Exp03\Lesson01.Exp03.csproj", "{55BFDAB1-8F1B-4750-AEFC-76773570DB19}"
EndProject
Project("{FAE04EC0-301F-11D3-BF4B-00C04F79EFBC}") = "Lesson01.Exp04", "Lesson01\Lesson01.Exp04\Lesson01.Exp04.csproj", "{F6AAED7A-9F6C-49DB-9B3C-6D8EB365B1CC}"
EndProject
Project("{FAE04EC0-301F-11D3-BF4B-00C04F79EFBC}") = "Lesson01.Exp05", "Lesson01\Lesson01.Exp05\Lesson01.Exp05.csproj", "{47158E4A-0DD0-4460-923B-387D08A9DDE2}"
EndProject
Project("{FAE04EC0-301F-11D3-BF4B-00C04F79EFBC}") = "Lesson01.Exp06", "Lesson01\Lesson01.Exp06\Lesson01.Exp06.csproj", "{D562DD7C-43AD-4B22-90CE-11FAD230E0D1}"
EndProject
Project("{FAE04EC0-301F-11D3-BF4B-00C04F79EFBC}") = "Lesson01.Exp07", "Lesson01\Lesson01.Exp07\Lesson01.Exp07.csproj", "{CB66029B-63FA-4B6C-8380-DEF2E2DC13C6}"
EndProject
Project("{FAE04EC0-301F-11D3-BF4B-00C04F79EFBC}") = "Lesson01.Exp08", "Lesson01\Lesson01.Exp08\Lesson01.Exp08.csproj", "{A036A751-7F80-4F0E-BFD4-EF35A0D05719}"
EndProject
Project("{FAE04EC0-301F-11D3-BF4B-00C04F79EFBC}") = "Lesson01.Exp09", "Lesson01\Lesson01.Exp09\Lesson01.Exp09.csproj", "{554334F8-E753-4257-A981-6BB31EC6639E}"
EndProject
Project("{FAE04EC0-301F-11D3-BF4B-00C04F79EFBC}") = "Lesson01.Exp10", "Lesson01\Lesson01.Exp10\Lesson01.Exp10.csproj", "{ABDEA2C7-4B36-4688-99F2-1318082EDCFC}"
EndProject
Project("{9A19103F-16F7-4668-BE54-9A1E7A4F7556}") = "MyLib", "..\..\MyLib\MyLib.csproj", "{FF663F29-89E3-4490-80C6-CB81FC6DF9A1}"
EndProject
Project("{FAE04EC0-301F-11D3-BF4B-00C04F79EFBC}") = "Lesson01.Exp01", "Lesson01\Lesson01.Exp01\Lesson01.Exp01.csproj", "{BDA32A96-7B37-4706-9ED8-5ABC2DAC54D8}"
EndProject
Project("{FAE04EC0-301F-11D3-BF4B-00C04F79EFBC}") = "Lesson01.Exp02", "Lesson01\Lesson01.Exp02\Lesson01.Exp02.csproj", "{C3B4566A-F67B-4173-A49E-B01896558221}"
EndProject
Project("{2150E333-8FDC-42A3-9474-1A3956D46DE8}") = "Lesson_02", "Lesson_02", "{8FD026F2-5408-4F91-B7A4-00CFFAC02608}"
EndProject
Global
	GlobalSection(SolutionConfigurationPlatforms) = preSolution
		Debug|Any CPU = Debug|Any CPU
		Release|Any CPU = Release|Any CPU
	EndGlobalSection
	GlobalSection(ProjectConfigurationPlatforms) = postSolution
		{55BFDAB1-8F1B-4750-AEFC-76773570DB19}.Debug|Any CPU.ActiveCfg = Debug|Any CPU
		{55BFDAB1-8F1B-4750-AEFC-76773570DB19}.Debug|Any CPU.Build.0 = Debug|Any CPU
		{55BFDAB1-8F1B-4750-AEFC-76773570DB19}.Release|Any CPU.ActiveCfg = Release|Any CPU
		{55BFDAB1-8F1B-4750-AEFC-76773570DB19}.Release|Any CPU.Build.0 = Release|Any CPU
		{F6AAED7A-9F6C-49DB-9B3C-6D8EB365B1CC}.Debug|Any CPU.ActiveCfg = Debug|Any CPU
		{F6AAED7A-9F6C-49DB-9B3C-6D8EB365B1CC}.Debug|Any CPU.Build.0 = Debug|Any CPU
		{F6AAED7A-9F6C-49DB-9B3C-6D8EB365B1CC}.Release|Any CPU.ActiveCfg = Release|Any CPU
		{F6AAED7A-9F6C-49DB-9B3C-6D8EB365B1CC}.Release|Any CPU.Build.0 = Release|Any CPU
		{47158E4A-0DD0-4460-923B-387D08A9DDE2}.Debug|Any CPU.ActiveCfg = Debug|Any CPU
		{47158E4A-0DD0-4460-923B-387D08A9DDE2}.Debug|Any CPU.Build.0 = Debug|Any CPU
		{47158E4A-0DD0-4460-923B-387D08A9DDE2}.Release|Any CPU.ActiveCfg = Release|Any CPU
		{47158E4A-0DD0-4460-923B-387D08A9DDE2}.Release|Any CPU.Build.0 = Release|Any CPU
		{D562DD7C-43AD-4B22-90CE-11FAD230E0D1}.Debug|Any CPU.ActiveCfg = Debug|Any CPU
		{D562DD7C-43AD-4B22-90CE-11FAD230E0D1}.Debug|Any CPU.Build.0 = Debug|Any CPU
		{D562DD7C-43AD-4B22-90CE-11FAD230E0D1}.Release|Any CPU.ActiveCfg = Release|Any CPU
		{D562DD7C-43AD-4B22-90CE-11FAD230E0D1}.Release|Any CPU.Build.0 = Release|Any CPU
		{CB66029B-63FA-4B6C-8380-DEF2E2DC13C6}.Debug|Any CPU.ActiveCfg = Debug|Any CPU
		{CB66029B-63FA-4B6C-8380-DEF2E2DC13C6}.Debug|Any CPU.Build.0 = Debug|Any CPU
		{CB66029B-63FA-4B6C-8380-DEF2E2DC13C6}.Release|Any CPU.ActiveCfg = Release|Any CPU
		{CB66029B-63FA-4B6C-8380-DEF2E2DC13C6}.Release|Any CPU.Build.0 = Release|Any CPU
		{A036A751-7F80-4F0E-BFD4-EF35A0D05719}.Debug|Any CPU.ActiveCfg = Debug|Any CPU
		{A036A751-7F80-4F0E-BFD4-EF35A0D05719}.Debug|Any CPU.Build.0 = Debug|Any CPU
		{A036A751-7F80-4F0E-BFD4-EF35A0D05719}.Release|Any CPU.ActiveCfg = Release|Any CPU
		{A036A751-7F80-4F0E-BFD4-EF35A0D05719}.Release|Any CPU.Build.0 = Release|Any CPU
		{554334F8-E753-4257-A981-6BB31EC6639E}.Debug|Any CPU.ActiveCfg = Debug|Any CPU
		{554334F8-E753-4257-A981-6BB31EC6639E}.Debug|Any CPU.Build.0 = Debug|Any CPU
		{554334F8-E753-4257-A981-6BB31EC6639E}.Release|Any CPU.ActiveCfg = Release|Any CPU
		{554334F8-E753-4257-A981-6BB31EC6639E}.Release|Any CPU.Build.0 = Release|Any CPU
		{ABDEA2C7-4B36-4688-99F2-1318082EDCFC}.Debug|Any CPU.ActiveCfg = Debug|Any CPU
		{ABDEA2C7-4B36-4688-99F2-1318082EDCFC}.Debug|Any CPU.Build.0 = Debug|Any CPU
		{ABDEA2C7-4B36-4688-99F2-1318082EDCFC}.Release|Any CPU.ActiveCfg = Release|Any CPU
		{ABDEA2C7-4B36-4688-99F2-1318082EDCFC}.Release|Any CPU.Build.0 = Release|Any CPU
		{FF663F29-89E3-4490-80C6-CB81FC6DF9A1}.Debug|Any CPU.ActiveCfg = Debug|Any CPU
		{FF663F29-89E3-4490-80C6-CB81FC6DF9A1}.Debug|Any CPU.Build.0 = Debug|Any CPU
		{FF663F29-89E3-4490-80C6-CB81FC6DF9A1}.Release|Any CPU.ActiveCfg = Release|Any CPU
		{FF663F29-89E3-4490-80C6-CB81FC6DF9A1}.Release|Any CPU.Build.0 = Release|Any CPU
		{BDA32A96-7B37-4706-9ED8-5ABC2DAC54D8}.Debug|Any CPU.ActiveCfg = Debug|Any CPU
		{BDA32A96-7B37-4706-9ED8-5ABC2DAC54D8}.Debug|Any CPU.Build.0 = Debug|Any CPU
		{BDA32A96-7B37-4706-9ED8-5ABC2DAC54D8}.Release|Any CPU.ActiveCfg = Release|Any CPU
		{BDA32A96-7B37-4706-9ED8-5ABC2DAC54D8}.Release|Any CPU.Build.0 = Release|Any CPU
		{C3B4566A-F67B-4173-A49E-B01896558221}.Debug|Any CPU.ActiveCfg = Debug|Any CPU
		{C3B4566A-F67B-4173-A49E-B01896558221}.Debug|Any CPU.Build.0 = Debug|Any CPU
		{C3B4566A-F67B-4173-A49E-B01896558221}.Release|Any CPU.ActiveCfg = Release|Any CPU
		{C3B4566A-F67B-4173-A49E-B01896558221}.Release|Any CPU.Build.0 = Release|Any CPU
	EndGlobalSection
	GlobalSection(SolutionProperties) = preSolution
		HideSolutionNode = FALSE
	EndGlobalSection
	GlobalSection(NestedProjects) = preSolution
		{55BFDAB1-8F1B-4750-AEFC-76773570DB19} = {4D96CB14-165A-4972-B0FE-ACEB4ED5B716}
		{F6AAED7A-9F6C-49DB-9B3C-6D8EB365B1CC} = {4D96CB14-165A-4972-B0FE-ACEB4ED5B716}
		{47158E4A-0DD0-4460-923B-387D08A9DDE2} = {4D96CB14-165A-4972-B0FE-ACEB4ED5B716}
		{D562DD7C-43AD-4B22-90CE-11FAD230E0D1} = {4D96CB14-165A-4972-B0FE-ACEB4ED5B716}
		{CB66029B-63FA-4B6C-8380-DEF2E2DC13C6} = {4D96CB14-165A-4972-B0FE-ACEB4ED5B716}
		{A036A751-7F80-4F0E-BFD4-EF35A0D05719} = {4D96CB14-165A-4972-B0FE-ACEB4ED5B716}
		{554334F8-E753-4257-A981-6BB31EC6639E} = {4D96CB14-165A-4972-B0FE-ACEB4ED5B716}
		{ABDEA2C7-4B36-4688-99F2-1318082EDCFC} = {4D96CB14-165A-4972-B0FE-ACEB4ED5B716}
		{BDA32A96-7B37-4706-9ED8-5ABC2DAC54D8} = {4D96CB14-165A-4972-B0FE-ACEB4ED5B716}
		{C3B4566A-F67B-4173-A49E-B01896558221} = {4D96CB14-165A-4972-B0FE-ACEB4ED5B716}
	EndGlobalSection
	GlobalSection(ExtensibilityGlobals) = postSolution
		SolutionGuid = {9710C6C1-92D0-4B48-B992-1E1460169F64}
	EndGlobalSection
EndGlobal
