
Microsoft Visual Studio Solution File, Format Version 12.00
# Visual Studio Version 16
VisualStudioVersion = 16.0.29424.173
MinimumVisualStudioVersion = 10.0.40219.1
Project("{9A19103F-16F7-4668-BE54-9A1E7A4F7556}") = "MyLibraries", "MyLibraries\MyLibraries.csproj", "{AB27D978-75B3-4AAE-AB22-63B9309FFDE0}"
EndProject
Project("{FAE04EC0-301F-11D3-BF4B-00C04F79EFBC}") = "Lesson01.HW.Task02", "Lesson01.HW.Task02\Lesson01.HW.Task02.csproj", "{B1B6569F-B0FE-4B1C-B056-71F6D554A92D}"
EndProject
Project("{FAE04EC0-301F-11D3-BF4B-00C04F79EFBC}") = "Lesson01.HW.Task03", "Lesson01.HW.Task03\Lesson01.HW.Task03.csproj", "{09991CB8-9CD2-4560-87AB-294CC049DD27}"
EndProject
Project("{FAE04EC0-301F-11D3-BF4B-00C04F79EFBC}") = "Lesson01.HW.Task04", "Lesson01.HW.Task04\Lesson01.HW.Task04.csproj", "{5A5FBA56-4F8C-4EC5-A69E-CEAE58383880}"
EndProject
Project("{FAE04EC0-301F-11D3-BF4B-00C04F79EFBC}") = "Lesson01.HW.Task01", "Lesson01.HW.Task_01\Lesson01.HW.Task01.csproj", "{F4493E3B-73D5-439D-A411-F5D0DA2371F8}"
EndProject
Global
	GlobalSection(SolutionConfigurationPlatforms) = preSolution
		Debug|Any CPU = Debug|Any CPU
		Release|Any CPU = Release|Any CPU
	EndGlobalSection
	GlobalSection(ProjectConfigurationPlatforms) = postSolution
		{AB27D978-75B3-4AAE-AB22-63B9309FFDE0}.Debug|Any CPU.ActiveCfg = Debug|Any CPU
		{AB27D978-75B3-4AAE-AB22-63B9309FFDE0}.Debug|Any CPU.Build.0 = Debug|Any CPU
		{AB27D978-75B3-4AAE-AB22-63B9309FFDE0}.Release|Any CPU.ActiveCfg = Release|Any CPU
		{AB27D978-75B3-4AAE-AB22-63B9309FFDE0}.Release|Any CPU.Build.0 = Release|Any CPU
		{B1B6569F-B0FE-4B1C-B056-71F6D554A92D}.Debug|Any CPU.ActiveCfg = Debug|Any CPU
		{B1B6569F-B0FE-4B1C-B056-71F6D554A92D}.Debug|Any CPU.Build.0 = Debug|Any CPU
		{B1B6569F-B0FE-4B1C-B056-71F6D554A92D}.Release|Any CPU.ActiveCfg = Release|Any CPU
		{B1B6569F-B0FE-4B1C-B056-71F6D554A92D}.Release|Any CPU.Build.0 = Release|Any CPU
		{09991CB8-9CD2-4560-87AB-294CC049DD27}.Debug|Any CPU.ActiveCfg = Debug|Any CPU
		{09991CB8-9CD2-4560-87AB-294CC049DD27}.Debug|Any CPU.Build.0 = Debug|Any CPU
		{09991CB8-9CD2-4560-87AB-294CC049DD27}.Release|Any CPU.ActiveCfg = Release|Any CPU
		{09991CB8-9CD2-4560-87AB-294CC049DD27}.Release|Any CPU.Build.0 = Release|Any CPU
		{5A5FBA56-4F8C-4EC5-A69E-CEAE58383880}.Debug|Any CPU.ActiveCfg = Debug|Any CPU
		{5A5FBA56-4F8C-4EC5-A69E-CEAE58383880}.Debug|Any CPU.Build.0 = Debug|Any CPU
		{5A5FBA56-4F8C-4EC5-A69E-CEAE58383880}.Release|Any CPU.ActiveCfg = Release|Any CPU
		{5A5FBA56-4F8C-4EC5-A69E-CEAE58383880}.Release|Any CPU.Build.0 = Release|Any CPU
		{F4493E3B-73D5-439D-A411-F5D0DA2371F8}.Debug|Any CPU.ActiveCfg = Debug|Any CPU
		{F4493E3B-73D5-439D-A411-F5D0DA2371F8}.Debug|Any CPU.Build.0 = Debug|Any CPU
		{F4493E3B-73D5-439D-A411-F5D0DA2371F8}.Release|Any CPU.ActiveCfg = Release|Any CPU
		{F4493E3B-73D5-439D-A411-F5D0DA2371F8}.Release|Any CPU.Build.0 = Release|Any CPU
	EndGlobalSection
	GlobalSection(SolutionProperties) = preSolution
		HideSolutionNode = FALSE
	EndGlobalSection
	GlobalSection(ExtensibilityGlobals) = postSolution
		SolutionGuid = {B44A7190-EA2D-4E05-BC7A-595619CFA945}
	EndGlobalSection
EndGlobal
